{
  "version": 4,
  "terraform_version": "1.2.9",
  "serial": 142,
  "lineage": "d316d4aa-b58f-2a35-f943-b435dda4ce5b",
  "outputs": {
    "cluster_ingress": {
      "value": "devsfcluster-56118b4b985711fc98241a723e4ef72a-0000.eu-de.containers.appdomain.cloud",
      "type": "string",
      "sensitive": true
    },
    "cluster_kubeconfig": {
      "value": "/home/anton/code/workspaces/current/105-ibm-vpc-openshift/.kube/005c88e909c307f05229dfa7187d3ddfdf805db9d99ed9cac2bb8707f5e50a02_dev_sf_cluster_k8sconfig/config.yml",
      "type": "string",
      "sensitive": true
    },
    "cluster_password": {
      "value": "06Pb0Szh3IA3Szb10G9PC1qo0FJ_mlSIu3pW6e77lHRg",
      "type": "string",
      "sensitive": true
    },
    "cluster_server_url": {
      "value": "https://c114-e.eu-de.containers.cloud.ibm.com:30439",
      "type": "string"
    },
    "cluster_token": {
      "value": "",
      "type": "string",
      "sensitive": true
    },
    "cluster_username": {
      "value": "apikey",
      "type": "string"
    }
  },
  "resources": [
    {
      "mode": "managed",
      "type": "local_file",
      "name": "output",
      "provider": "provider[\"registry.terraform.io/hashicorp/local\"]",
      "instances": [
        {
          "schema_version": 0,
          "attributes": {
            "content": "{\"cluster_ingress\":\"devsfcluster-56118b4b985711fc98241a723e4ef72a-0000.eu-de.containers.appdomain.cloud\",\"cluster_password\":\"06Pb0Szh3IA3Szb10G9PC1qo0FJ_mlSIu3pW6e77lHRg\",\"cluster_server_url\":\"https://c114-e.eu-de.containers.cloud.ibm.com:30439\",\"cluster_token\":\"\",\"cluster_username\":\"apikey\"}",
            "content_base64": null,
            "directory_permission": "0777",
            "file_permission": "0777",
            "filename": "/home/anton/code/workspaces/current/105-ibm-vpc-openshift/cluster.auto.tfvars.json",
            "id": "6ef3774d6467fd63ac69db2ddd943b4a518b5331",
            "sensitive_content": null,
            "source": null
          },
          "sensitive_attributes": [
            [
              {
                "type": "get_attr",
                "value": "content"
              }
            ]
          ],
          "private": "bnVsbA==",
          "dependencies": [
            "module.cluster.data.external.credentials",
            "module.cluster.data.external.dirs",
            "module.cluster.data.ibm_container_cluster_config.cluster",
            "module.cluster.data.ibm_container_cluster_config.cluster_admin",
            "module.cluster.data.ibm_container_vpc_cluster.config",
            "module.cluster.data.ibm_is_subnet.vpc_subnet",
            "module.cluster.data.ibm_is_vpc.vpc",
            "module.cluster.data.ibm_resource_group.resource_group",
            "module.cluster.ibm_container_vpc_cluster.cluster",
            "module.cluster.ibm_is_network_acl_rule.rules",
            "module.cluster.ibm_is_security_group_rule.rule_tcp_k8s",
            "module.cluster.null_resource.print_resources",
            "module.cluster_subnets.data.ibm_is_subnet.vpc_subnet",
            "module.cluster_subnets.data.ibm_is_vpc.vpc",
            "module.cluster_subnets.data.ibm_resource_group.resource_group",
            "module.cluster_subnets.ibm_is_network_acl.subnet_acl",
            "module.cluster_subnets.ibm_is_subnet.vpc_subnets",
            "module.cluster_subnets.null_resource.print_names",
            "module.cos.data.external.instance",
            "module.cos.data.ibm_resource_group.resource_group",
            "module.cos.data.ibm_resource_instance.cos_instance",
            "module.cos.ibm_resource_instance.cos_instance",
            "module.cos.ibm_resource_key.cos_credentials",
            "module.cos.module.clis.data.external.setup-binaries",
            "module.cos.module.clis.null_resource.print",
            "module.cos.module.clis.random_string.uuid",
            "module.cos.null_resource.print_names",
            "module.ibm-vpc-gateways.data.ibm_is_public_gateway.vpc_gateway",
            "module.ibm-vpc-gateways.data.ibm_is_vpc.vpc",
            "module.ibm-vpc-gateways.ibm_is_public_gateway.vpc_gateway",
            "module.ibm-vpc-gateways.null_resource.print_names",
            "module.ibm-vpc.data.ibm_resource_group.resource_group",
            "module.ibm-vpc.ibm_is_vpc.vpc",
            "module.ibm-vpc.ibm_is_vpc_address_prefix.cidr_prefix",
            "module.ibm-vpc.null_resource.print_names",
            "module.resource_group.data.ibm_resource_group.resource_group",
            "module.resource_group.module.clis.data.external.setup-binaries",
            "module.resource_group.module.clis.null_resource.print",
            "module.resource_group.module.clis.random_string.uuid",
            "module.resource_group.null_resource.resource_group",
            "module.resource_group.null_resource.volumes",
            "module.resource_group.null_resource.wait_for_sync",
            "module.resource_group.random_uuid.tag"
          ]
        }
      ]
    },
    {
      "module": "module.cluster",
      "mode": "data",
      "type": "external",
      "name": "credentials",
      "provider": "provider[\"registry.terraform.io/hashicorp/external\"]",
      "instances": [
        {
          "schema_version": 0,
          "attributes": {
            "id": "-",
            "program": [
              "bash",
              ".terraform/modules/cluster/scripts/get-credentials.sh"
            ],
            "query": {
              "ibmcloud_api_key": "06Pb0Szh3IA3Szb10G9PC1qo0FJ_mlSIu3pW6e77lHRg",
              "private_server_url": "https://c114.private.eu-de.containers.cloud.ibm.com:30439",
              "public_endpoint": "true",
              "public_server_url": "https://c114-e.eu-de.containers.cloud.ibm.com:30439",
              "token": "",
              "username": "apikey"
            },
            "result": {
              "password": "06Pb0Szh3IA3Szb10G9PC1qo0FJ_mlSIu3pW6e77lHRg",
              "server_url": "https://c114-e.eu-de.containers.cloud.ibm.com:30439",
              "token": "",
              "username": "apikey"
            },
            "working_dir": null
          },
          "sensitive_attributes": []
        }
      ]
    },
    {
      "module": "module.cluster",
      "mode": "data",
      "type": "external",
      "name": "dirs",
      "provider": "provider[\"registry.terraform.io/hashicorp/external\"]",
      "instances": [
        {
          "schema_version": 0,
          "attributes": {
            "id": "-",
            "program": [
              "bash",
              ".terraform/modules/cluster/scripts/create-dirs.sh"
            ],
            "query": {
              "cluster_config_dir": "/home/anton/code/workspaces/current/105-ibm-vpc-openshift/.kube",
              "sync": "dev_sf",
              "tmp_dir": "/home/anton/code/workspaces/current/105-ibm-vpc-openshift/.tmp"
            },
            "result": {
              "cluster_config_dir": "/home/anton/code/workspaces/current/105-ibm-vpc-openshift/.kube",
              "tmp_dir": "/home/anton/code/workspaces/current/105-ibm-vpc-openshift/.tmp"
            },
            "working_dir": null
          },
          "sensitive_attributes": []
        }
      ]
    },
    {
      "module": "module.cluster",
      "mode": "data",
      "type": "ibm_container_cluster_config",
      "name": "cluster",
      "provider": "provider[\"registry.terraform.io/ibm-cloud/ibm\"]",
      "instances": [
        {
          "index_key": 0,
          "schema_version": 0,
          "attributes": {
            "account_guid": null,
            "admin": false,
            "admin_certificate": "",
            "admin_key": "",
            "ca_certificate": "",
            "calico_config_file_path": null,
            "cluster_name_id": "dev_sf_cluster",
            "config_dir": "/home/anton/code/workspaces/current/105-ibm-vpc-openshift/.kube",
            "config_file_path": "/home/anton/code/workspaces/current/105-ibm-vpc-openshift/.kube/005c88e909c307f05229dfa7187d3ddfdf805db9d99ed9cac2bb8707f5e50a02_dev_sf_cluster_k8sconfig/config.yml",
            "download": true,
            "host": "https://c114-e.eu-de.containers.cloud.ibm.com:30439",
            "id": "dev_sf_cluster",
            "network": false,
            "org_guid": null,
            "region": null,
            "resource_group_id": "e999b6f0e8da434ba50b4beb97dc9ccb",
            "space_guid": null,
            "token": "sha256~LmgqI1tJsvThrAuKf1_abbnMTcY3h89h156f8Br_SJI"
          },
          "sensitive_attributes": []
        }
      ]
    },
    {
      "module": "module.cluster",
      "mode": "data",
      "type": "ibm_container_cluster_config",
      "name": "cluster_admin",
      "provider": "provider[\"registry.terraform.io/ibm-cloud/ibm\"]",
      "instances": [
        {
          "index_key": 0,
          "schema_version": 0,
          "attributes": {
            "account_guid": null,
            "admin": true,
            "admin_certificate": "-----BEGIN CERTIFICATE-----\nMIIDmzCCAoOgAwIBAgIUeB5v8Tew2Q7xHGlqjNob2ul1OqgwDQYJKoZIhvcNAQEL\nBQAwHTEbMBkGA1UEAxMScm9vdC1jYS0xNjcwOTc1MzM0MB4XDTIyMTIxMzIzNDUw\nMFoXDTI0MTIxMjIzNDUwMFowYjELMAkGA1UEBhMCVVMxFjAUBgNVBAgTDVNhbiBG\ncmFuY2lzY28xCzAJBgNVBAcTAkNBMRcwFQYDVQQKEw5zeXN0ZW06bWFzdGVyczEV\nMBMGA1UEAxMMc3lzdGVtOmFkbWluMIIBIjANBgkqhkiG9w0BAQEFAAOCAQ8AMIIB\nCgKCAQEA2MM/pJyYWAy3hTZUc4i7rZznAV5vUbY2VEDTB0a/OlF3dTPu0VaqzbxC\nvQhXMIECipjax+RRdFhUv8gV2XV3uqqSx95JOfpK3Y1OlyMZUSrnT+/dlGcq7PR7\nKhJXMbsFEyrHmasKTu6YiJ3yvkJUFiHlQBe+mOdM5LO8K1qpADEOhqHmFOEWxVEP\neW2ujwiZ/JVoTJOa6qrfQqBM5wPrRLf12YjXwdsoOmJYDwHUympg9BeX+e3eqmpf\nAImeOcLqSjDMQ85xYMYu7hWPg+/E8aW57B9JnG9SMd7C5KJLgfEeaJ4FzkcxczbB\nRRZcMrVUrZ35Xvc34NOEPK1GbtjEdQIDAQABo4GNMIGKMA4GA1UdDwEB/wQEAwIF\noDAdBgNVHSUEFjAUBggrBgEFBQcDAQYIKwYBBQUHAwIwDAYDVR0TAQH/BAIwADAd\nBgNVHQ4EFgQUGJ3SziyMjShBv4G8LHtfZtQ9IzkwHwYDVR0jBBgwFoAUcljRbU86\n48d9fOMUE8ay0K2xI5wwCwYDVR0RBAQwAoIAMA0GCSqGSIb3DQEBCwUAA4IBAQBT\n98shIhFXKJ36vUgSjWzg5w/O9uRLRVlBaFUSFTY8u3tULrjQv2PKXMAniukGN0jM\nWZVDkcSE+YCZat3trhm8kLL+EzUFXNBY6wmXuN3h4nR35kOXMFbW7m46brQVlwbt\n4wXX7hG9laH28neiRVVjJLb0afNYwIjyF8mT+DGFgkJC+n7fjbxUNqivCgFD2DSG\nkoVgL04CUA114Bz8ZSK+SCmMoVCdsU8Y8eX0kR6+Y3yljAN7sH1zc5zzrU9SYl6T\nubKn793karq8kDh0340+CQAImU+cmPRvC7btfyOAguF//bVvoa/5kZ3yApfh2qe8\nKUflJAJVUPVoSUQDRKPC\n-----END CERTIFICATE-----\n-----BEGIN CERTIFICATE-----\nMIIDCjCCAfKgAwIBAgIUL4qBgPMQLX+qdobNrxNsJJ7hoigwDQYJKoZIhvcNAQEL\nBQAwHTEbMBkGA1UEAxMScm9vdC1jYS0xNjcwOTc1MzM0MB4XDTIyMTIxMzIzNDUw\nMFoXDTMyMTIxMDIzNDUwMFowHTEbMBkGA1UEAxMScm9vdC1jYS0xNjcwOTc1MzM0\nMIIBIjANBgkqhkiG9w0BAQEFAAOCAQ8AMIIBCgKCAQEA2JPqBz7Rat1B/631YsdK\ndhRfgdszJRKzjPbMi6NEIYZ7Lme+h3aq2RnCllJjzyUVxT+47hqN/Ak/fFMJHNwP\nl/R8FdyzFgJxXKYCkgBkzQtZIHVqYH9gtF4EQsN3/SgXyJgrM7EmbOU5OqT0rq+8\nkA69nYsUNRIbbTcdFa2vDSH+5k1Z7Kbzr2gKePLz1+/jVPgppPePuAEGDJ4v/g0V\nbbPeMt19ADG0LxbScZGtS1dD98YdCruslxfgZ5X0sje8wk4ycYfGtAuYe8H69VBc\nrX2JFUZRzSx4XoUUD38/KMsZvOMvT8OCa8DS+N54UrsBBA6hapKlrTFOi26rFDAo\n1wIDAQABo0IwQDAOBgNVHQ8BAf8EBAMCAYYwDwYDVR0TAQH/BAUwAwEB/zAdBgNV\nHQ4EFgQUcljRbU8648d9fOMUE8ay0K2xI5wwDQYJKoZIhvcNAQELBQADggEBAIMB\nEKGFR+qZYSxYeRj0XVRDQi4gSWr2Mxq4/Ev2tacT16WC0yOHyo7ycZyV6bLpfuf0\nvjZFynlJ4nyYGDx6tOn3xRaAsXvDonNOaGsIagb8uFouZHBByyRzHiLk84vn3h/F\nKCC6hX2g+Zvumra2Xa5cJjCLmLWlAMjDJH5wKmFFTe4S/tdps/s5AtMNl1iyFKEy\nBtd3uUTSgwqfy7clAEpyJG+3rdx5tZbGZyU1xDC6Nxzu+1ld4wLxt5dEy3/kdFYv\n7yM/SWotuxnHYFGQbjYrukDrQtdlx3RNrz1o7dgBoGo2pSifJJk1mL1Ek0MDVHhS\nInb8FQxc9TDOCJ9C1/U=\n-----END CERTIFICATE-----\n",
            "admin_key": "-----BEGIN RSA PRIVATE KEY-----\nMIIEogIBAAKCAQEA2MM/pJyYWAy3hTZUc4i7rZznAV5vUbY2VEDTB0a/OlF3dTPu\n0VaqzbxCvQhXMIECipjax+RRdFhUv8gV2XV3uqqSx95JOfpK3Y1OlyMZUSrnT+/d\nlGcq7PR7KhJXMbsFEyrHmasKTu6YiJ3yvkJUFiHlQBe+mOdM5LO8K1qpADEOhqHm\nFOEWxVEPeW2ujwiZ/JVoTJOa6qrfQqBM5wPrRLf12YjXwdsoOmJYDwHUympg9BeX\n+e3eqmpfAImeOcLqSjDMQ85xYMYu7hWPg+/E8aW57B9JnG9SMd7C5KJLgfEeaJ4F\nzkcxczbBRRZcMrVUrZ35Xvc34NOEPK1GbtjEdQIDAQABAoIBAERlP0SqoKtPv+yJ\nmxYlc8qxMnbNHGT1EKl/Ftc57IbzQ7U4oMdvCFAIciqBYjmMy4d9+bKPCWCjqoIl\nGTfXh+LfhZcJPaPMpSjJOJ4Z1hg1aG1hq1HzR6ki72X0CY1IjK5ilj6XqJYFVR3u\ncLS16yBcq6CQnXRTr4COcfZgEelb/Kd7kRjw0BQz2hhhU2KG3cr03zuMYQc5Yp7z\nr/2+e5c6hOsT2qGWE672bqY3i2peC1aHRRmZYlPJJbadd7lyA7B7/NinlBBhbyRZ\n3Vfu0fj+7kFtTTLsUq4uFTy9BtEE4zhNjl3pJeOXGTZ5MxLjt20XKu89CYKEuJpx\nA/yePrUCgYEA7DFwxl6o2rXe62EXSinCo9+b9JRyiGpcZ+WdrCg3jVGITlEvDXlH\n9m3YAZz9osc3zgyGhZok3Vuusi6xinl0CzWn2lajgcO6NfMTbyNtn885CPBSNyRC\nloeEqMi2nBs3HtIm9bTTzFtcFX4hG5T68FJQMblyVnfSOrkGAg57w5sCgYEA6vCt\npOlDJzzLKOhsO55gtcDWHjUYQ15rCmFtDpXKdNTK6BKyYgp4Nz7dlWm1C0cIXNkA\nKNUjifC3OX5HXdUb9uFWInWWPAJYAJWUzhdw+b7xQzVSmrSRofJRcYMT1oub/9hq\nIVOBVkDOcTn5CKijIGtQ2Ye73KZE9AFvmkV4wS8CgYAtoie9y9An4XeeVnXfeE4I\nx00kZgHy5UnRMQXTmzmQbi49o2XJ3qLOs85GEYTXjFH112muKmfw9KO9/VOEA48u\nE0HI53BTw/MYNUyN7nRhqfHFDll0GedbmfdBfPX7Fy8BH20zj6pUE1qpNGNFJvWM\ntPqVgNTca+4MNm84un+i/QKBgE4gz34B3EUWIHFwKV4CIyMOB6Zv/auZoHsJPx0U\njwkfIoLehNe5p5SnoURorL4dVxiZSUZK6tCabjP+XHlFv1DwSpaXB+jY1q8LDzsh\n7H4BE3ZIKzorRirWzGK1Nkmoj64bJ+ABRweJ8Z0RrFFG00iap35Pdxe/azrBp31k\nEO4dAoGAZo58wSldrUFBE0Q8U3b5P1I7W5uwUULAup7ymBgDsYB4BbarStT+eHQa\nhwUvFiLeaCpiS0Z2SYCqzRLxWCZA5qcYw2MnQ/SuVffMWgs06tZ0JNg+aoBFnucY\nAKKrvPvPNOPRdkGRDAa0PMh8+xQGxUa3BQ9UL5R699GuEYJD1Lo=\n-----END RSA PRIVATE KEY-----\n",
            "ca_certificate": "",
            "calico_config_file_path": null,
            "cluster_name_id": "dev_sf_cluster",
            "config_dir": "/home/anton/code/workspaces/current/105-ibm-vpc-openshift/.kube",
            "config_file_path": "/home/anton/code/workspaces/current/105-ibm-vpc-openshift/.kube/005c88e909c307f05229dfa7187d3ddfdf805db9d99ed9cac2bb8707f5e50a02_dev_sf_cluster_admin_k8sconfig/config.yml",
            "download": true,
            "host": "https://c114-e.eu-de.containers.cloud.ibm.com:30439",
            "id": "dev_sf_cluster",
            "network": false,
            "org_guid": null,
            "region": null,
            "resource_group_id": "e999b6f0e8da434ba50b4beb97dc9ccb",
            "space_guid": null,
            "token": "sha256~_vaANYU5zxMC7sl5L7znx8VIJ_ZDdotP8FKm2wWBSQo"
          },
          "sensitive_attributes": []
        }
      ]
    },
    {
      "module": "module.cluster",
      "mode": "data",
      "type": "ibm_container_cluster_versions",
      "name": "cluster_versions",
      "provider": "provider[\"registry.terraform.io/ibm-cloud/ibm\"]",
      "instances": [
        {
          "schema_version": 0,
          "attributes": {
            "account_guid": null,
            "id": "2022-12-13 23:46:19.171320008 +0000 UTC",
            "org_guid": null,
            "region": null,
            "resource_group_id": "e999b6f0e8da434ba50b4beb97dc9ccb",
            "space_guid": null,
            "valid_kube_versions": [
              "1.22.16",
              "1.23.14",
              "1.24.8",
              "1.25.4"
            ],
            "valid_openshift_versions": [
              "4.7.59",
              "4.8.52",
              "4.9.51",
              "4.10.39",
              "4.11.12"
            ]
          },
          "sensitive_attributes": []
        }
      ]
    },
    {
      "module": "module.cluster",
      "mode": "data",
      "type": "ibm_container_vpc_cluster",
      "name": "config",
      "provider": "provider[\"registry.terraform.io/ibm-cloud/ibm\"]",
      "instances": [
        {
          "schema_version": 0,
          "attributes": {
            "alb_type": "public",
            "albs": null,
            "api_key_id": "IBMid-310001S8XR",
            "api_key_owner_email": "awhalley@ie.ibm.com",
            "api_key_owner_name": "ANTHONY WHALLEY",
            "cluster_name_id": null,
            "crn": "crn:v1:bluemix:public:containers-kubernetes:eu-de:a/f2d7386c3c18406b9e2eed413aa7d007:cecgtqdf00qdkg190040::",
            "health": "normal",
            "id": "cecgtqdf00qdkg190040",
            "image_security_enforcement": false,
            "ingress_hostname": "devsfcluster-56118b4b985711fc98241a723e4ef72a-0000.eu-de.containers.appdomain.cloud",
            "ingress_secret": "devsfcluster-56118b4b985711fc98241a723e4ef72a-0000",
            "kube_version": "4.10.39_openshift",
            "master_url": "https://c114-e.eu-de.containers.cloud.ibm.com:30439",
            "name": "dev_sf_cluster",
            "pod_subnet": "172.17.0.0/18",
            "private_service_endpoint": true,
            "private_service_endpoint_url": "https://c114.private.eu-de.containers.cloud.ibm.com:30439",
            "public_service_endpoint": true,
            "public_service_endpoint_url": "https://c114-e.eu-de.containers.cloud.ibm.com:30439",
            "resource_controller_url": "https://cloud.ibm.com/kubernetes/clusters",
            "resource_crn": "crn:v1:bluemix:public:containers-kubernetes:eu-de:a/f2d7386c3c18406b9e2eed413aa7d007:cecgtqdf00qdkg190040::",
            "resource_group_id": "e999b6f0e8da434ba50b4beb97dc9ccb",
            "resource_group_name": "dev_sf",
            "resource_name": "dev_sf_cluster",
            "resource_status": "normal",
            "service_subnet": "172.21.0.0/16",
            "state": "normal",
            "status": "Ready",
            "tags": [],
            "worker_count": 3,
            "worker_pools": [
              {
                "flavor": "bx2.8x32",
                "host_pool_id": "",
                "id": "cecgtqdf00qdkg190040-e866baf",
                "isolation": "public",
                "labels": {
                  "ibm-cloud.kubernetes.io/worker-pool-id": "cecgtqdf00qdkg190040-e866baf"
                },
                "name": "default",
                "state": "",
                "worker_count": 3,
                "zones": [
                  {
                    "subnets": [
                      {
                        "id": "02b7-cbe36f77-ae0f-489b-8ebd-306c42da8a60",
                        "primary": true
                      }
                    ],
                    "worker_count": 3,
                    "zone": "eu-de-1"
                  }
                ]
              }
            ],
            "workers": [
              "kube-cecgtqdf00qdkg190040-devsfcluste-default-00000104",
              "kube-cecgtqdf00qdkg190040-devsfcluste-default-00000288",
              "kube-cecgtqdf00qdkg190040-devsfcluste-default-000003ee"
            ]
          },
          "sensitive_attributes": []
        }
      ]
    },
    {
      "module": "module.cluster",
      "mode": "data",
      "type": "ibm_container_vpc_cluster_worker",
      "name": "workers",
      "provider": "provider[\"registry.terraform.io/ibm-cloud/ibm\"]",
      "instances": [
        {
          "index_key": 0,
          "schema_version": 0,
          "attributes": {
            "cluster_name_id": "cecgtqdf00qdkg190040",
            "flavor": "bx2.8x32",
            "host_pool_id": "",
            "id": "kube-cecgtqdf00qdkg190040-devsfcluste-default-00000104",
            "kube_version": "4.10.43_1547_openshift",
            "network_interfaces": [
              {
                "cidr": "10.243.0.0/24",
                "ip_address": "10.243.0.4",
                "subnet_id": "02b7-cbe36f77-ae0f-489b-8ebd-306c42da8a60"
              }
            ],
            "pool_id": "cecgtqdf00qdkg190040-e866baf",
            "pool_name": "default",
            "resource_controller_url": "https://cloud.ibm.com/kubernetes/clusters",
            "resource_group_id": null,
            "state": "normal",
            "worker_id": "kube-cecgtqdf00qdkg190040-devsfcluste-default-00000104"
          },
          "sensitive_attributes": []
        },
        {
          "index_key": 1,
          "schema_version": 0,
          "attributes": {
            "cluster_name_id": "cecgtqdf00qdkg190040",
            "flavor": "bx2.8x32",
            "host_pool_id": "",
            "id": "kube-cecgtqdf00qdkg190040-devsfcluste-default-00000288",
            "kube_version": "4.10.43_1547_openshift",
            "network_interfaces": [
              {
                "cidr": "10.243.0.0/24",
                "ip_address": "10.243.0.6",
                "subnet_id": "02b7-cbe36f77-ae0f-489b-8ebd-306c42da8a60"
              }
            ],
            "pool_id": "cecgtqdf00qdkg190040-e866baf",
            "pool_name": "default",
            "resource_controller_url": "https://cloud.ibm.com/kubernetes/clusters",
            "resource_group_id": null,
            "state": "normal",
            "worker_id": "kube-cecgtqdf00qdkg190040-devsfcluste-default-00000288"
          },
          "sensitive_attributes": []
        },
        {
          "index_key": 2,
          "schema_version": 0,
          "attributes": {
            "cluster_name_id": "cecgtqdf00qdkg190040",
            "flavor": "bx2.8x32",
            "host_pool_id": "",
            "id": "kube-cecgtqdf00qdkg190040-devsfcluste-default-000003ee",
            "kube_version": "4.10.43_1547_openshift",
            "network_interfaces": [
              {
                "cidr": "10.243.0.0/24",
                "ip_address": "10.243.0.5",
                "subnet_id": "02b7-cbe36f77-ae0f-489b-8ebd-306c42da8a60"
              }
            ],
            "pool_id": "cecgtqdf00qdkg190040-e866baf",
            "pool_name": "default",
            "resource_controller_url": "https://cloud.ibm.com/kubernetes/clusters",
            "resource_group_id": null,
            "state": "normal",
            "worker_id": "kube-cecgtqdf00qdkg190040-devsfcluste-default-000003ee"
          },
          "sensitive_attributes": []
        }
      ]
    },
    {
      "module": "module.cluster",
      "mode": "data",
      "type": "ibm_is_subnet",
      "name": "vpc_subnet",
      "provider": "provider[\"registry.terraform.io/ibm-cloud/ibm\"]",
      "instances": [
        {
          "index_key": 0,
          "schema_version": 0,
          "attributes": {
            "access_tags": [],
            "available_ipv4_address_count": 251,
            "crn": "crn:v1:bluemix:public:is:eu-de-1:a/f2d7386c3c18406b9e2eed413aa7d007::subnet:02b7-cbe36f77-ae0f-489b-8ebd-306c42da8a60",
            "id": "02b7-cbe36f77-ae0f-489b-8ebd-306c42da8a60",
            "identifier": "02b7-cbe36f77-ae0f-489b-8ebd-306c42da8a60",
            "ipv4_cidr_block": "10.243.0.0/24",
            "name": "dev-sf-service-vpc-subnet-default01",
            "network_acl": "r010-3866b96d-aef2-4c18-ad0d-58d045aaac34",
            "public_gateway": "r010-b9e5689a-df26-41da-9fd0-84a081255d02",
            "resource_controller_url": "https://cloud.ibm.com/vpc-ext/network/subnets",
            "resource_crn": "crn:v1:bluemix:public:is:eu-de-1:a/f2d7386c3c18406b9e2eed413aa7d007::subnet:02b7-cbe36f77-ae0f-489b-8ebd-306c42da8a60",
            "resource_group": "e999b6f0e8da434ba50b4beb97dc9ccb",
            "resource_group_name": "dev_sf",
            "resource_name": "dev-sf-service-vpc-subnet-default01",
            "resource_status": "available",
            "routing_table": [
              {
                "deleted": [],
                "href": "https://eu-de.iaas.cloud.ibm.com/v1/vpcs/r010-362ab55d-56ed-46ce-afe2-21cf949a10eb/routing_tables/r010-4813eb5c-bf7b-4822-8d1e-8db339f0a845",
                "id": "r010-4813eb5c-bf7b-4822-8d1e-8db339f0a845",
                "name": "dev-sf-service-vpc-default",
                "resource_type": "routing_table"
              }
            ],
            "status": "available",
            "tags": [],
            "total_ipv4_address_count": 256,
            "vpc": "r010-362ab55d-56ed-46ce-afe2-21cf949a10eb",
            "vpc_name": "dev-sf-service-vpc",
            "zone": "eu-de-1"
          },
          "sensitive_attributes": []
        }
      ]
    },
    {
      "module": "module.cluster",
      "mode": "data",
      "type": "ibm_is_vpc",
      "name": "vpc",
      "provider": "provider[\"registry.terraform.io/ibm-cloud/ibm\"]",
      "instances": [
        {
          "index_key": 0,
          "schema_version": 0,
          "attributes": {
            "classic_access": false,
            "crn": "crn:v1:bluemix:public:is:eu-de:a/f2d7386c3c18406b9e2eed413aa7d007::vpc:r010-362ab55d-56ed-46ce-afe2-21cf949a10eb",
            "cse_source_addresses": [
              {
                "address": "10.16.201.1",
                "zone_name": "eu-de-1"
              },
              {
                "address": "10.16.209.66",
                "zone_name": "eu-de-2"
              },
              {
                "address": "10.223.57.195",
                "zone_name": "eu-de-3"
              }
            ],
            "default_network_acl": "r010-46cdae48-1b5a-4bcc-9030-6179c2b7ac11",
            "default_network_acl_crn": "crn:v1:bluemix:public:is:eu-de:a/f2d7386c3c18406b9e2eed413aa7d007::network-acl:r010-46cdae48-1b5a-4bcc-9030-6179c2b7ac11",
            "default_network_acl_name": "dev-sf-service-vpc-default",
            "default_routing_table": "r010-4813eb5c-bf7b-4822-8d1e-8db339f0a845",
            "default_routing_table_name": "dev-sf-service-vpc-default",
            "default_security_group": "r010-d764d494-fbb8-4269-99fb-2ad38e539d30",
            "default_security_group_crn": "crn:v1:bluemix:public:is:eu-de:a/f2d7386c3c18406b9e2eed413aa7d007::security-group:r010-d764d494-fbb8-4269-99fb-2ad38e539d30",
            "default_security_group_name": "dev-sf-service-vpc-default",
            "id": "r010-362ab55d-56ed-46ce-afe2-21cf949a10eb",
            "identifier": "r010-362ab55d-56ed-46ce-afe2-21cf949a10eb",
            "name": "dev-sf-service-vpc",
            "resource_controller_url": "https://cloud.ibm.com/vpc-ext/network/vpcs",
            "resource_crn": "crn:v1:bluemix:public:is:eu-de:a/f2d7386c3c18406b9e2eed413aa7d007::vpc:r010-362ab55d-56ed-46ce-afe2-21cf949a10eb",
            "resource_group": "e999b6f0e8da434ba50b4beb97dc9ccb",
            "resource_group_name": "dev_sf",
            "resource_name": "dev-sf-service-vpc",
            "resource_status": "available",
            "security_group": [
              {
                "group_id": "r010-6b095e75-b538-4841-9a26-db266ae7598b",
                "group_name": "dev-sf-service-vpc-base",
                "rules": []
              },
              {
                "group_id": "r010-d764d494-fbb8-4269-99fb-2ad38e539d30",
                "group_name": "dev-sf-service-vpc-default",
                "rules": [
                  {
                    "code": 0,
                    "direction": "outbound",
                    "ip_version": "ipv4",
                    "port_max": 0,
                    "port_min": 0,
                    "protocol": "all",
                    "remote": "0.0.0.0/0",
                    "rule_id": "r010-d581eeff-da31-4012-a756-28b962975a66",
                    "type": 0
                  },
                  {
                    "code": 0,
                    "direction": "inbound",
                    "ip_version": "ipv4",
                    "port_max": 0,
                    "port_min": 0,
                    "protocol": "all",
                    "remote": "r010-d764d494-fbb8-4269-99fb-2ad38e539d30",
                    "rule_id": "r010-e13040d6-88f1-4286-bf08-94f64771ad85",
                    "type": 0
                  },
                  {
                    "code": 0,
                    "direction": "inbound",
                    "ip_version": "ipv4",
                    "port_max": 0,
                    "port_min": 0,
                    "protocol": "icmp",
                    "remote": "0.0.0.0/0",
                    "rule_id": "r010-e893a2e8-5d3e-4190-a12e-85dfd18eb752",
                    "type": 8
                  },
                  {
                    "code": 0,
                    "direction": "inbound",
                    "ip_version": "ipv4",
                    "port_max": 80,
                    "port_min": 80,
                    "protocol": "tcp",
                    "remote": "0.0.0.0/0",
                    "rule_id": "r010-6ff4e0eb-b429-44e1-a616-7250ef5ba97c",
                    "type": 0
                  }
                ]
              }
            ],
            "status": "available",
            "subnets": [],
            "tags": []
          },
          "sensitive_attributes": []
        }
      ]
    },
    {
      "module": "module.cluster",
      "mode": "data",
      "type": "ibm_resource_group",
      "name": "resource_group",
      "provider": "provider[\"registry.terraform.io/ibm-cloud/ibm\"]",
      "instances": [
        {
          "schema_version": 0,
          "attributes": {
            "account_id": "f2d7386c3c18406b9e2eed413aa7d007",
            "created_at": "2022-12-13T23:45:52.415Z",
            "crn": "crn:v1:bluemix:public:resource-controller::a/f2d7386c3c18406b9e2eed413aa7d007::resource-group:e999b6f0e8da434ba50b4beb97dc9ccb",
            "id": "e999b6f0e8da434ba50b4beb97dc9ccb",
            "is_default": false,
            "name": "dev_sf",
            "payment_methods_url": null,
            "quota_id": "a3d7b8d01e261c24677937c29ab33f3c",
            "quota_url": "/v2/quota_definitions/a3d7b8d01e261c24677937c29ab33f3c",
            "resource_linkages": [],
            "state": "ACTIVE",
            "teams_url": null,
            "updated_at": "2022-12-13T23:45:52.415Z"
          },
          "sensitive_attributes": []
        }
      ]
    },
    {
      "module": "module.cluster",
      "mode": "managed",
      "type": "ibm_container_vpc_cluster",
      "name": "cluster",
      "provider": "provider[\"registry.terraform.io/ibm-cloud/ibm\"]",
      "instances": [
        {
          "index_key": 0,
          "schema_version": 0,
          "attributes": {
            "albs": [],
            "cos_instance_crn": "crn:v1:bluemix:public:cloud-object-storage:global:a/f2d7386c3c18406b9e2eed413aa7d007:15ffbde9-9927-4170-9e8b-97bc09bebd41::",
            "crk": null,
            "crn": "crn:v1:bluemix:public:containers-kubernetes:eu-de:a/f2d7386c3c18406b9e2eed413aa7d007:cecgtqdf00qdkg190040::",
            "disable_public_service_endpoint": false,
            "entitlement": "cloud_pak",
            "flavor": "bx2.8x32",
            "force_delete_storage": false,
            "host_pool_id": "",
            "id": "cecgtqdf00qdkg190040",
            "image_security_enforcement": false,
            "ingress_hostname": "devsfcluster-56118b4b985711fc98241a723e4ef72a-0000.eu-de.containers.appdomain.cloud",
            "ingress_secret": "devsfcluster-56118b4b985711fc98241a723e4ef72a-0000",
            "kms_config": [],
            "kms_instance_id": null,
            "kube_version": "4.10.39_openshift",
            "master_status": "Ready",
            "master_url": "https://c114-e.eu-de.containers.cloud.ibm.com:30439",
            "name": "dev_sf_cluster",
            "patch_version": null,
            "pod_subnet": "172.17.0.0/18",
            "private_service_endpoint_url": "https://c114.private.eu-de.containers.cloud.ibm.com:30439",
            "public_service_endpoint_url": "https://c114-e.eu-de.containers.cloud.ibm.com:30439",
            "resource_controller_url": "https://cloud.ibm.com/kubernetes/clusters",
            "resource_crn": "crn:v1:bluemix:public:containers-kubernetes:eu-de:a/f2d7386c3c18406b9e2eed413aa7d007:cecgtqdf00qdkg190040::",
            "resource_group_id": "e999b6f0e8da434ba50b4beb97dc9ccb",
            "resource_group_name": "dev_sf",
            "resource_name": "dev_sf_cluster",
            "resource_status": "normal",
            "retry_patch_version": null,
            "service_subnet": "172.21.0.0/16",
            "state": "normal",
            "tags": [],
            "taints": [],
            "timeouts": {
              "create": "120m",
              "delete": "90m",
              "update": "60m"
            },
            "update_all_workers": false,
            "vpc_id": "r010-362ab55d-56ed-46ce-afe2-21cf949a10eb",
            "wait_for_worker_update": true,
            "wait_till": "IngressReady",
            "worker_count": 3,
            "worker_labels": {},
            "zones": [
              {
                "name": "eu-de-1",
                "subnet_id": "02b7-cbe36f77-ae0f-489b-8ebd-306c42da8a60"
              }
            ]
          },
          "sensitive_attributes": [],
          "private": "eyJlMmJmYjczMC1lY2FhLTExZTYtOGY4OC0zNDM2M2JjN2M0YzAiOnsiY3JlYXRlIjo3MjAwMDAwMDAwMDAwLCJkZWxldGUiOjU0MDAwMDAwMDAwMDAsInVwZGF0ZSI6MzYwMDAwMDAwMDAwMH19",
          "dependencies": [
            "module.cluster.data.ibm_is_subnet.vpc_subnet",
            "module.cluster.data.ibm_is_vpc.vpc",
            "module.cluster.data.ibm_resource_group.resource_group",
            "module.cluster.ibm_is_network_acl_rule.rules",
            "module.cluster.null_resource.print_resources",
            "module.cluster_subnets.data.ibm_is_subnet.vpc_subnet",
            "module.cluster_subnets.data.ibm_is_vpc.vpc",
            "module.cluster_subnets.data.ibm_resource_group.resource_group",
            "module.cluster_subnets.ibm_is_network_acl.subnet_acl",
            "module.cluster_subnets.ibm_is_subnet.vpc_subnets",
            "module.cluster_subnets.null_resource.print_names",
            "module.cos.data.external.instance",
            "module.cos.data.ibm_resource_group.resource_group",
            "module.cos.data.ibm_resource_instance.cos_instance",
            "module.cos.ibm_resource_instance.cos_instance",
            "module.cos.ibm_resource_key.cos_credentials",
            "module.cos.module.clis.data.external.setup-binaries",
            "module.cos.module.clis.null_resource.print",
            "module.cos.module.clis.random_string.uuid",
            "module.cos.null_resource.print_names",
            "module.ibm-vpc-gateways.data.ibm_is_public_gateway.vpc_gateway",
            "module.ibm-vpc-gateways.data.ibm_is_vpc.vpc",
            "module.ibm-vpc-gateways.ibm_is_public_gateway.vpc_gateway",
            "module.ibm-vpc-gateways.null_resource.print_names",
            "module.ibm-vpc.data.ibm_resource_group.resource_group",
            "module.ibm-vpc.ibm_is_vpc.vpc",
            "module.ibm-vpc.ibm_is_vpc_address_prefix.cidr_prefix",
            "module.ibm-vpc.null_resource.print_names",
            "module.resource_group.data.ibm_resource_group.resource_group",
            "module.resource_group.module.clis.data.external.setup-binaries",
            "module.resource_group.module.clis.null_resource.print",
            "module.resource_group.module.clis.random_string.uuid",
            "module.resource_group.null_resource.resource_group",
            "module.resource_group.null_resource.volumes",
            "module.resource_group.null_resource.wait_for_sync",
            "module.resource_group.random_uuid.tag"
          ]
        }
      ]
    },
    {
      "module": "module.cluster",
      "mode": "managed",
      "type": "ibm_is_network_acl_rule",
      "name": "rules",
      "provider": "provider[\"registry.terraform.io/ibm-cloud/ibm\"]",
      "instances": [
        {
          "index_key": 0,
          "schema_version": 0,
          "attributes": {
            "action": "allow",
            "before": "48c86f71-08a0-45c0-b73c-b30967446a5a",
            "destination": "0.0.0.0/0",
            "direction": "inbound",
            "href": "https://eu-de.iaas.cloud.ibm.com/v1/network_acls/r010-3866b96d-aef2-4c18-ad0d-58d045aaac34/rules/254774fc-b7eb-4a5d-99ba-7d91cdca3f97",
            "icmp": [],
            "id": "r010-3866b96d-aef2-4c18-ad0d-58d045aaac34/254774fc-b7eb-4a5d-99ba-7d91cdca3f97",
            "ip_version": "ipv4",
            "name": "allow-all-ingress",
            "network_acl": "r010-3866b96d-aef2-4c18-ad0d-58d045aaac34",
            "protocol": "all",
            "rule_id": "254774fc-b7eb-4a5d-99ba-7d91cdca3f97",
            "source": "0.0.0.0/0",
            "tcp": [],
            "timeouts": null,
            "udp": []
          },
          "sensitive_attributes": [],
          "private": "eyJlMmJmYjczMC1lY2FhLTExZTYtOGY4OC0zNDM2M2JjN2M0YzAiOnsiY3JlYXRlIjo2MDAwMDAwMDAwMDAsImRlbGV0ZSI6NjAwMDAwMDAwMDAwfX0=",
          "dependencies": [
            "module.cluster.data.ibm_is_subnet.vpc_subnet",
            "module.cluster_subnets.data.ibm_is_subnet.vpc_subnet",
            "module.cluster_subnets.data.ibm_is_vpc.vpc",
            "module.cluster_subnets.data.ibm_resource_group.resource_group",
            "module.cluster_subnets.ibm_is_network_acl.subnet_acl",
            "module.cluster_subnets.ibm_is_subnet.vpc_subnets",
            "module.cluster_subnets.null_resource.print_names",
            "module.ibm-vpc-gateways.data.ibm_is_public_gateway.vpc_gateway",
            "module.ibm-vpc-gateways.data.ibm_is_vpc.vpc",
            "module.ibm-vpc-gateways.ibm_is_public_gateway.vpc_gateway",
            "module.ibm-vpc-gateways.null_resource.print_names",
            "module.ibm-vpc.data.ibm_resource_group.resource_group",
            "module.ibm-vpc.ibm_is_vpc.vpc",
            "module.ibm-vpc.ibm_is_vpc_address_prefix.cidr_prefix",
            "module.ibm-vpc.null_resource.print_names",
            "module.resource_group.data.ibm_resource_group.resource_group",
            "module.resource_group.module.clis.data.external.setup-binaries",
            "module.resource_group.module.clis.null_resource.print",
            "module.resource_group.module.clis.random_string.uuid",
            "module.resource_group.null_resource.resource_group",
            "module.resource_group.null_resource.volumes",
            "module.resource_group.null_resource.wait_for_sync",
            "module.resource_group.random_uuid.tag"
          ]
        },
        {
          "index_key": 1,
          "schema_version": 0,
          "attributes": {
            "action": "allow",
            "before": null,
            "destination": "0.0.0.0/0",
            "direction": "outbound",
            "href": "https://eu-de.iaas.cloud.ibm.com/v1/network_acls/r010-3866b96d-aef2-4c18-ad0d-58d045aaac34/rules/48c86f71-08a0-45c0-b73c-b30967446a5a",
            "icmp": [],
            "id": "r010-3866b96d-aef2-4c18-ad0d-58d045aaac34/48c86f71-08a0-45c0-b73c-b30967446a5a",
            "ip_version": "ipv4",
            "name": "allow-all-egress",
            "network_acl": "r010-3866b96d-aef2-4c18-ad0d-58d045aaac34",
            "protocol": "all",
            "rule_id": "48c86f71-08a0-45c0-b73c-b30967446a5a",
            "source": "0.0.0.0/0",
            "tcp": [],
            "timeouts": null,
            "udp": []
          },
          "sensitive_attributes": [],
          "private": "eyJlMmJmYjczMC1lY2FhLTExZTYtOGY4OC0zNDM2M2JjN2M0YzAiOnsiY3JlYXRlIjo2MDAwMDAwMDAwMDAsImRlbGV0ZSI6NjAwMDAwMDAwMDAwfX0=",
          "dependencies": [
            "module.cluster.data.ibm_is_subnet.vpc_subnet",
            "module.cluster_subnets.data.ibm_is_subnet.vpc_subnet",
            "module.cluster_subnets.data.ibm_is_vpc.vpc",
            "module.cluster_subnets.data.ibm_resource_group.resource_group",
            "module.cluster_subnets.ibm_is_network_acl.subnet_acl",
            "module.cluster_subnets.ibm_is_subnet.vpc_subnets",
            "module.cluster_subnets.null_resource.print_names",
            "module.ibm-vpc-gateways.data.ibm_is_public_gateway.vpc_gateway",
            "module.ibm-vpc-gateways.data.ibm_is_vpc.vpc",
            "module.ibm-vpc-gateways.ibm_is_public_gateway.vpc_gateway",
            "module.ibm-vpc-gateways.null_resource.print_names",
            "module.ibm-vpc.data.ibm_resource_group.resource_group",
            "module.ibm-vpc.ibm_is_vpc.vpc",
            "module.ibm-vpc.ibm_is_vpc_address_prefix.cidr_prefix",
            "module.ibm-vpc.null_resource.print_names",
            "module.resource_group.data.ibm_resource_group.resource_group",
            "module.resource_group.module.clis.data.external.setup-binaries",
            "module.resource_group.module.clis.null_resource.print",
            "module.resource_group.module.clis.random_string.uuid",
            "module.resource_group.null_resource.resource_group",
            "module.resource_group.null_resource.volumes",
            "module.resource_group.null_resource.wait_for_sync",
            "module.resource_group.random_uuid.tag"
          ]
        }
      ]
    },
    {
      "module": "module.cluster",
      "mode": "managed",
      "type": "ibm_is_security_group_rule",
      "name": "default_inbound_http",
      "provider": "provider[\"registry.terraform.io/ibm-cloud/ibm\"]",
      "instances": [
        {
          "index_key": 0,
          "schema_version": 0,
          "attributes": {
            "direction": "inbound",
            "group": "r010-d764d494-fbb8-4269-99fb-2ad38e539d30",
            "icmp": [],
            "id": "r010-d764d494-fbb8-4269-99fb-2ad38e539d30.r010-e3f02c5f-4c95-4d02-ac8a-fc84ef389033",
            "ip_version": "ipv4",
            "protocol": "tcp",
            "related_crn": "crn:v1:bluemix:public:is:eu-de:a/f2d7386c3c18406b9e2eed413aa7d007::security-group:r010-d764d494-fbb8-4269-99fb-2ad38e539d30",
            "remote": "0.0.0.0/0",
            "rule_id": "r010-e3f02c5f-4c95-4d02-ac8a-fc84ef389033",
            "tcp": [
              {
                "port_max": 80,
                "port_min": 80
              }
            ],
            "udp": []
          },
          "sensitive_attributes": [],
          "private": "bnVsbA==",
          "dependencies": [
            "module.cluster.data.ibm_is_vpc.vpc",
            "module.cluster.null_resource.print_resources",
            "module.cluster_subnets.null_resource.print_names",
            "module.cos.data.external.instance",
            "module.cos.data.ibm_resource_group.resource_group",
            "module.cos.data.ibm_resource_instance.cos_instance",
            "module.cos.ibm_resource_instance.cos_instance",
            "module.cos.ibm_resource_key.cos_credentials",
            "module.cos.module.clis.data.external.setup-binaries",
            "module.cos.module.clis.null_resource.print",
            "module.cos.module.clis.random_string.uuid",
            "module.cos.null_resource.print_names",
            "module.ibm-vpc.data.ibm_resource_group.resource_group",
            "module.ibm-vpc.ibm_is_vpc.vpc",
            "module.ibm-vpc.ibm_is_vpc_address_prefix.cidr_prefix",
            "module.ibm-vpc.null_resource.print_names",
            "module.resource_group.module.clis.data.external.setup-binaries",
            "module.resource_group.module.clis.null_resource.print",
            "module.resource_group.module.clis.random_string.uuid",
            "module.resource_group.null_resource.resource_group",
            "module.resource_group.null_resource.volumes",
            "module.resource_group.null_resource.wait_for_sync",
            "module.resource_group.random_uuid.tag"
          ]
        }
      ]
    },
    {
      "module": "module.cluster",
      "mode": "managed",
      "type": "ibm_is_security_group_rule",
      "name": "default_inbound_https",
      "provider": "provider[\"registry.terraform.io/ibm-cloud/ibm\"]",
      "instances": [
        {
          "index_key": 0,
          "schema_version": 0,
          "attributes": {
            "direction": "inbound",
            "group": "r010-d764d494-fbb8-4269-99fb-2ad38e539d30",
            "icmp": [],
            "id": "r010-d764d494-fbb8-4269-99fb-2ad38e539d30.r010-2665740b-df89-4bd9-8174-732d11f5f640",
            "ip_version": "ipv4",
            "protocol": "tcp",
            "related_crn": "crn:v1:bluemix:public:is:eu-de:a/f2d7386c3c18406b9e2eed413aa7d007::security-group:r010-d764d494-fbb8-4269-99fb-2ad38e539d30",
            "remote": "0.0.0.0/0",
            "rule_id": "r010-2665740b-df89-4bd9-8174-732d11f5f640",
            "tcp": [
              {
                "port_max": 443,
                "port_min": 443
              }
            ],
            "udp": []
          },
          "sensitive_attributes": [],
          "private": "bnVsbA==",
          "dependencies": [
            "module.cluster.data.ibm_is_vpc.vpc",
            "module.cluster.null_resource.print_resources",
            "module.cluster_subnets.null_resource.print_names",
            "module.cos.data.external.instance",
            "module.cos.data.ibm_resource_group.resource_group",
            "module.cos.data.ibm_resource_instance.cos_instance",
            "module.cos.ibm_resource_instance.cos_instance",
            "module.cos.ibm_resource_key.cos_credentials",
            "module.cos.module.clis.data.external.setup-binaries",
            "module.cos.module.clis.null_resource.print",
            "module.cos.module.clis.random_string.uuid",
            "module.cos.null_resource.print_names",
            "module.ibm-vpc.data.ibm_resource_group.resource_group",
            "module.ibm-vpc.ibm_is_vpc.vpc",
            "module.ibm-vpc.ibm_is_vpc_address_prefix.cidr_prefix",
            "module.ibm-vpc.null_resource.print_names",
            "module.resource_group.module.clis.data.external.setup-binaries",
            "module.resource_group.module.clis.null_resource.print",
            "module.resource_group.module.clis.random_string.uuid",
            "module.resource_group.null_resource.resource_group",
            "module.resource_group.null_resource.volumes",
            "module.resource_group.null_resource.wait_for_sync",
            "module.resource_group.random_uuid.tag"
          ]
        }
      ]
    },
    {
      "module": "module.cluster",
      "mode": "managed",
      "type": "ibm_is_security_group_rule",
      "name": "default_inbound_ping",
      "provider": "provider[\"registry.terraform.io/ibm-cloud/ibm\"]",
      "instances": [
        {
          "index_key": 0,
          "schema_version": 0,
          "attributes": {
            "direction": "inbound",
            "group": "r010-d764d494-fbb8-4269-99fb-2ad38e539d30",
            "icmp": [
              {
                "code": 0,
                "type": 8
              }
            ],
            "id": "r010-d764d494-fbb8-4269-99fb-2ad38e539d30.r010-14799f0e-d2f9-4438-a71e-ea63ce3127fd",
            "ip_version": "ipv4",
            "protocol": "icmp",
            "related_crn": "crn:v1:bluemix:public:is:eu-de:a/f2d7386c3c18406b9e2eed413aa7d007::security-group:r010-d764d494-fbb8-4269-99fb-2ad38e539d30",
            "remote": "0.0.0.0/0",
            "rule_id": "r010-14799f0e-d2f9-4438-a71e-ea63ce3127fd",
            "tcp": [],
            "udp": []
          },
          "sensitive_attributes": [],
          "private": "bnVsbA==",
          "dependencies": [
            "module.cluster.data.ibm_is_vpc.vpc",
            "module.cluster.null_resource.print_resources",
            "module.cluster_subnets.null_resource.print_names",
            "module.cos.data.external.instance",
            "module.cos.data.ibm_resource_group.resource_group",
            "module.cos.data.ibm_resource_instance.cos_instance",
            "module.cos.ibm_resource_instance.cos_instance",
            "module.cos.ibm_resource_key.cos_credentials",
            "module.cos.module.clis.data.external.setup-binaries",
            "module.cos.module.clis.null_resource.print",
            "module.cos.module.clis.random_string.uuid",
            "module.cos.null_resource.print_names",
            "module.ibm-vpc.data.ibm_resource_group.resource_group",
            "module.ibm-vpc.ibm_is_vpc.vpc",
            "module.ibm-vpc.ibm_is_vpc_address_prefix.cidr_prefix",
            "module.ibm-vpc.null_resource.print_names",
            "module.resource_group.module.clis.data.external.setup-binaries",
            "module.resource_group.module.clis.null_resource.print",
            "module.resource_group.module.clis.random_string.uuid",
            "module.resource_group.null_resource.resource_group",
            "module.resource_group.null_resource.volumes",
            "module.resource_group.null_resource.wait_for_sync",
            "module.resource_group.random_uuid.tag"
          ]
        }
      ]
    },
    {
      "module": "module.cluster",
      "mode": "managed",
      "type": "ibm_is_security_group_rule",
      "name": "rule_tcp_k8s",
      "provider": "provider[\"registry.terraform.io/ibm-cloud/ibm\"]",
      "instances": [
        {
          "index_key": 0,
          "schema_version": 0,
          "attributes": {
            "direction": "inbound",
            "group": "r010-d764d494-fbb8-4269-99fb-2ad38e539d30",
            "icmp": [],
            "id": "r010-d764d494-fbb8-4269-99fb-2ad38e539d30.r010-a0b1fb8c-e92b-47d7-ae65-f6c86aa9ebab",
            "ip_version": "ipv4",
            "protocol": "tcp",
            "related_crn": "crn:v1:bluemix:public:is:eu-de:a/f2d7386c3c18406b9e2eed413aa7d007::security-group:r010-d764d494-fbb8-4269-99fb-2ad38e539d30",
            "remote": "0.0.0.0/0",
            "rule_id": "r010-a0b1fb8c-e92b-47d7-ae65-f6c86aa9ebab",
            "tcp": [
              {
                "port_max": 32767,
                "port_min": 30000
              }
            ],
            "udp": []
          },
          "sensitive_attributes": [],
          "private": "bnVsbA==",
          "dependencies": [
            "module.cluster.data.ibm_is_vpc.vpc",
            "module.cluster.null_resource.print_resources",
            "module.cluster_subnets.null_resource.print_names",
            "module.cos.data.external.instance",
            "module.cos.data.ibm_resource_group.resource_group",
            "module.cos.data.ibm_resource_instance.cos_instance",
            "module.cos.ibm_resource_instance.cos_instance",
            "module.cos.ibm_resource_key.cos_credentials",
            "module.cos.module.clis.data.external.setup-binaries",
            "module.cos.module.clis.null_resource.print",
            "module.cos.module.clis.random_string.uuid",
            "module.cos.null_resource.print_names",
            "module.ibm-vpc.data.ibm_resource_group.resource_group",
            "module.ibm-vpc.ibm_is_vpc.vpc",
            "module.ibm-vpc.ibm_is_vpc_address_prefix.cidr_prefix",
            "module.ibm-vpc.null_resource.print_names",
            "module.resource_group.module.clis.data.external.setup-binaries",
            "module.resource_group.module.clis.null_resource.print",
            "module.resource_group.module.clis.random_string.uuid",
            "module.resource_group.null_resource.resource_group",
            "module.resource_group.null_resource.volumes",
            "module.resource_group.null_resource.wait_for_sync",
            "module.resource_group.random_uuid.tag"
          ]
        }
      ]
    },
    {
      "module": "module.cluster",
      "mode": "managed",
      "type": "null_resource",
      "name": "print_resources",
      "provider": "provider[\"registry.terraform.io/hashicorp/null\"]",
      "instances": [
        {
          "schema_version": 0,
          "attributes": {
            "id": "8619288452474224120",
            "triggers": null
          },
          "sensitive_attributes": [],
          "dependencies": [
            "module.cluster_subnets.null_resource.print_names",
            "module.cos.data.external.instance",
            "module.cos.data.ibm_resource_group.resource_group",
            "module.cos.data.ibm_resource_instance.cos_instance",
            "module.cos.ibm_resource_instance.cos_instance",
            "module.cos.ibm_resource_key.cos_credentials",
            "module.cos.module.clis.data.external.setup-binaries",
            "module.cos.module.clis.null_resource.print",
            "module.cos.module.clis.random_string.uuid",
            "module.cos.null_resource.print_names",
            "module.ibm-vpc.data.ibm_resource_group.resource_group",
            "module.ibm-vpc.ibm_is_vpc.vpc",
            "module.ibm-vpc.ibm_is_vpc_address_prefix.cidr_prefix",
            "module.ibm-vpc.null_resource.print_names",
            "module.resource_group.module.clis.data.external.setup-binaries",
            "module.resource_group.module.clis.null_resource.print",
            "module.resource_group.module.clis.random_string.uuid",
            "module.resource_group.null_resource.resource_group",
            "module.resource_group.null_resource.volumes",
            "module.resource_group.null_resource.wait_for_sync",
            "module.resource_group.random_uuid.tag"
          ]
        }
      ]
    },
    {
      "module": "module.cluster",
      "mode": "managed",
      "type": "null_resource",
      "name": "print_subnets",
      "provider": "provider[\"registry.terraform.io/hashicorp/null\"]",
      "instances": [
        {
          "schema_version": 0,
          "attributes": {
            "id": "350221544001077120",
            "triggers": null
          },
          "sensitive_attributes": [],
          "dependencies": [
            "module.cluster_subnets.data.ibm_is_subnet.vpc_subnet",
            "module.cluster_subnets.data.ibm_is_vpc.vpc",
            "module.cluster_subnets.data.ibm_resource_group.resource_group",
            "module.cluster_subnets.ibm_is_network_acl.subnet_acl",
            "module.cluster_subnets.ibm_is_subnet.vpc_subnets",
            "module.cluster_subnets.null_resource.print_names",
            "module.ibm-vpc-gateways.data.ibm_is_public_gateway.vpc_gateway",
            "module.ibm-vpc-gateways.data.ibm_is_vpc.vpc",
            "module.ibm-vpc-gateways.ibm_is_public_gateway.vpc_gateway",
            "module.ibm-vpc-gateways.null_resource.print_names",
            "module.ibm-vpc.data.ibm_resource_group.resource_group",
            "module.ibm-vpc.ibm_is_vpc.vpc",
            "module.ibm-vpc.ibm_is_vpc_address_prefix.cidr_prefix",
            "module.ibm-vpc.null_resource.print_names",
            "module.resource_group.data.ibm_resource_group.resource_group",
            "module.resource_group.module.clis.data.external.setup-binaries",
            "module.resource_group.module.clis.null_resource.print",
            "module.resource_group.module.clis.random_string.uuid",
            "module.resource_group.null_resource.resource_group",
            "module.resource_group.null_resource.volumes",
            "module.resource_group.null_resource.wait_for_sync",
            "module.resource_group.random_uuid.tag"
          ]
        }
      ]
    },
    {
      "module": "module.cluster.module.setup_clis",
      "mode": "data",
      "type": "external",
      "name": "setup-binaries",
      "provider": "provider[\"registry.terraform.io/hashicorp/external\"]",
      "instances": [
        {
          "schema_version": 0,
          "attributes": {
            "id": "-",
            "program": [
              "bash",
              ".terraform/modules/cluster.setup_clis/scripts/setup-binaries.sh"
            ],
            "query": {
              "bin_dir": "/home/anton/code/workspaces/current/105-ibm-vpc-openshift/bin2",
              "clis": "jq",
              "uuid": "qvdnewccpsodnsrx"
            },
            "result": {
              "bin_dir": "/home/anton/code/workspaces/current/105-ibm-vpc-openshift/bin2",
              "message": "success",
              "status": "success",
              "type": ""
            },
            "working_dir": null
          },
          "sensitive_attributes": []
        }
      ]
    },
    {
      "module": "module.cluster.module.setup_clis",
      "mode": "managed",
      "type": "null_resource",
      "name": "print",
      "provider": "provider[\"registry.terraform.io/hashicorp/null\"]",
      "instances": [
        {
          "schema_version": 0,
          "attributes": {
            "id": "4988586223541724230",
            "triggers": null
          },
          "sensitive_attributes": []
        }
      ]
    },
    {
      "module": "module.cluster.module.setup_clis",
      "mode": "managed",
      "type": "random_string",
      "name": "uuid",
      "provider": "provider[\"registry.terraform.io/hashicorp/random\"]",
      "instances": [
        {
          "schema_version": 2,
          "attributes": {
            "id": "qvdnewccpsodnsrx",
            "keepers": null,
            "length": 16,
            "lower": true,
            "min_lower": 0,
            "min_numeric": 0,
            "min_special": 0,
            "min_upper": 0,
            "number": false,
            "numeric": false,
            "override_special": null,
            "result": "qvdnewccpsodnsrx",
            "special": false,
            "upper": false
          },
          "sensitive_attributes": []
        }
      ]
    },
    {
      "module": "module.cluster_subnets",
      "mode": "data",
      "type": "ibm_is_vpc",
      "name": "vpc",
      "provider": "provider[\"registry.terraform.io/ibm-cloud/ibm\"]",
      "instances": [
        {
          "schema_version": 0,
          "attributes": {
            "classic_access": false,
            "crn": "crn:v1:bluemix:public:is:eu-de:a/f2d7386c3c18406b9e2eed413aa7d007::vpc:r010-362ab55d-56ed-46ce-afe2-21cf949a10eb",
            "cse_source_addresses": [
              {
                "address": "10.16.201.1",
                "zone_name": "eu-de-1"
              },
              {
                "address": "10.16.209.66",
                "zone_name": "eu-de-2"
              },
              {
                "address": "10.223.57.195",
                "zone_name": "eu-de-3"
              }
            ],
            "default_network_acl": "r010-46cdae48-1b5a-4bcc-9030-6179c2b7ac11",
            "default_network_acl_crn": "crn:v1:bluemix:public:is:eu-de:a/f2d7386c3c18406b9e2eed413aa7d007::network-acl:r010-46cdae48-1b5a-4bcc-9030-6179c2b7ac11",
            "default_network_acl_name": "dev-sf-service-vpc-default",
            "default_routing_table": "r010-4813eb5c-bf7b-4822-8d1e-8db339f0a845",
            "default_routing_table_name": "dev-sf-service-vpc-default",
            "default_security_group": "r010-d764d494-fbb8-4269-99fb-2ad38e539d30",
            "default_security_group_crn": "crn:v1:bluemix:public:is:eu-de:a/f2d7386c3c18406b9e2eed413aa7d007::security-group:r010-d764d494-fbb8-4269-99fb-2ad38e539d30",
            "default_security_group_name": "dev-sf-service-vpc-default",
            "id": "r010-362ab55d-56ed-46ce-afe2-21cf949a10eb",
            "identifier": "r010-362ab55d-56ed-46ce-afe2-21cf949a10eb",
            "name": "dev-sf-service-vpc",
            "resource_controller_url": "https://cloud.ibm.com/vpc-ext/network/vpcs",
            "resource_crn": "crn:v1:bluemix:public:is:eu-de:a/f2d7386c3c18406b9e2eed413aa7d007::vpc:r010-362ab55d-56ed-46ce-afe2-21cf949a10eb",
            "resource_group": "e999b6f0e8da434ba50b4beb97dc9ccb",
            "resource_group_name": "dev_sf",
            "resource_name": "dev-sf-service-vpc",
            "resource_status": "available",
            "security_group": [
              {
                "group_id": "r010-d764d494-fbb8-4269-99fb-2ad38e539d30",
                "group_name": "dev-sf-service-vpc-default",
                "rules": [
                  {
                    "code": 0,
                    "direction": "outbound",
                    "ip_version": "ipv4",
                    "port_max": 0,
                    "port_min": 0,
                    "protocol": "all",
                    "remote": "0.0.0.0/0",
                    "rule_id": "r010-d581eeff-da31-4012-a756-28b962975a66",
                    "type": 0
                  },
                  {
                    "code": 0,
                    "direction": "inbound",
                    "ip_version": "ipv4",
                    "port_max": 0,
                    "port_min": 0,
                    "protocol": "all",
                    "remote": "r010-d764d494-fbb8-4269-99fb-2ad38e539d30",
                    "rule_id": "r010-e13040d6-88f1-4286-bf08-94f64771ad85",
                    "type": 0
                  }
                ]
              }
            ],
            "status": "available",
            "subnets": [],
            "tags": []
          },
          "sensitive_attributes": []
        }
      ]
    },
    {
      "module": "module.cluster_subnets",
      "mode": "data",
      "type": "ibm_resource_group",
      "name": "resource_group",
      "provider": "provider[\"registry.terraform.io/ibm-cloud/ibm\"]",
      "instances": [
        {
          "schema_version": 0,
          "attributes": {
            "account_id": "f2d7386c3c18406b9e2eed413aa7d007",
            "created_at": "2022-12-13T23:45:52.415Z",
            "crn": "crn:v1:bluemix:public:resource-controller::a/f2d7386c3c18406b9e2eed413aa7d007::resource-group:e999b6f0e8da434ba50b4beb97dc9ccb",
            "id": "e999b6f0e8da434ba50b4beb97dc9ccb",
            "is_default": false,
            "name": "dev_sf",
            "payment_methods_url": null,
            "quota_id": "a3d7b8d01e261c24677937c29ab33f3c",
            "quota_url": "/v2/quota_definitions/a3d7b8d01e261c24677937c29ab33f3c",
            "resource_linkages": [],
            "state": "ACTIVE",
            "teams_url": null,
            "updated_at": "2022-12-13T23:45:52.415Z"
          },
          "sensitive_attributes": []
        }
      ]
    },
    {
      "module": "module.cluster_subnets",
      "mode": "managed",
      "type": "ibm_is_network_acl",
      "name": "subnet_acl",
      "provider": "provider[\"registry.terraform.io/ibm-cloud/ibm\"]",
      "instances": [
        {
          "index_key": 0,
          "schema_version": 0,
          "attributes": {
            "crn": "crn:v1:bluemix:public:is:eu-de:a/f2d7386c3c18406b9e2eed413aa7d007::network-acl:r010-3866b96d-aef2-4c18-ad0d-58d045aaac34",
            "id": "r010-3866b96d-aef2-4c18-ad0d-58d045aaac34",
            "name": "dev-sf-service-vpc-subnet-default",
            "resource_controller_url": "https://cloud.ibm.com/vpc-ext/network/acl",
            "resource_crn": null,
            "resource_group": "e999b6f0e8da434ba50b4beb97dc9ccb",
            "resource_group_name": "dev_sf",
            "resource_name": "dev-sf-service-vpc-subnet-default",
            "rules": [],
            "tags": [],
            "timeouts": null,
            "vpc": "r010-362ab55d-56ed-46ce-afe2-21cf949a10eb"
          },
          "sensitive_attributes": [],
          "private": "eyJlMmJmYjczMC1lY2FhLTExZTYtOGY4OC0zNDM2M2JjN2M0YzAiOnsiY3JlYXRlIjo2MDAwMDAwMDAwMDAsImRlbGV0ZSI6NjAwMDAwMDAwMDAwfX0=",
          "dependencies": [
            "module.cluster_subnets.data.ibm_is_vpc.vpc",
            "module.cluster_subnets.data.ibm_resource_group.resource_group",
            "module.cluster_subnets.null_resource.print_names",
            "module.ibm-vpc.data.ibm_resource_group.resource_group",
            "module.ibm-vpc.ibm_is_vpc.vpc",
            "module.ibm-vpc.ibm_is_vpc_address_prefix.cidr_prefix",
            "module.ibm-vpc.null_resource.print_names",
            "module.resource_group.module.clis.data.external.setup-binaries",
            "module.resource_group.module.clis.null_resource.print",
            "module.resource_group.module.clis.random_string.uuid",
            "module.resource_group.null_resource.resource_group",
            "module.resource_group.null_resource.volumes",
            "module.resource_group.null_resource.wait_for_sync",
            "module.resource_group.random_uuid.tag"
          ]
        }
      ]
    },
    {
      "module": "module.cluster_subnets",
      "mode": "managed",
      "type": "ibm_is_network_acl_rule",
      "name": "acl_rule",
      "provider": "provider[\"registry.terraform.io/ibm-cloud/ibm\"]",
      "instances": [
        {
          "index_key": 0,
          "schema_version": 0,
          "attributes": {
            "action": "allow",
            "before": "b7b1a73c-5e5d-45f9-88c1-5887b5dec5db",
            "destination": "10.0.0.0/8",
            "direction": "inbound",
            "href": "https://eu-de.iaas.cloud.ibm.com/v1/network_acls/r010-3866b96d-aef2-4c18-ad0d-58d045aaac34/rules/75d3f770-5c63-4dec-bca0-16b0623e1546",
            "icmp": [],
            "id": "r010-3866b96d-aef2-4c18-ad0d-58d045aaac34/75d3f770-5c63-4dec-bca0-16b0623e1546",
            "ip_version": "ipv4",
            "name": "dev-sf-service-vpc-subnet-default-allow-ingress-internal",
            "network_acl": "r010-3866b96d-aef2-4c18-ad0d-58d045aaac34",
            "protocol": "all",
            "rule_id": "75d3f770-5c63-4dec-bca0-16b0623e1546",
            "source": "10.0.0.0/8",
            "tcp": [],
            "timeouts": null,
            "udp": []
          },
          "sensitive_attributes": [],
          "private": "eyJlMmJmYjczMC1lY2FhLTExZTYtOGY4OC0zNDM2M2JjN2M0YzAiOnsiY3JlYXRlIjo2MDAwMDAwMDAwMDAsImRlbGV0ZSI6NjAwMDAwMDAwMDAwfX0=",
          "dependencies": [
            "module.cluster_subnets.data.ibm_is_vpc.vpc",
            "module.cluster_subnets.data.ibm_resource_group.resource_group",
            "module.cluster_subnets.ibm_is_network_acl.subnet_acl",
            "module.cluster_subnets.null_resource.print_names",
            "module.ibm-vpc.data.ibm_resource_group.resource_group",
            "module.ibm-vpc.ibm_is_vpc.vpc",
            "module.ibm-vpc.ibm_is_vpc_address_prefix.cidr_prefix",
            "module.ibm-vpc.null_resource.print_names",
            "module.resource_group.module.clis.data.external.setup-binaries",
            "module.resource_group.module.clis.null_resource.print",
            "module.resource_group.module.clis.random_string.uuid",
            "module.resource_group.null_resource.resource_group",
            "module.resource_group.null_resource.volumes",
            "module.resource_group.null_resource.wait_for_sync",
            "module.resource_group.random_uuid.tag"
          ]
        },
        {
          "index_key": 1,
          "schema_version": 0,
          "attributes": {
            "action": "allow",
            "before": "f5af6a33-77f4-4348-865e-4d111ff4bbff",
            "destination": "10.0.0.0/8",
            "direction": "inbound",
            "href": "https://eu-de.iaas.cloud.ibm.com/v1/network_acls/r010-3866b96d-aef2-4c18-ad0d-58d045aaac34/rules/b7b1a73c-5e5d-45f9-88c1-5887b5dec5db",
            "icmp": [],
            "id": "r010-3866b96d-aef2-4c18-ad0d-58d045aaac34/b7b1a73c-5e5d-45f9-88c1-5887b5dec5db",
            "ip_version": "ipv4",
            "name": "dev-sf-service-vpc-subnet-default-allow-roks-ingress",
            "network_acl": "r010-3866b96d-aef2-4c18-ad0d-58d045aaac34",
            "protocol": "all",
            "rule_id": "b7b1a73c-5e5d-45f9-88c1-5887b5dec5db",
            "source": "166.8.0.0/14",
            "tcp": [],
            "timeouts": null,
            "udp": []
          },
          "sensitive_attributes": [],
          "private": "eyJlMmJmYjczMC1lY2FhLTExZTYtOGY4OC0zNDM2M2JjN2M0YzAiOnsiY3JlYXRlIjo2MDAwMDAwMDAwMDAsImRlbGV0ZSI6NjAwMDAwMDAwMDAwfX0=",
          "dependencies": [
            "module.cluster_subnets.data.ibm_is_vpc.vpc",
            "module.cluster_subnets.data.ibm_resource_group.resource_group",
            "module.cluster_subnets.ibm_is_network_acl.subnet_acl",
            "module.cluster_subnets.null_resource.print_names",
            "module.ibm-vpc.data.ibm_resource_group.resource_group",
            "module.ibm-vpc.ibm_is_vpc.vpc",
            "module.ibm-vpc.ibm_is_vpc_address_prefix.cidr_prefix",
            "module.ibm-vpc.null_resource.print_names",
            "module.resource_group.module.clis.data.external.setup-binaries",
            "module.resource_group.module.clis.null_resource.print",
            "module.resource_group.module.clis.random_string.uuid",
            "module.resource_group.null_resource.resource_group",
            "module.resource_group.null_resource.volumes",
            "module.resource_group.null_resource.wait_for_sync",
            "module.resource_group.random_uuid.tag"
          ]
        },
        {
          "index_key": 2,
          "schema_version": 0,
          "attributes": {
            "action": "allow",
            "before": null,
            "destination": "10.0.0.0/8",
            "direction": "inbound",
            "href": "https://eu-de.iaas.cloud.ibm.com/v1/network_acls/r010-3866b96d-aef2-4c18-ad0d-58d045aaac34/rules/90feb27f-38a9-4fb4-8c12-edf49c93075c",
            "icmp": [],
            "id": "r010-3866b96d-aef2-4c18-ad0d-58d045aaac34/90feb27f-38a9-4fb4-8c12-edf49c93075c",
            "ip_version": "ipv4",
            "name": "dev-sf-service-vpc-subnet-default-allow-vse-ingress",
            "network_acl": "r010-3866b96d-aef2-4c18-ad0d-58d045aaac34",
            "protocol": "all",
            "rule_id": "90feb27f-38a9-4fb4-8c12-edf49c93075c",
            "source": "161.26.0.0/16",
            "tcp": [],
            "timeouts": null,
            "udp": []
          },
          "sensitive_attributes": [],
          "private": "eyJlMmJmYjczMC1lY2FhLTExZTYtOGY4OC0zNDM2M2JjN2M0YzAiOnsiY3JlYXRlIjo2MDAwMDAwMDAwMDAsImRlbGV0ZSI6NjAwMDAwMDAwMDAwfX0=",
          "dependencies": [
            "module.cluster_subnets.data.ibm_is_vpc.vpc",
            "module.cluster_subnets.data.ibm_resource_group.resource_group",
            "module.cluster_subnets.ibm_is_network_acl.subnet_acl",
            "module.cluster_subnets.null_resource.print_names",
            "module.ibm-vpc.data.ibm_resource_group.resource_group",
            "module.ibm-vpc.ibm_is_vpc.vpc",
            "module.ibm-vpc.ibm_is_vpc_address_prefix.cidr_prefix",
            "module.ibm-vpc.null_resource.print_names",
            "module.resource_group.module.clis.data.external.setup-binaries",
            "module.resource_group.module.clis.null_resource.print",
            "module.resource_group.module.clis.random_string.uuid",
            "module.resource_group.null_resource.resource_group",
            "module.resource_group.null_resource.volumes",
            "module.resource_group.null_resource.wait_for_sync",
            "module.resource_group.random_uuid.tag"
          ]
        },
        {
          "index_key": 3,
          "schema_version": 0,
          "attributes": {
            "action": "allow",
            "before": null,
            "destination": "10.0.0.0/8",
            "direction": "outbound",
            "href": "https://eu-de.iaas.cloud.ibm.com/v1/network_acls/r010-3866b96d-aef2-4c18-ad0d-58d045aaac34/rules/12fb7b04-de88-422f-9317-e0614790179e",
            "icmp": [],
            "id": "r010-3866b96d-aef2-4c18-ad0d-58d045aaac34/12fb7b04-de88-422f-9317-e0614790179e",
            "ip_version": "ipv4",
            "name": "dev-sf-service-vpc-subnet-default-allow-egress-internal",
            "network_acl": "r010-3866b96d-aef2-4c18-ad0d-58d045aaac34",
            "protocol": "all",
            "rule_id": "12fb7b04-de88-422f-9317-e0614790179e",
            "source": "10.0.0.0/8",
            "tcp": [],
            "timeouts": null,
            "udp": []
          },
          "sensitive_attributes": [],
          "private": "eyJlMmJmYjczMC1lY2FhLTExZTYtOGY4OC0zNDM2M2JjN2M0YzAiOnsiY3JlYXRlIjo2MDAwMDAwMDAwMDAsImRlbGV0ZSI6NjAwMDAwMDAwMDAwfX0=",
          "dependencies": [
            "module.cluster_subnets.data.ibm_is_vpc.vpc",
            "module.cluster_subnets.data.ibm_resource_group.resource_group",
            "module.cluster_subnets.ibm_is_network_acl.subnet_acl",
            "module.cluster_subnets.null_resource.print_names",
            "module.ibm-vpc.data.ibm_resource_group.resource_group",
            "module.ibm-vpc.ibm_is_vpc.vpc",
            "module.ibm-vpc.ibm_is_vpc_address_prefix.cidr_prefix",
            "module.ibm-vpc.null_resource.print_names",
            "module.resource_group.module.clis.data.external.setup-binaries",
            "module.resource_group.module.clis.null_resource.print",
            "module.resource_group.module.clis.random_string.uuid",
            "module.resource_group.null_resource.resource_group",
            "module.resource_group.null_resource.volumes",
            "module.resource_group.null_resource.wait_for_sync",
            "module.resource_group.random_uuid.tag"
          ]
        },
        {
          "index_key": 4,
          "schema_version": 0,
          "attributes": {
            "action": "allow",
            "before": "12fb7b04-de88-422f-9317-e0614790179e",
            "destination": "166.8.0.0/14",
            "direction": "outbound",
            "href": "https://eu-de.iaas.cloud.ibm.com/v1/network_acls/r010-3866b96d-aef2-4c18-ad0d-58d045aaac34/rules/f5af6a33-77f4-4348-865e-4d111ff4bbff",
            "icmp": [],
            "id": "r010-3866b96d-aef2-4c18-ad0d-58d045aaac34/f5af6a33-77f4-4348-865e-4d111ff4bbff",
            "ip_version": "ipv4",
            "name": "dev-sf-service-vpc-subnet-default-allow-roks-egress",
            "network_acl": "r010-3866b96d-aef2-4c18-ad0d-58d045aaac34",
            "protocol": "all",
            "rule_id": "f5af6a33-77f4-4348-865e-4d111ff4bbff",
            "source": "10.0.0.0/8",
            "tcp": [],
            "timeouts": null,
            "udp": []
          },
          "sensitive_attributes": [],
          "private": "eyJlMmJmYjczMC1lY2FhLTExZTYtOGY4OC0zNDM2M2JjN2M0YzAiOnsiY3JlYXRlIjo2MDAwMDAwMDAwMDAsImRlbGV0ZSI6NjAwMDAwMDAwMDAwfX0=",
          "dependencies": [
            "module.cluster_subnets.data.ibm_is_vpc.vpc",
            "module.cluster_subnets.data.ibm_resource_group.resource_group",
            "module.cluster_subnets.ibm_is_network_acl.subnet_acl",
            "module.cluster_subnets.null_resource.print_names",
            "module.ibm-vpc.data.ibm_resource_group.resource_group",
            "module.ibm-vpc.ibm_is_vpc.vpc",
            "module.ibm-vpc.ibm_is_vpc_address_prefix.cidr_prefix",
            "module.ibm-vpc.null_resource.print_names",
            "module.resource_group.module.clis.data.external.setup-binaries",
            "module.resource_group.module.clis.null_resource.print",
            "module.resource_group.module.clis.random_string.uuid",
            "module.resource_group.null_resource.resource_group",
            "module.resource_group.null_resource.volumes",
            "module.resource_group.null_resource.wait_for_sync",
            "module.resource_group.random_uuid.tag"
          ]
        },
        {
          "index_key": 5,
          "schema_version": 0,
          "attributes": {
            "action": "allow",
            "before": null,
            "destination": "161.26.0.0/16",
            "direction": "outbound",
            "href": "https://eu-de.iaas.cloud.ibm.com/v1/network_acls/r010-3866b96d-aef2-4c18-ad0d-58d045aaac34/rules/ffae5e36-5c7e-45ee-8d3a-887c8024351c",
            "icmp": [],
            "id": "r010-3866b96d-aef2-4c18-ad0d-58d045aaac34/ffae5e36-5c7e-45ee-8d3a-887c8024351c",
            "ip_version": "ipv4",
            "name": "dev-sf-service-vpc-subnet-default-allow-vse-egress",
            "network_acl": "r010-3866b96d-aef2-4c18-ad0d-58d045aaac34",
            "protocol": "all",
            "rule_id": "ffae5e36-5c7e-45ee-8d3a-887c8024351c",
            "source": "10.0.0.0/8",
            "tcp": [],
            "timeouts": null,
            "udp": []
          },
          "sensitive_attributes": [],
          "private": "eyJlMmJmYjczMC1lY2FhLTExZTYtOGY4OC0zNDM2M2JjN2M0YzAiOnsiY3JlYXRlIjo2MDAwMDAwMDAwMDAsImRlbGV0ZSI6NjAwMDAwMDAwMDAwfX0=",
          "dependencies": [
            "module.cluster_subnets.data.ibm_is_vpc.vpc",
            "module.cluster_subnets.data.ibm_resource_group.resource_group",
            "module.cluster_subnets.ibm_is_network_acl.subnet_acl",
            "module.cluster_subnets.null_resource.print_names",
            "module.ibm-vpc.data.ibm_resource_group.resource_group",
            "module.ibm-vpc.ibm_is_vpc.vpc",
            "module.ibm-vpc.ibm_is_vpc_address_prefix.cidr_prefix",
            "module.ibm-vpc.null_resource.print_names",
            "module.resource_group.module.clis.data.external.setup-binaries",
            "module.resource_group.module.clis.null_resource.print",
            "module.resource_group.module.clis.random_string.uuid",
            "module.resource_group.null_resource.resource_group",
            "module.resource_group.null_resource.volumes",
            "module.resource_group.null_resource.wait_for_sync",
            "module.resource_group.random_uuid.tag"
          ]
        }
      ]
    },
    {
      "module": "module.cluster_subnets",
      "mode": "managed",
      "type": "ibm_is_subnet",
      "name": "vpc_subnets",
      "provider": "provider[\"registry.terraform.io/ibm-cloud/ibm\"]",
      "instances": [
        {
          "index_key": 0,
          "schema_version": 0,
          "attributes": {
            "access_tags": [],
            "available_ipv4_address_count": 251,
            "crn": "crn:v1:bluemix:public:is:eu-de-1:a/f2d7386c3c18406b9e2eed413aa7d007::subnet:02b7-cbe36f77-ae0f-489b-8ebd-306c42da8a60",
            "id": "02b7-cbe36f77-ae0f-489b-8ebd-306c42da8a60",
            "ip_version": "ipv4",
            "ipv4_cidr_block": "10.243.0.0/24",
            "name": "dev-sf-service-vpc-subnet-default01",
            "network_acl": "r010-3866b96d-aef2-4c18-ad0d-58d045aaac34",
            "public_gateway": "r010-b9e5689a-df26-41da-9fd0-84a081255d02",
            "resource_controller_url": "https://cloud.ibm.com/vpc-ext/network/subnets",
            "resource_crn": "crn:v1:bluemix:public:is:eu-de-1:a/f2d7386c3c18406b9e2eed413aa7d007::subnet:02b7-cbe36f77-ae0f-489b-8ebd-306c42da8a60",
            "resource_group": "e999b6f0e8da434ba50b4beb97dc9ccb",
            "resource_group_name": "dev_sf",
            "resource_name": "dev-sf-service-vpc-subnet-default01",
            "resource_status": "available",
            "routing_table": "r010-4813eb5c-bf7b-4822-8d1e-8db339f0a845",
            "status": "available",
            "tags": [],
            "timeouts": null,
            "total_ipv4_address_count": 256,
            "vpc": "r010-362ab55d-56ed-46ce-afe2-21cf949a10eb",
            "zone": "eu-de-1"
          },
          "sensitive_attributes": [],
          "private": "eyJlMmJmYjczMC1lY2FhLTExZTYtOGY4OC0zNDM2M2JjN2M0YzAiOnsiY3JlYXRlIjo2MDAwMDAwMDAwMDAsImRlbGV0ZSI6NjAwMDAwMDAwMDAwLCJ1cGRhdGUiOjYwMDAwMDAwMDAwMH19",
          "dependencies": [
            "module.cluster_subnets.data.ibm_is_vpc.vpc",
            "module.cluster_subnets.data.ibm_resource_group.resource_group",
            "module.cluster_subnets.ibm_is_network_acl.subnet_acl",
            "module.cluster_subnets.null_resource.print_names",
            "module.ibm-vpc-gateways.data.ibm_is_public_gateway.vpc_gateway",
            "module.ibm-vpc-gateways.data.ibm_is_vpc.vpc",
            "module.ibm-vpc-gateways.ibm_is_public_gateway.vpc_gateway",
            "module.ibm-vpc-gateways.null_resource.print_names",
            "module.ibm-vpc.data.ibm_resource_group.resource_group",
            "module.ibm-vpc.ibm_is_vpc.vpc",
            "module.ibm-vpc.ibm_is_vpc_address_prefix.cidr_prefix",
            "module.ibm-vpc.null_resource.print_names",
            "module.resource_group.data.ibm_resource_group.resource_group",
            "module.resource_group.module.clis.data.external.setup-binaries",
            "module.resource_group.module.clis.null_resource.print",
            "module.resource_group.module.clis.random_string.uuid",
            "module.resource_group.null_resource.resource_group",
            "module.resource_group.null_resource.volumes",
            "module.resource_group.null_resource.wait_for_sync",
            "module.resource_group.random_uuid.tag"
          ]
        }
      ]
    },
    {
      "module": "module.cluster_subnets",
      "mode": "managed",
      "type": "null_resource",
      "name": "print_names",
      "provider": "provider[\"registry.terraform.io/hashicorp/null\"]",
      "instances": [
        {
          "schema_version": 0,
          "attributes": {
            "id": "4452061820535269213",
            "triggers": null
          },
          "sensitive_attributes": [],
          "dependencies": [
            "module.ibm-vpc.data.ibm_resource_group.resource_group",
            "module.ibm-vpc.ibm_is_vpc.vpc",
            "module.ibm-vpc.ibm_is_vpc_address_prefix.cidr_prefix",
            "module.ibm-vpc.null_resource.print_names",
            "module.resource_group.module.clis.data.external.setup-binaries",
            "module.resource_group.module.clis.null_resource.print",
            "module.resource_group.module.clis.random_string.uuid",
            "module.resource_group.null_resource.resource_group",
            "module.resource_group.null_resource.volumes",
            "module.resource_group.null_resource.wait_for_sync",
            "module.resource_group.random_uuid.tag"
          ]
        }
      ]
    },
    {
      "module": "module.cos",
      "mode": "data",
      "type": "external",
      "name": "instance",
      "provider": "provider[\"registry.terraform.io/hashicorp/external\"]",
      "instances": [
        {
          "schema_version": 0,
          "attributes": {
            "id": "-",
            "program": [
              "bash",
              ".terraform/modules/cos/scripts/wait-for-instance.sh"
            ],
            "query": {
              "bin_dir": "/home/anton/code/workspaces/current/105-ibm-vpc-openshift/bin2",
              "guid": "15ffbde9-9927-4170-9e8b-97bc09bebd41",
              "ibmcloud_api_key": "06Pb0Szh3IA3Szb10G9PC1qo0FJ_mlSIu3pW6e77lHRg",
              "id": "crn:v1:bluemix:public:cloud-object-storage:global:a/f2d7386c3c18406b9e2eed413aa7d007:15ffbde9-9927-4170-9e8b-97bc09bebd41::",
              "name": "dev_sf_service-cos"
            },
            "result": {
              "guid": "15ffbde9-9927-4170-9e8b-97bc09bebd41",
              "id": "crn:v1:bluemix:public:cloud-object-storage:global:a/f2d7386c3c18406b9e2eed413aa7d007:15ffbde9-9927-4170-9e8b-97bc09bebd41::",
              "name": "dev_sf_service-cos"
            },
            "working_dir": null
          },
          "sensitive_attributes": [
            [
              {
                "type": "get_attr",
                "value": "query"
              },
              {
                "type": "index",
                "value": {
                  "value": "ibmcloud_api_key",
                  "type": "string"
                }
              }
            ]
          ]
        }
      ]
    },
    {
      "module": "module.cos",
      "mode": "data",
      "type": "ibm_resource_group",
      "name": "resource_group",
      "provider": "provider[\"registry.terraform.io/ibm-cloud/ibm\"]",
      "instances": [
        {
          "schema_version": 0,
          "attributes": {
            "account_id": "f2d7386c3c18406b9e2eed413aa7d007",
            "created_at": "2022-12-13T23:45:52.415Z",
            "crn": "crn:v1:bluemix:public:resource-controller::a/f2d7386c3c18406b9e2eed413aa7d007::resource-group:e999b6f0e8da434ba50b4beb97dc9ccb",
            "id": "e999b6f0e8da434ba50b4beb97dc9ccb",
            "is_default": false,
            "name": "dev_sf",
            "payment_methods_url": null,
            "quota_id": "a3d7b8d01e261c24677937c29ab33f3c",
            "quota_url": "/v2/quota_definitions/a3d7b8d01e261c24677937c29ab33f3c",
            "resource_linkages": [],
            "state": "ACTIVE",
            "teams_url": null,
            "updated_at": "2022-12-13T23:45:52.415Z"
          },
          "sensitive_attributes": []
        }
      ]
    },
    {
      "module": "module.cos",
      "mode": "data",
      "type": "ibm_resource_instance",
      "name": "cos_instance",
      "provider": "provider[\"registry.terraform.io/ibm-cloud/ibm\"]",
      "instances": [
        {
          "schema_version": 0,
          "attributes": {
            "crn": "crn:v1:bluemix:public:cloud-object-storage:global:a/f2d7386c3c18406b9e2eed413aa7d007:15ffbde9-9927-4170-9e8b-97bc09bebd41::",
            "extensions": {},
            "guid": "15ffbde9-9927-4170-9e8b-97bc09bebd41",
            "id": "crn:v1:bluemix:public:cloud-object-storage:global:a/f2d7386c3c18406b9e2eed413aa7d007:15ffbde9-9927-4170-9e8b-97bc09bebd41::",
            "location": "global",
            "name": "dev_sf_service-cos",
            "plan": "standard",
            "resource_controller_url": "https://cloud.ibm.com/services/",
            "resource_crn": "crn:v1:bluemix:public:cloud-object-storage:global:a/f2d7386c3c18406b9e2eed413aa7d007:15ffbde9-9927-4170-9e8b-97bc09bebd41::",
            "resource_group_id": "e999b6f0e8da434ba50b4beb97dc9ccb",
            "resource_group_name": "",
            "resource_name": "dev_sf_service-cos",
            "resource_status": "active",
            "service": "cloud-object-storage",
            "status": "active",
            "tags": []
          },
          "sensitive_attributes": []
        }
      ]
    },
    {
      "module": "module.cos",
      "mode": "managed",
      "type": "ibm_resource_instance",
      "name": "cos_instance",
      "provider": "provider[\"registry.terraform.io/ibm-cloud/ibm\"]",
      "instances": [
        {
          "index_key": 0,
          "schema_version": 0,
          "attributes": {
            "account_id": "f2d7386c3c18406b9e2eed413aa7d007",
            "allow_cleanup": false,
            "created_at": "2022-12-13T23:45:57.502Z",
            "created_by": "IBMid-310001S8XR",
            "crn": "crn:v1:bluemix:public:cloud-object-storage:global:a/f2d7386c3c18406b9e2eed413aa7d007:15ffbde9-9927-4170-9e8b-97bc09bebd41::",
            "dashboard_url": "https://cloud.ibm.com/objectstorage/crn%3Av1%3Abluemix%3Apublic%3Acloud-object-storage%3Aglobal%3Aa%2Ff2d7386c3c18406b9e2eed413aa7d007%3A15ffbde9-9927-4170-9e8b-97bc09bebd41%3A%3A",
            "deleted_at": null,
            "deleted_by": "",
            "extensions": {},
            "guid": "15ffbde9-9927-4170-9e8b-97bc09bebd41",
            "id": "crn:v1:bluemix:public:cloud-object-storage:global:a/f2d7386c3c18406b9e2eed413aa7d007:15ffbde9-9927-4170-9e8b-97bc09bebd41::",
            "last_operation": {
              "async": "false",
              "cancelable": "false",
              "description": "Completed create instance operation",
              "poll": "false",
              "state": "succeeded",
              "type": "create"
            },
            "location": "global",
            "locked": false,
            "name": "dev_sf_service-cos",
            "parameters": null,
            "parameters_json": null,
            "plan": "standard",
            "plan_history": [
              {
                "resource_plan_id": "744bfc56-d12c-4866-88d5-dac9139e0e5d",
                "start_date": "2022-12-13T23:45:57.502Z"
              }
            ],
            "resource_aliases_url": "/v2/resource_instances/15ffbde9-9927-4170-9e8b-97bc09bebd41/resource_aliases",
            "resource_bindings_url": "/v2/resource_instances/15ffbde9-9927-4170-9e8b-97bc09bebd41/resource_bindings",
            "resource_controller_url": "https://cloud.ibm.com/services/",
            "resource_crn": "crn:v1:bluemix:public:cloud-object-storage:global:a/f2d7386c3c18406b9e2eed413aa7d007:15ffbde9-9927-4170-9e8b-97bc09bebd41::",
            "resource_group_crn": "crn:v1:bluemix:public:resource-controller::a/f2d7386c3c18406b9e2eed413aa7d007::resource-group:e999b6f0e8da434ba50b4beb97dc9ccb",
            "resource_group_id": "e999b6f0e8da434ba50b4beb97dc9ccb",
            "resource_group_name": "crn:v1:bluemix:public:resource-controller::a/f2d7386c3c18406b9e2eed413aa7d007::resource-group:e999b6f0e8da434ba50b4beb97dc9ccb",
            "resource_id": "dff97f5c-bc5e-4455-b470-411c3edbe49c",
            "resource_keys_url": "/v2/resource_instances/15ffbde9-9927-4170-9e8b-97bc09bebd41/resource_keys",
            "resource_name": "dev_sf_service-cos",
            "resource_plan_id": "744bfc56-d12c-4866-88d5-dac9139e0e5d",
            "resource_status": "active",
            "restored_at": null,
            "restored_by": "",
            "scheduled_reclaim_at": null,
            "scheduled_reclaim_by": "",
            "service": "cloud-object-storage",
            "service_endpoints": null,
            "state": "active",
            "status": "active",
            "sub_type": "",
            "tags": [],
            "target_crn": "crn:v1:bluemix:public:globalcatalog::::deployment:744bfc56-d12c-4866-88d5-dac9139e0e5d%3Aglobal",
            "timeouts": {
              "create": "15m",
              "delete": "15m",
              "update": "15m"
            },
            "type": "service_instance",
            "update_at": "2022-12-13T23:45:59.527Z",
            "update_by": ""
          },
          "sensitive_attributes": [],
          "private": "eyJlMmJmYjczMC1lY2FhLTExZTYtOGY4OC0zNDM2M2JjN2M0YzAiOnsiY3JlYXRlIjo5MDAwMDAwMDAwMDAsImRlbGV0ZSI6OTAwMDAwMDAwMDAwLCJ1cGRhdGUiOjkwMDAwMDAwMDAwMH19",
          "dependencies": [
            "module.cos.data.ibm_resource_group.resource_group",
            "module.cos.null_resource.print_names",
            "module.resource_group.module.clis.data.external.setup-binaries",
            "module.resource_group.module.clis.null_resource.print",
            "module.resource_group.module.clis.random_string.uuid",
            "module.resource_group.null_resource.resource_group",
            "module.resource_group.null_resource.volumes",
            "module.resource_group.null_resource.wait_for_sync",
            "module.resource_group.random_uuid.tag"
          ]
        }
      ]
    },
    {
      "module": "module.cos",
      "mode": "managed",
      "type": "ibm_resource_key",
      "name": "cos_credentials",
      "provider": "provider[\"registry.terraform.io/ibm-cloud/ibm\"]",
      "instances": [
        {
          "schema_version": 0,
          "attributes": {
            "account_id": "f2d7386c3c18406b9e2eed413aa7d007",
            "created_at": "2022-12-13T23:46:15.171Z",
            "created_by": "IBMid-310001S8XR",
            "credentials": {
              "apikey": "OIl7ax7ba2Rg0vPqw1Liku9Odli5c6C0WUCAgPUGPUwZ",
              "cos_hmac_keys.access_key_id": "3c19f181c56f4885b9676934b8a90fc0",
              "cos_hmac_keys.secret_access_key": "d5f4501834c6ccb2abba933c5e38ec2813d4dfbef62464ac",
              "endpoints": "https://control.cloud-object-storage.cloud.ibm.com/v2/endpoints",
              "iam_apikey_description": "Auto-generated for key crn:v1:bluemix:public:cloud-object-storage:global:a/f2d7386c3c18406b9e2eed413aa7d007:15ffbde9-9927-4170-9e8b-97bc09bebd41:resource-key:3c19f181-c56f-4885-b967-6934b8a90fc0",
              "iam_apikey_name": "dev_sf_service-cos-key",
              "iam_role_crn": "crn:v1:bluemix:public:iam::::serviceRole:Manager",
              "iam_serviceid_crn": "crn:v1:bluemix:public:iam-identity::a/f2d7386c3c18406b9e2eed413aa7d007::serviceid:ServiceId-c1474ab4-2b92-47bd-89a7-8a850af2de19",
              "resource_instance_id": "crn:v1:bluemix:public:cloud-object-storage:global:a/f2d7386c3c18406b9e2eed413aa7d007:15ffbde9-9927-4170-9e8b-97bc09bebd41::"
            },
            "credentials_json": "{\"apikey\":\"OIl7ax7ba2Rg0vPqw1Liku9Odli5c6C0WUCAgPUGPUwZ\",\"cos_hmac_keys\":{\"access_key_id\":\"3c19f181c56f4885b9676934b8a90fc0\",\"secret_access_key\":\"d5f4501834c6ccb2abba933c5e38ec2813d4dfbef62464ac\"},\"endpoints\":\"https://control.cloud-object-storage.cloud.ibm.com/v2/endpoints\",\"iam_apikey_description\":\"Auto-generated for key crn:v1:bluemix:public:cloud-object-storage:global:a/f2d7386c3c18406b9e2eed413aa7d007:15ffbde9-9927-4170-9e8b-97bc09bebd41:resource-key:3c19f181-c56f-4885-b967-6934b8a90fc0\",\"iam_apikey_name\":\"dev_sf_service-cos-key\",\"iam_role_crn\":\"crn:v1:bluemix:public:iam::::serviceRole:Manager\",\"iam_serviceid_crn\":\"crn:v1:bluemix:public:iam-identity::a/f2d7386c3c18406b9e2eed413aa7d007::serviceid:ServiceId-c1474ab4-2b92-47bd-89a7-8a850af2de19\",\"resource_instance_id\":\"crn:v1:bluemix:public:cloud-object-storage:global:a/f2d7386c3c18406b9e2eed413aa7d007:15ffbde9-9927-4170-9e8b-97bc09bebd41::\"}",
            "crn": "crn:v1:bluemix:public:cloud-object-storage:global:a/f2d7386c3c18406b9e2eed413aa7d007:15ffbde9-9927-4170-9e8b-97bc09bebd41:resource-key:3c19f181-c56f-4885-b967-6934b8a90fc0",
            "deleted_at": "",
            "deleted_by": "",
            "guid": "3c19f181-c56f-4885-b967-6934b8a90fc0",
            "iam_compatible": true,
            "id": "crn:v1:bluemix:public:cloud-object-storage:global:a/f2d7386c3c18406b9e2eed413aa7d007:15ffbde9-9927-4170-9e8b-97bc09bebd41:resource-key:3c19f181-c56f-4885-b967-6934b8a90fc0",
            "name": "dev_sf_service-cos-key",
            "parameters": {
              "HMAC": "true"
            },
            "resource_alias_id": null,
            "resource_group_id": "e999b6f0e8da434ba50b4beb97dc9ccb",
            "resource_instance_id": "crn:v1:bluemix:public:cloud-object-storage:global:a/f2d7386c3c18406b9e2eed413aa7d007:15ffbde9-9927-4170-9e8b-97bc09bebd41::",
            "resource_instance_url": "/v2/resource_instances/15ffbde9-9927-4170-9e8b-97bc09bebd41",
            "role": "Manager",
            "source_crn": "crn:v1:bluemix:public:cloud-object-storage:global:a/f2d7386c3c18406b9e2eed413aa7d007:15ffbde9-9927-4170-9e8b-97bc09bebd41::",
            "state": "active",
            "status": "active",
            "tags": null,
            "timeouts": {
              "create": "15m",
              "delete": "15m"
            },
            "updated_at": "2022-12-13T23:46:15.171Z",
            "updated_by": "",
            "url": "/v2/resource_keys/3c19f181-c56f-4885-b967-6934b8a90fc0"
          },
          "sensitive_attributes": [],
          "private": "eyJlMmJmYjczMC1lY2FhLTExZTYtOGY4OC0zNDM2M2JjN2M0YzAiOnsiY3JlYXRlIjo5MDAwMDAwMDAwMDAsImRlbGV0ZSI6OTAwMDAwMDAwMDAwfX0=",
          "dependencies": [
            "module.cos.data.ibm_resource_group.resource_group",
            "module.cos.data.ibm_resource_instance.cos_instance",
            "module.cos.ibm_resource_instance.cos_instance",
            "module.cos.null_resource.print_names",
            "module.resource_group.module.clis.data.external.setup-binaries",
            "module.resource_group.module.clis.null_resource.print",
            "module.resource_group.module.clis.random_string.uuid",
            "module.resource_group.null_resource.resource_group",
            "module.resource_group.null_resource.volumes",
            "module.resource_group.null_resource.wait_for_sync",
            "module.resource_group.random_uuid.tag"
          ]
        }
      ]
    },
    {
      "module": "module.cos",
      "mode": "managed",
      "type": "null_resource",
      "name": "print_names",
      "provider": "provider[\"registry.terraform.io/hashicorp/null\"]",
      "instances": [
        {
          "schema_version": 0,
          "attributes": {
            "id": "2833081590662207714",
            "triggers": null
          },
          "sensitive_attributes": [],
          "dependencies": [
            "module.resource_group.module.clis.data.external.setup-binaries",
            "module.resource_group.module.clis.null_resource.print",
            "module.resource_group.module.clis.random_string.uuid",
            "module.resource_group.null_resource.resource_group",
            "module.resource_group.null_resource.volumes",
            "module.resource_group.null_resource.wait_for_sync",
            "module.resource_group.random_uuid.tag"
          ]
        }
      ]
    },
    {
      "module": "module.cos.module.clis",
      "mode": "data",
      "type": "external",
      "name": "setup-binaries",
      "provider": "provider[\"registry.terraform.io/hashicorp/external\"]",
      "instances": [
        {
          "schema_version": 0,
          "attributes": {
            "id": "-",
            "program": [
              "bash",
              ".terraform/modules/cos.clis/scripts/setup-binaries.sh"
            ],
            "query": {
              "bin_dir": "/home/anton/code/workspaces/current/105-ibm-vpc-openshift/bin2",
              "clis": "jq",
              "uuid": "gflfzajbxenbagas"
            },
            "result": {
              "bin_dir": "/home/anton/code/workspaces/current/105-ibm-vpc-openshift/bin2",
              "message": "success",
              "status": "success",
              "type": ""
            },
            "working_dir": null
          },
          "sensitive_attributes": []
        }
      ]
    },
    {
      "module": "module.cos.module.clis",
      "mode": "managed",
      "type": "null_resource",
      "name": "print",
      "provider": "provider[\"registry.terraform.io/hashicorp/null\"]",
      "instances": [
        {
          "schema_version": 0,
          "attributes": {
            "id": "1310248448571569056",
            "triggers": null
          },
          "sensitive_attributes": []
        }
      ]
    },
    {
      "module": "module.cos.module.clis",
      "mode": "managed",
      "type": "random_string",
      "name": "uuid",
      "provider": "provider[\"registry.terraform.io/hashicorp/random\"]",
      "instances": [
        {
          "schema_version": 2,
          "attributes": {
            "id": "gflfzajbxenbagas",
            "keepers": null,
            "length": 16,
            "lower": true,
            "min_lower": 0,
            "min_numeric": 0,
            "min_special": 0,
            "min_upper": 0,
            "number": false,
            "numeric": false,
            "override_special": null,
            "result": "gflfzajbxenbagas",
            "special": false,
            "upper": false
          },
          "sensitive_attributes": []
        }
      ]
    },
    {
      "module": "module.ibm-access-group",
      "mode": "data",
      "type": "ibm_iam_access_group",
      "name": "admins",
      "provider": "provider[\"registry.terraform.io/ibm-cloud/ibm\"]",
      "instances": [
        {
          "schema_version": 0,
          "attributes": {
            "access_group_name": "DEV_SF_ADMIN",
            "groups": [
              {
                "description": "admin group for dev_sf [c4f72060-252f-4919-f01e-a058c82f65e5]",
                "iam_profile_ids": [],
                "iam_service_ids": [],
                "ibm_ids": [],
                "id": "AccessGroupId-1dfa2c5b-26e4-4ffa-a730-de44783978ce",
                "name": "DEV_SF_ADMIN",
                "rules": []
              }
            ],
            "id": "f2d7386c3c18406b9e2eed413aa7d007"
          },
          "sensitive_attributes": []
        }
      ]
    },
    {
      "module": "module.ibm-access-group",
      "mode": "data",
      "type": "ibm_iam_access_group",
      "name": "editors",
      "provider": "provider[\"registry.terraform.io/ibm-cloud/ibm\"]",
      "instances": [
        {
          "schema_version": 0,
          "attributes": {
            "access_group_name": "DEV_SF_EDIT",
            "groups": [
              {
                "description": "edit group for dev_sf [c4f72060-252f-4919-f01e-a058c82f65e5]",
                "iam_profile_ids": [],
                "iam_service_ids": [],
                "ibm_ids": [],
                "id": "AccessGroupId-8f1100c2-c63b-48b5-ba33-8927547d53e5",
                "name": "DEV_SF_EDIT",
                "rules": []
              }
            ],
            "id": "f2d7386c3c18406b9e2eed413aa7d007"
          },
          "sensitive_attributes": []
        }
      ]
    },
    {
      "module": "module.ibm-access-group",
      "mode": "data",
      "type": "ibm_iam_access_group",
      "name": "viewers",
      "provider": "provider[\"registry.terraform.io/ibm-cloud/ibm\"]",
      "instances": [
        {
          "schema_version": 0,
          "attributes": {
            "access_group_name": "DEV_SF_VIEW",
            "groups": [
              {
                "description": "view group for dev_sf [c4f72060-252f-4919-f01e-a058c82f65e5]",
                "iam_profile_ids": [],
                "iam_service_ids": [],
                "ibm_ids": [],
                "id": "AccessGroupId-ddfdb4c7-6f96-476f-abe2-9a89d72349d4",
                "name": "DEV_SF_VIEW",
                "rules": []
              }
            ],
            "id": "f2d7386c3c18406b9e2eed413aa7d007"
          },
          "sensitive_attributes": []
        }
      ]
    },
    {
      "module": "module.ibm-access-group",
      "mode": "data",
      "type": "ibm_resource_group",
      "name": "resource_group",
      "provider": "provider[\"registry.terraform.io/ibm-cloud/ibm\"]",
      "instances": [
        {
          "schema_version": 0,
          "attributes": {
            "account_id": "f2d7386c3c18406b9e2eed413aa7d007",
            "created_at": "2022-12-13T23:45:52.415Z",
            "crn": "crn:v1:bluemix:public:resource-controller::a/f2d7386c3c18406b9e2eed413aa7d007::resource-group:e999b6f0e8da434ba50b4beb97dc9ccb",
            "id": "e999b6f0e8da434ba50b4beb97dc9ccb",
            "is_default": false,
            "name": "dev_sf",
            "payment_methods_url": null,
            "quota_id": "a3d7b8d01e261c24677937c29ab33f3c",
            "quota_url": "/v2/quota_definitions/a3d7b8d01e261c24677937c29ab33f3c",
            "resource_linkages": [],
            "state": "ACTIVE",
            "teams_url": null,
            "updated_at": "2022-12-13T23:45:52.415Z"
          },
          "sensitive_attributes": []
        }
      ]
    },
    {
      "module": "module.ibm-access-group",
      "mode": "managed",
      "type": "null_resource",
      "name": "admin_policy_1",
      "provider": "provider[\"registry.terraform.io/hashicorp/null\"]",
      "instances": [
        {
          "schema_version": 0,
          "attributes": {
            "id": "5649687104078562817",
            "triggers": {
              "access_group_id": "AccessGroupId-1dfa2c5b-26e4-4ffa-a730-de44783978ce",
              "attributes": "{ \"name\": \"resourceGroupId\", \"value\": \"e999b6f0e8da434ba50b4beb97dc9ccb\" }",
              "bin_dir": "/home/anton/code/workspaces/current/105-ibm-vpc-openshift/bin2",
              "description": "admin_policy_1 group for [c4f72060-252f-4919-f01e-a058c82f65e5]",
              "ibmcloud_api_key": "MDZQYjBTemgzSUEzU3piMTBHOVBDMXFvMEZKX21sU0l1M3BXNmU3N2xIUmc=",
              "roles": "[\"Editor\", \"Manager\"]"
            }
          },
          "sensitive_attributes": [],
          "dependencies": [
            "module.ibm-access-group.data.ibm_iam_access_group.admins",
            "module.ibm-access-group.data.ibm_resource_group.resource_group",
            "module.ibm-access-group.module.clis.data.external.setup-binaries",
            "module.ibm-access-group.module.clis.null_resource.print",
            "module.ibm-access-group.module.clis.random_string.uuid",
            "module.ibm-access-group.null_resource.create_access_groups",
            "module.ibm-access-group.null_resource.print_names",
            "module.ibm-access-group.random_uuid.tag",
            "module.resource_group.module.clis.data.external.setup-binaries",
            "module.resource_group.module.clis.null_resource.print",
            "module.resource_group.module.clis.random_string.uuid",
            "module.resource_group.null_resource.resource_group",
            "module.resource_group.null_resource.volumes",
            "module.resource_group.null_resource.wait_for_sync",
            "module.resource_group.random_uuid.tag"
          ]
        }
      ]
    },
    {
      "module": "module.ibm-access-group",
      "mode": "managed",
      "type": "null_resource",
      "name": "admin_policy_2",
      "provider": "provider[\"registry.terraform.io/hashicorp/null\"]",
      "instances": [
        {
          "schema_version": 0,
          "attributes": {
            "id": "3351524982211720297",
            "triggers": {
              "access_group_id": "AccessGroupId-1dfa2c5b-26e4-4ffa-a730-de44783978ce",
              "attributes": "{ \"name\":\"resourceType\", \"value\": \"resource-group\"}, {\"name\": \"resource\", \"value\": \"dev_sf\" }",
              "bin_dir": "/home/anton/code/workspaces/current/105-ibm-vpc-openshift/bin2",
              "description": "admin_policy_2 group for [c4f72060-252f-4919-f01e-a058c82f65e5]",
              "ibmcloud_api_key": "MDZQYjBTemgzSUEzU3piMTBHOVBDMXFvMEZKX21sU0l1M3BXNmU3N2xIUmc=",
              "roles": "[\"Viewer\"]"
            }
          },
          "sensitive_attributes": [],
          "dependencies": [
            "module.ibm-access-group.data.ibm_iam_access_group.admins",
            "module.ibm-access-group.module.clis.data.external.setup-binaries",
            "module.ibm-access-group.module.clis.null_resource.print",
            "module.ibm-access-group.module.clis.random_string.uuid",
            "module.ibm-access-group.null_resource.create_access_groups",
            "module.ibm-access-group.random_uuid.tag",
            "module.resource_group.module.clis.data.external.setup-binaries",
            "module.resource_group.module.clis.null_resource.print",
            "module.resource_group.module.clis.random_string.uuid",
            "module.resource_group.null_resource.resource_group",
            "module.resource_group.null_resource.volumes",
            "module.resource_group.null_resource.wait_for_sync",
            "module.resource_group.random_uuid.tag"
          ]
        }
      ]
    },
    {
      "module": "module.ibm-access-group",
      "mode": "managed",
      "type": "null_resource",
      "name": "admin_policy_3",
      "provider": "provider[\"registry.terraform.io/hashicorp/null\"]",
      "instances": [
        {
          "schema_version": 0,
          "attributes": {
            "id": "8954894334892109413",
            "triggers": {
              "access_group_id": "AccessGroupId-1dfa2c5b-26e4-4ffa-a730-de44783978ce",
              "attributes": "{ \"name\": \"serviceName\",  \"value\":\"containers-kubernetes\"}, { \"name\": \"resourceGroupId\", \"value\": \"e999b6f0e8da434ba50b4beb97dc9ccb\"}",
              "bin_dir": "/home/anton/code/workspaces/current/105-ibm-vpc-openshift/bin2",
              "description": "admin_policy_3 group for [c4f72060-252f-4919-f01e-a058c82f65e5]",
              "ibmcloud_api_key": "MDZQYjBTemgzSUEzU3piMTBHOVBDMXFvMEZKX21sU0l1M3BXNmU3N2xIUmc=",
              "roles": "[\"Administrator\", \"Manager\"]"
            }
          },
          "sensitive_attributes": [],
          "dependencies": [
            "module.ibm-access-group.data.ibm_iam_access_group.admins",
            "module.ibm-access-group.data.ibm_resource_group.resource_group",
            "module.ibm-access-group.module.clis.data.external.setup-binaries",
            "module.ibm-access-group.module.clis.null_resource.print",
            "module.ibm-access-group.module.clis.random_string.uuid",
            "module.ibm-access-group.null_resource.create_access_groups",
            "module.ibm-access-group.null_resource.print_names",
            "module.ibm-access-group.random_uuid.tag",
            "module.resource_group.module.clis.data.external.setup-binaries",
            "module.resource_group.module.clis.null_resource.print",
            "module.resource_group.module.clis.random_string.uuid",
            "module.resource_group.null_resource.resource_group",
            "module.resource_group.null_resource.volumes",
            "module.resource_group.null_resource.wait_for_sync",
            "module.resource_group.random_uuid.tag"
          ]
        }
      ]
    },
    {
      "module": "module.ibm-access-group",
      "mode": "managed",
      "type": "null_resource",
      "name": "admin_policy_4",
      "provider": "provider[\"registry.terraform.io/hashicorp/null\"]",
      "instances": [
        {
          "schema_version": 0,
          "attributes": {
            "id": "5270270665144823197",
            "triggers": {
              "access_group_id": "AccessGroupId-1dfa2c5b-26e4-4ffa-a730-de44783978ce",
              "attributes": "{ \"name\": \"serviceName\", \"value\": \"container-registry\" }",
              "bin_dir": "/home/anton/code/workspaces/current/105-ibm-vpc-openshift/bin2",
              "description": "admin_policy_4 group for [c4f72060-252f-4919-f01e-a058c82f65e5]",
              "ibmcloud_api_key": "MDZQYjBTemgzSUEzU3piMTBHOVBDMXFvMEZKX21sU0l1M3BXNmU3N2xIUmc=",
              "roles": "[\"Administrator\", \"Manager\"]"
            }
          },
          "sensitive_attributes": [],
          "dependencies": [
            "module.ibm-access-group.data.ibm_iam_access_group.admins",
            "module.ibm-access-group.module.clis.data.external.setup-binaries",
            "module.ibm-access-group.module.clis.null_resource.print",
            "module.ibm-access-group.module.clis.random_string.uuid",
            "module.ibm-access-group.null_resource.create_access_groups",
            "module.ibm-access-group.random_uuid.tag",
            "module.resource_group.module.clis.data.external.setup-binaries",
            "module.resource_group.module.clis.null_resource.print",
            "module.resource_group.module.clis.random_string.uuid",
            "module.resource_group.null_resource.resource_group",
            "module.resource_group.null_resource.volumes",
            "module.resource_group.null_resource.wait_for_sync",
            "module.resource_group.random_uuid.tag"
          ]
        }
      ]
    },
    {
      "module": "module.ibm-access-group",
      "mode": "managed",
      "type": "null_resource",
      "name": "create_access_groups",
      "provider": "provider[\"registry.terraform.io/hashicorp/null\"]",
      "instances": [
        {
          "index_key": 0,
          "schema_version": 0,
          "attributes": {
            "id": "8412478689143895292",
            "triggers": {
              "bin_dir": "/home/anton/code/workspaces/current/105-ibm-vpc-openshift/bin2",
              "description": "admin group for dev_sf [c4f72060-252f-4919-f01e-a058c82f65e5]",
              "group": "DEV_SF_ADMIN",
              "ibmcloud_api_key": "MDZQYjBTemgzSUEzU3piMTBHOVBDMXFvMEZKX21sU0l1M3BXNmU3N2xIUmc=",
              "page_limit": "50"
            }
          },
          "sensitive_attributes": [],
          "dependencies": [
            "module.ibm-access-group.module.clis.data.external.setup-binaries",
            "module.ibm-access-group.module.clis.null_resource.print",
            "module.ibm-access-group.module.clis.random_string.uuid",
            "module.ibm-access-group.random_uuid.tag",
            "module.resource_group.module.clis.data.external.setup-binaries",
            "module.resource_group.module.clis.null_resource.print",
            "module.resource_group.module.clis.random_string.uuid",
            "module.resource_group.null_resource.resource_group",
            "module.resource_group.null_resource.volumes",
            "module.resource_group.null_resource.wait_for_sync",
            "module.resource_group.random_uuid.tag"
          ]
        },
        {
          "index_key": 1,
          "schema_version": 0,
          "attributes": {
            "id": "2362160156361711001",
            "triggers": {
              "bin_dir": "/home/anton/code/workspaces/current/105-ibm-vpc-openshift/bin2",
              "description": "edit group for dev_sf [c4f72060-252f-4919-f01e-a058c82f65e5]",
              "group": "DEV_SF_EDIT",
              "ibmcloud_api_key": "MDZQYjBTemgzSUEzU3piMTBHOVBDMXFvMEZKX21sU0l1M3BXNmU3N2xIUmc=",
              "page_limit": "50"
            }
          },
          "sensitive_attributes": [],
          "dependencies": [
            "module.ibm-access-group.module.clis.data.external.setup-binaries",
            "module.ibm-access-group.module.clis.null_resource.print",
            "module.ibm-access-group.module.clis.random_string.uuid",
            "module.ibm-access-group.random_uuid.tag",
            "module.resource_group.module.clis.data.external.setup-binaries",
            "module.resource_group.module.clis.null_resource.print",
            "module.resource_group.module.clis.random_string.uuid",
            "module.resource_group.null_resource.resource_group",
            "module.resource_group.null_resource.volumes",
            "module.resource_group.null_resource.wait_for_sync",
            "module.resource_group.random_uuid.tag"
          ]
        },
        {
          "index_key": 2,
          "schema_version": 0,
          "attributes": {
            "id": "2937066100058152635",
            "triggers": {
              "bin_dir": "/home/anton/code/workspaces/current/105-ibm-vpc-openshift/bin2",
              "description": "view group for dev_sf [c4f72060-252f-4919-f01e-a058c82f65e5]",
              "group": "DEV_SF_VIEW",
              "ibmcloud_api_key": "MDZQYjBTemgzSUEzU3piMTBHOVBDMXFvMEZKX21sU0l1M3BXNmU3N2xIUmc=",
              "page_limit": "50"
            }
          },
          "sensitive_attributes": [],
          "dependencies": [
            "module.ibm-access-group.module.clis.data.external.setup-binaries",
            "module.ibm-access-group.module.clis.null_resource.print",
            "module.ibm-access-group.module.clis.random_string.uuid",
            "module.ibm-access-group.random_uuid.tag",
            "module.resource_group.module.clis.data.external.setup-binaries",
            "module.resource_group.module.clis.null_resource.print",
            "module.resource_group.module.clis.random_string.uuid",
            "module.resource_group.null_resource.resource_group",
            "module.resource_group.null_resource.volumes",
            "module.resource_group.null_resource.wait_for_sync",
            "module.resource_group.random_uuid.tag"
          ]
        }
      ]
    },
    {
      "module": "module.ibm-access-group",
      "mode": "managed",
      "type": "null_resource",
      "name": "edit_policy_1",
      "provider": "provider[\"registry.terraform.io/hashicorp/null\"]",
      "instances": [
        {
          "schema_version": 0,
          "attributes": {
            "id": "7688901116001130365",
            "triggers": {
              "access_group_id": "AccessGroupId-8f1100c2-c63b-48b5-ba33-8927547d53e5",
              "attributes": "{ \"name\": \"resourceGroupId\", \"value\": \"e999b6f0e8da434ba50b4beb97dc9ccb\" }",
              "bin_dir": "/home/anton/code/workspaces/current/105-ibm-vpc-openshift/bin2",
              "description": "edit_policy_1 group for [c4f72060-252f-4919-f01e-a058c82f65e5]",
              "ibmcloud_api_key": "MDZQYjBTemgzSUEzU3piMTBHOVBDMXFvMEZKX21sU0l1M3BXNmU3N2xIUmc=",
              "roles": "[\"Viewer\", \"Manager\"]"
            }
          },
          "sensitive_attributes": [],
          "dependencies": [
            "module.ibm-access-group.data.ibm_iam_access_group.editors",
            "module.ibm-access-group.data.ibm_resource_group.resource_group",
            "module.ibm-access-group.module.clis.data.external.setup-binaries",
            "module.ibm-access-group.module.clis.null_resource.print",
            "module.ibm-access-group.module.clis.random_string.uuid",
            "module.ibm-access-group.null_resource.create_access_groups",
            "module.ibm-access-group.null_resource.print_names",
            "module.ibm-access-group.random_uuid.tag",
            "module.resource_group.module.clis.data.external.setup-binaries",
            "module.resource_group.module.clis.null_resource.print",
            "module.resource_group.module.clis.random_string.uuid",
            "module.resource_group.null_resource.resource_group",
            "module.resource_group.null_resource.volumes",
            "module.resource_group.null_resource.wait_for_sync",
            "module.resource_group.random_uuid.tag"
          ]
        }
      ]
    },
    {
      "module": "module.ibm-access-group",
      "mode": "managed",
      "type": "null_resource",
      "name": "edit_policy_2",
      "provider": "provider[\"registry.terraform.io/hashicorp/null\"]",
      "instances": [
        {
          "schema_version": 0,
          "attributes": {
            "id": "3546118391759084885",
            "triggers": {
              "access_group_id": "AccessGroupId-8f1100c2-c63b-48b5-ba33-8927547d53e5",
              "attributes": "{ \"name\":\"resourceType\", \"value\": \"resource-group\"}, {\"name\": \"resource\", \"value\": \"dev_sf\" }",
              "bin_dir": "/home/anton/code/workspaces/current/105-ibm-vpc-openshift/bin2",
              "description": "edit_policy_2 group for [c4f72060-252f-4919-f01e-a058c82f65e5]",
              "ibmcloud_api_key": "MDZQYjBTemgzSUEzU3piMTBHOVBDMXFvMEZKX21sU0l1M3BXNmU3N2xIUmc=",
              "roles": "[\"Viewer\"]"
            }
          },
          "sensitive_attributes": [],
          "dependencies": [
            "module.ibm-access-group.data.ibm_iam_access_group.editors",
            "module.ibm-access-group.module.clis.data.external.setup-binaries",
            "module.ibm-access-group.module.clis.null_resource.print",
            "module.ibm-access-group.module.clis.random_string.uuid",
            "module.ibm-access-group.null_resource.create_access_groups",
            "module.ibm-access-group.random_uuid.tag",
            "module.resource_group.module.clis.data.external.setup-binaries",
            "module.resource_group.module.clis.null_resource.print",
            "module.resource_group.module.clis.random_string.uuid",
            "module.resource_group.null_resource.resource_group",
            "module.resource_group.null_resource.volumes",
            "module.resource_group.null_resource.wait_for_sync",
            "module.resource_group.random_uuid.tag"
          ]
        }
      ]
    },
    {
      "module": "module.ibm-access-group",
      "mode": "managed",
      "type": "null_resource",
      "name": "edit_policy_3",
      "provider": "provider[\"registry.terraform.io/hashicorp/null\"]",
      "instances": [
        {
          "schema_version": 0,
          "attributes": {
            "id": "5705884004323041863",
            "triggers": {
              "access_group_id": "AccessGroupId-8f1100c2-c63b-48b5-ba33-8927547d53e5",
              "attributes": "{ \"name\": \"serviceName\",  \"value\":\"containers-kubernetes\"}, { \"name\": \"resourceGroupId\", \"value\": \"e999b6f0e8da434ba50b4beb97dc9ccb\"}",
              "bin_dir": "/home/anton/code/workspaces/current/105-ibm-vpc-openshift/bin2",
              "description": "edit_policy_3 group for [c4f72060-252f-4919-f01e-a058c82f65e5]",
              "ibmcloud_api_key": "MDZQYjBTemgzSUEzU3piMTBHOVBDMXFvMEZKX21sU0l1M3BXNmU3N2xIUmc=",
              "roles": "[\"Editor\", \"Writer\"]"
            }
          },
          "sensitive_attributes": [],
          "dependencies": [
            "module.ibm-access-group.data.ibm_iam_access_group.editors",
            "module.ibm-access-group.data.ibm_resource_group.resource_group",
            "module.ibm-access-group.module.clis.data.external.setup-binaries",
            "module.ibm-access-group.module.clis.null_resource.print",
            "module.ibm-access-group.module.clis.random_string.uuid",
            "module.ibm-access-group.null_resource.create_access_groups",
            "module.ibm-access-group.null_resource.print_names",
            "module.ibm-access-group.random_uuid.tag",
            "module.resource_group.module.clis.data.external.setup-binaries",
            "module.resource_group.module.clis.null_resource.print",
            "module.resource_group.module.clis.random_string.uuid",
            "module.resource_group.null_resource.resource_group",
            "module.resource_group.null_resource.volumes",
            "module.resource_group.null_resource.wait_for_sync",
            "module.resource_group.random_uuid.tag"
          ]
        }
      ]
    },
    {
      "module": "module.ibm-access-group",
      "mode": "managed",
      "type": "null_resource",
      "name": "edit_policy_4",
      "provider": "provider[\"registry.terraform.io/hashicorp/null\"]",
      "instances": [
        {
          "schema_version": 0,
          "attributes": {
            "id": "1656396436023016320",
            "triggers": {
              "access_group_id": "AccessGroupId-8f1100c2-c63b-48b5-ba33-8927547d53e5",
              "attributes": "{ \"name\":\"resourceType\", \"value\": \"namespace\"}, { \"name\": \"serviceName\", \"value\": \"container-registry\" }, { \"name\": \"resourceGroupId\", \"value\": \"e999b6f0e8da434ba50b4beb97dc9ccb\"}",
              "bin_dir": "/home/anton/code/workspaces/current/105-ibm-vpc-openshift/bin2",
              "description": "edit_policy_4 group for [c4f72060-252f-4919-f01e-a058c82f65e5]",
              "ibmcloud_api_key": "MDZQYjBTemgzSUEzU3piMTBHOVBDMXFvMEZKX21sU0l1M3BXNmU3N2xIUmc=",
              "roles": "[\"Reader\", \"Writer\"]"
            }
          },
          "sensitive_attributes": [],
          "dependencies": [
            "module.ibm-access-group.data.ibm_iam_access_group.editors",
            "module.ibm-access-group.data.ibm_resource_group.resource_group",
            "module.ibm-access-group.module.clis.data.external.setup-binaries",
            "module.ibm-access-group.module.clis.null_resource.print",
            "module.ibm-access-group.module.clis.random_string.uuid",
            "module.ibm-access-group.null_resource.create_access_groups",
            "module.ibm-access-group.null_resource.print_names",
            "module.ibm-access-group.random_uuid.tag",
            "module.resource_group.module.clis.data.external.setup-binaries",
            "module.resource_group.module.clis.null_resource.print",
            "module.resource_group.module.clis.random_string.uuid",
            "module.resource_group.null_resource.resource_group",
            "module.resource_group.null_resource.volumes",
            "module.resource_group.null_resource.wait_for_sync",
            "module.resource_group.random_uuid.tag"
          ]
        }
      ]
    },
    {
      "module": "module.ibm-access-group",
      "mode": "managed",
      "type": "null_resource",
      "name": "print_names",
      "provider": "provider[\"registry.terraform.io/hashicorp/null\"]",
      "instances": [
        {
          "schema_version": 0,
          "attributes": {
            "id": "5980009083532821170",
            "triggers": null
          },
          "sensitive_attributes": [],
          "dependencies": [
            "module.resource_group.module.clis.data.external.setup-binaries",
            "module.resource_group.module.clis.null_resource.print",
            "module.resource_group.module.clis.random_string.uuid",
            "module.resource_group.null_resource.resource_group",
            "module.resource_group.null_resource.volumes",
            "module.resource_group.null_resource.wait_for_sync",
            "module.resource_group.random_uuid.tag"
          ]
        }
      ]
    },
    {
      "module": "module.ibm-access-group",
      "mode": "managed",
      "type": "null_resource",
      "name": "view_policy_1",
      "provider": "provider[\"registry.terraform.io/hashicorp/null\"]",
      "instances": [
        {
          "schema_version": 0,
          "attributes": {
            "id": "1116937285809500282",
            "triggers": {
              "access_group_id": "AccessGroupId-ddfdb4c7-6f96-476f-abe2-9a89d72349d4",
              "attributes": "{ \"name\": \"resourceGroupId\", \"value\": \"e999b6f0e8da434ba50b4beb97dc9ccb\" }",
              "bin_dir": "/home/anton/code/workspaces/current/105-ibm-vpc-openshift/bin2",
              "description": "view_policy_1 group for [c4f72060-252f-4919-f01e-a058c82f65e5]",
              "ibmcloud_api_key": "MDZQYjBTemgzSUEzU3piMTBHOVBDMXFvMEZKX21sU0l1M3BXNmU3N2xIUmc=",
              "roles": "[\"Viewer\", \"Reader\"]"
            }
          },
          "sensitive_attributes": [],
          "dependencies": [
            "module.ibm-access-group.data.ibm_iam_access_group.viewers",
            "module.ibm-access-group.data.ibm_resource_group.resource_group",
            "module.ibm-access-group.module.clis.data.external.setup-binaries",
            "module.ibm-access-group.module.clis.null_resource.print",
            "module.ibm-access-group.module.clis.random_string.uuid",
            "module.ibm-access-group.null_resource.create_access_groups",
            "module.ibm-access-group.null_resource.print_names",
            "module.ibm-access-group.random_uuid.tag",
            "module.resource_group.module.clis.data.external.setup-binaries",
            "module.resource_group.module.clis.null_resource.print",
            "module.resource_group.module.clis.random_string.uuid",
            "module.resource_group.null_resource.resource_group",
            "module.resource_group.null_resource.volumes",
            "module.resource_group.null_resource.wait_for_sync",
            "module.resource_group.random_uuid.tag"
          ]
        }
      ]
    },
    {
      "module": "module.ibm-access-group",
      "mode": "managed",
      "type": "null_resource",
      "name": "view_policy_2",
      "provider": "provider[\"registry.terraform.io/hashicorp/null\"]",
      "instances": [
        {
          "schema_version": 0,
          "attributes": {
            "id": "7344555501122548345",
            "triggers": {
              "access_group_id": "AccessGroupId-ddfdb4c7-6f96-476f-abe2-9a89d72349d4",
              "attributes": "{ \"name\":\"resourceType\", \"value\": \"resource-group\"}, {\"name\": \"resource\", \"value\": \"dev_sf\" }",
              "bin_dir": "/home/anton/code/workspaces/current/105-ibm-vpc-openshift/bin2",
              "description": "view_policy_2 group for [c4f72060-252f-4919-f01e-a058c82f65e5]",
              "ibmcloud_api_key": "MDZQYjBTemgzSUEzU3piMTBHOVBDMXFvMEZKX21sU0l1M3BXNmU3N2xIUmc=",
              "roles": "[\"Viewer\"]"
            }
          },
          "sensitive_attributes": [],
          "dependencies": [
            "module.ibm-access-group.data.ibm_iam_access_group.viewers",
            "module.ibm-access-group.module.clis.data.external.setup-binaries",
            "module.ibm-access-group.module.clis.null_resource.print",
            "module.ibm-access-group.module.clis.random_string.uuid",
            "module.ibm-access-group.null_resource.create_access_groups",
            "module.ibm-access-group.random_uuid.tag",
            "module.resource_group.module.clis.data.external.setup-binaries",
            "module.resource_group.module.clis.null_resource.print",
            "module.resource_group.module.clis.random_string.uuid",
            "module.resource_group.null_resource.resource_group",
            "module.resource_group.null_resource.volumes",
            "module.resource_group.null_resource.wait_for_sync",
            "module.resource_group.random_uuid.tag"
          ]
        }
      ]
    },
    {
      "module": "module.ibm-access-group",
      "mode": "managed",
      "type": "null_resource",
      "name": "view_policy_3",
      "provider": "provider[\"registry.terraform.io/hashicorp/null\"]",
      "instances": [
        {
          "schema_version": 0,
          "attributes": {
            "id": "8761648350876252561",
            "triggers": {
              "access_group_id": "AccessGroupId-ddfdb4c7-6f96-476f-abe2-9a89d72349d4",
              "attributes": "{ \"name\": \"serviceName\",  \"value\":\"containers-kubernetes\"}, { \"name\": \"resourceGroupId\", \"value\": \"e999b6f0e8da434ba50b4beb97dc9ccb\"}",
              "bin_dir": "/home/anton/code/workspaces/current/105-ibm-vpc-openshift/bin2",
              "description": "view_policy_3 group for [c4f72060-252f-4919-f01e-a058c82f65e5]",
              "ibmcloud_api_key": "MDZQYjBTemgzSUEzU3piMTBHOVBDMXFvMEZKX21sU0l1M3BXNmU3N2xIUmc=",
              "roles": "[\"Viewer\", \"Reader\"]"
            }
          },
          "sensitive_attributes": [],
          "dependencies": [
            "module.ibm-access-group.data.ibm_iam_access_group.viewers",
            "module.ibm-access-group.data.ibm_resource_group.resource_group",
            "module.ibm-access-group.module.clis.data.external.setup-binaries",
            "module.ibm-access-group.module.clis.null_resource.print",
            "module.ibm-access-group.module.clis.random_string.uuid",
            "module.ibm-access-group.null_resource.create_access_groups",
            "module.ibm-access-group.null_resource.print_names",
            "module.ibm-access-group.random_uuid.tag",
            "module.resource_group.module.clis.data.external.setup-binaries",
            "module.resource_group.module.clis.null_resource.print",
            "module.resource_group.module.clis.random_string.uuid",
            "module.resource_group.null_resource.resource_group",
            "module.resource_group.null_resource.volumes",
            "module.resource_group.null_resource.wait_for_sync",
            "module.resource_group.random_uuid.tag"
          ]
        }
      ]
    },
    {
      "module": "module.ibm-access-group",
      "mode": "managed",
      "type": "null_resource",
      "name": "view_policy_4",
      "provider": "provider[\"registry.terraform.io/hashicorp/null\"]",
      "instances": [
        {
          "schema_version": 0,
          "attributes": {
            "id": "4932020734240383860",
            "triggers": {
              "access_group_id": "AccessGroupId-ddfdb4c7-6f96-476f-abe2-9a89d72349d4",
              "attributes": "{ \"name\":\"resourceType\", \"value\": \"namespace\"}, { \"name\": \"serviceName\", \"value\": \"container-registry\" }, { \"name\": \"resourceGroupId\", \"value\": \"e999b6f0e8da434ba50b4beb97dc9ccb\"}",
              "bin_dir": "/home/anton/code/workspaces/current/105-ibm-vpc-openshift/bin2",
              "description": "view_policy_4 group for [c4f72060-252f-4919-f01e-a058c82f65e5]",
              "ibmcloud_api_key": "MDZQYjBTemgzSUEzU3piMTBHOVBDMXFvMEZKX21sU0l1M3BXNmU3N2xIUmc=",
              "roles": "[\"Viewer\", \"Reader\"]"
            }
          },
          "sensitive_attributes": [],
          "dependencies": [
            "module.ibm-access-group.data.ibm_iam_access_group.viewers",
            "module.ibm-access-group.data.ibm_resource_group.resource_group",
            "module.ibm-access-group.module.clis.data.external.setup-binaries",
            "module.ibm-access-group.module.clis.null_resource.print",
            "module.ibm-access-group.module.clis.random_string.uuid",
            "module.ibm-access-group.null_resource.create_access_groups",
            "module.ibm-access-group.null_resource.print_names",
            "module.ibm-access-group.random_uuid.tag",
            "module.resource_group.module.clis.data.external.setup-binaries",
            "module.resource_group.module.clis.null_resource.print",
            "module.resource_group.module.clis.random_string.uuid",
            "module.resource_group.null_resource.resource_group",
            "module.resource_group.null_resource.volumes",
            "module.resource_group.null_resource.wait_for_sync",
            "module.resource_group.random_uuid.tag"
          ]
        }
      ]
    },
    {
      "module": "module.ibm-access-group",
      "mode": "managed",
      "type": "random_uuid",
      "name": "tag",
      "provider": "provider[\"registry.terraform.io/hashicorp/random\"]",
      "instances": [
        {
          "schema_version": 0,
          "attributes": {
            "id": "c4f72060-252f-4919-f01e-a058c82f65e5",
            "keepers": null,
            "result": "c4f72060-252f-4919-f01e-a058c82f65e5"
          },
          "sensitive_attributes": []
        }
      ]
    },
    {
      "module": "module.ibm-access-group.module.clis",
      "mode": "data",
      "type": "external",
      "name": "setup-binaries",
      "provider": "provider[\"registry.terraform.io/hashicorp/external\"]",
      "instances": [
        {
          "schema_version": 0,
          "attributes": {
            "id": "-",
            "program": [
              "bash",
              ".terraform/modules/ibm-access-group.clis/scripts/setup-binaries.sh"
            ],
            "query": {
              "bin_dir": "/home/anton/code/workspaces/current/105-ibm-vpc-openshift/bin2",
              "clis": "jq",
              "uuid": "ailwzgywhifjgcmt"
            },
            "result": {
              "bin_dir": "/home/anton/code/workspaces/current/105-ibm-vpc-openshift/bin2",
              "message": "success",
              "status": "success",
              "type": ""
            },
            "working_dir": null
          },
          "sensitive_attributes": []
        }
      ]
    },
    {
      "module": "module.ibm-access-group.module.clis",
      "mode": "managed",
      "type": "null_resource",
      "name": "print",
      "provider": "provider[\"registry.terraform.io/hashicorp/null\"]",
      "instances": [
        {
          "schema_version": 0,
          "attributes": {
            "id": "7189268759422840649",
            "triggers": null
          },
          "sensitive_attributes": []
        }
      ]
    },
    {
      "module": "module.ibm-access-group.module.clis",
      "mode": "managed",
      "type": "random_string",
      "name": "uuid",
      "provider": "provider[\"registry.terraform.io/hashicorp/random\"]",
      "instances": [
        {
          "schema_version": 2,
          "attributes": {
            "id": "ailwzgywhifjgcmt",
            "keepers": null,
            "length": 16,
            "lower": true,
            "min_lower": 0,
            "min_numeric": 0,
            "min_special": 0,
            "min_upper": 0,
            "number": false,
            "numeric": false,
            "override_special": null,
            "result": "ailwzgywhifjgcmt",
            "special": false,
            "upper": false
          },
          "sensitive_attributes": []
        }
      ]
    },
    {
      "module": "module.ibm-activity-tracker",
      "mode": "data",
      "type": "ibm_resource_group",
      "name": "resource_group",
      "provider": "provider[\"registry.terraform.io/ibm-cloud/ibm\"]",
      "instances": [
        {
          "schema_version": 0,
          "attributes": {
            "account_id": "f2d7386c3c18406b9e2eed413aa7d007",
            "created_at": "2022-12-13T23:45:52.415Z",
            "crn": "crn:v1:bluemix:public:resource-controller::a/f2d7386c3c18406b9e2eed413aa7d007::resource-group:e999b6f0e8da434ba50b4beb97dc9ccb",
            "id": "e999b6f0e8da434ba50b4beb97dc9ccb",
            "is_default": false,
            "name": "dev_sf",
            "payment_methods_url": null,
            "quota_id": "a3d7b8d01e261c24677937c29ab33f3c",
            "quota_url": "/v2/quota_definitions/a3d7b8d01e261c24677937c29ab33f3c",
            "resource_linkages": [],
            "state": "ACTIVE",
            "teams_url": null,
            "updated_at": "2022-12-13T23:45:52.415Z"
          },
          "sensitive_attributes": []
        }
      ]
    },
    {
      "module": "module.ibm-activity-tracker",
      "mode": "data",
      "type": "ibm_resource_instance",
      "name": "instance",
      "provider": "provider[\"registry.terraform.io/ibm-cloud/ibm\"]",
      "instances": [
        {
          "schema_version": 0,
          "attributes": {
            "crn": "crn:v1:bluemix:public:logdnaat:eu-de:a/f2d7386c3c18406b9e2eed413aa7d007:4b7a5771-58fc-4a7a-a748-be180f7b90f4::",
            "extensions": {},
            "guid": "4b7a5771-58fc-4a7a-a748-be180f7b90f4",
            "id": "crn:v1:bluemix:public:logdnaat:eu-de:a/f2d7386c3c18406b9e2eed413aa7d007:4b7a5771-58fc-4a7a-a748-be180f7b90f4::",
            "location": "eu-de",
            "name": "activity-tracker-eu-de",
            "plan": "7-day",
            "resource_controller_url": "https://cloud.ibm.com/services/",
            "resource_crn": "crn:v1:bluemix:public:logdnaat:eu-de:a/f2d7386c3c18406b9e2eed413aa7d007:4b7a5771-58fc-4a7a-a748-be180f7b90f4::",
            "resource_group_id": "e999b6f0e8da434ba50b4beb97dc9ccb",
            "resource_group_name": "",
            "resource_name": "activity-tracker-eu-de",
            "resource_status": "active",
            "service": "logdnaat",
            "status": "active",
            "tags": [
              "automation:8ac80126-9a5c-0aab-0cbc-e7d80e29baeb"
            ]
          },
          "sensitive_attributes": []
        }
      ]
    },
    {
      "module": "module.ibm-activity-tracker",
      "mode": "data",
      "type": "local_file",
      "name": "at_instance_results",
      "provider": "provider[\"registry.terraform.io/hashicorp/local\"]",
      "instances": [
        {
          "schema_version": 0,
          "attributes": {
            "content": "{\"id\":\"crn:v1:bluemix:public:logdnaat:eu-de:a/f2d7386c3c18406b9e2eed413aa7d007:4b7a5771-58fc-4a7a-a748-be180f7b90f4::\",\"guid\":\"4b7a5771-58fc-4a7a-a748-be180f7b90f4\",\"url\":\"/v2/resource_instances/4b7a5771-58fc-4a7a-a748-be180f7b90f4\",\"created_at\":\"2022-12-13T23:45:59.140937117Z\",\"updated_at\":\"2022-12-13T23:46:00.328990531Z\",\"deleted_at\":null,\"created_by\":\"IBMid-310001S8XR\",\"updated_by\":\"\",\"deleted_by\":\"\",\"scheduled_reclaim_at\":null,\"restored_at\":null,\"scheduled_reclaim_by\":\"\",\"restored_by\":\"\",\"name\":\"activity-tracker-eu-de\",\"region_id\":\"eu-de\",\"account_id\":\"f2d7386c3c18406b9e2eed413aa7d007\",\"reseller_channel_id\":\"\",\"resource_plan_id\":\"9aae7491-5cb6-43eb-9b7a-3e0456c781f0\",\"resource_group_id\":\"e999b6f0e8da434ba50b4beb97dc9ccb\",\"resource_group_crn\":\"crn:v1:bluemix:public:resource-controller::a/f2d7386c3c18406b9e2eed413aa7d007::resource-group:e999b6f0e8da434ba50b4beb97dc9ccb\",\"target_crn\":\"crn:v1:bluemix:public:globalcatalog::::deployment:9aae7491-5cb6-43eb-9b7a-3e0456c781f0%3Aeu-de16283\",\"allow_cleanup\":false,\"crn\":\"crn:v1:bluemix:public:logdnaat:eu-de:a/f2d7386c3c18406b9e2eed413aa7d007:4b7a5771-58fc-4a7a-a748-be180f7b90f4::\",\"state\":\"active\",\"type\":\"service_instance\",\"resource_id\":\"dcc46a60-e13b-11e8-a015-757410dab16b\",\"dashboard_url\":\"https://app.eu-de.logging.cloud.ibm.com/ext/ibm-sso/377a3c129d\",\"last_operation\":{\"type\":\"create\",\"state\":\"succeeded\",\"async\":false,\"description\":\"Completed create instance operation\",\"cancelable\":false,\"poll\":false},\"resource_aliases_url\":\"/v2/resource_instances/4b7a5771-58fc-4a7a-a748-be180f7b90f4/resource_aliases\",\"resource_bindings_url\":\"/v2/resource_instances/4b7a5771-58fc-4a7a-a748-be180f7b90f4/resource_bindings\",\"resource_keys_url\":\"/v2/resource_instances/4b7a5771-58fc-4a7a-a748-be180f7b90f4/resource_keys\",\"plan_history\":[{\"resource_plan_id\":\"9aae7491-5cb6-43eb-9b7a-3e0456c781f0\",\"start_date\":\"2022-12-13T23:45:59.140937117Z\",\"requestor_id\":\"IBMid-310001S8XR\"}],\"migrated\":false,\"controlled_by\":\"\",\"locked\":false}\n",
            "content_base64": "eyJpZCI6ImNybjp2MTpibHVlbWl4OnB1YmxpYzpsb2dkbmFhdDpldS1kZTphL2YyZDczODZjM2MxODQwNmI5ZTJlZWQ0MTNhYTdkMDA3OjRiN2E1NzcxLTU4ZmMtNGE3YS1hNzQ4LWJlMTgwZjdiOTBmNDo6IiwiZ3VpZCI6IjRiN2E1NzcxLTU4ZmMtNGE3YS1hNzQ4LWJlMTgwZjdiOTBmNCIsInVybCI6Ii92Mi9yZXNvdXJjZV9pbnN0YW5jZXMvNGI3YTU3NzEtNThmYy00YTdhLWE3NDgtYmUxODBmN2I5MGY0IiwiY3JlYXRlZF9hdCI6IjIwMjItMTItMTNUMjM6NDU6NTkuMTQwOTM3MTE3WiIsInVwZGF0ZWRfYXQiOiIyMDIyLTEyLTEzVDIzOjQ2OjAwLjMyODk5MDUzMVoiLCJkZWxldGVkX2F0IjpudWxsLCJjcmVhdGVkX2J5IjoiSUJNaWQtMzEwMDAxUzhYUiIsInVwZGF0ZWRfYnkiOiIiLCJkZWxldGVkX2J5IjoiIiwic2NoZWR1bGVkX3JlY2xhaW1fYXQiOm51bGwsInJlc3RvcmVkX2F0IjpudWxsLCJzY2hlZHVsZWRfcmVjbGFpbV9ieSI6IiIsInJlc3RvcmVkX2J5IjoiIiwibmFtZSI6ImFjdGl2aXR5LXRyYWNrZXItZXUtZGUiLCJyZWdpb25faWQiOiJldS1kZSIsImFjY291bnRfaWQiOiJmMmQ3Mzg2YzNjMTg0MDZiOWUyZWVkNDEzYWE3ZDAwNyIsInJlc2VsbGVyX2NoYW5uZWxfaWQiOiIiLCJyZXNvdXJjZV9wbGFuX2lkIjoiOWFhZTc0OTEtNWNiNi00M2ViLTliN2EtM2UwNDU2Yzc4MWYwIiwicmVzb3VyY2VfZ3JvdXBfaWQiOiJlOTk5YjZmMGU4ZGE0MzRiYTUwYjRiZWI5N2RjOWNjYiIsInJlc291cmNlX2dyb3VwX2NybiI6ImNybjp2MTpibHVlbWl4OnB1YmxpYzpyZXNvdXJjZS1jb250cm9sbGVyOjphL2YyZDczODZjM2MxODQwNmI5ZTJlZWQ0MTNhYTdkMDA3OjpyZXNvdXJjZS1ncm91cDplOTk5YjZmMGU4ZGE0MzRiYTUwYjRiZWI5N2RjOWNjYiIsInRhcmdldF9jcm4iOiJjcm46djE6Ymx1ZW1peDpwdWJsaWM6Z2xvYmFsY2F0YWxvZzo6OjpkZXBsb3ltZW50OjlhYWU3NDkxLTVjYjYtNDNlYi05YjdhLTNlMDQ1NmM3ODFmMCUzQWV1LWRlMTYyODMiLCJhbGxvd19jbGVhbnVwIjpmYWxzZSwiY3JuIjoiY3JuOnYxOmJsdWVtaXg6cHVibGljOmxvZ2RuYWF0OmV1LWRlOmEvZjJkNzM4NmMzYzE4NDA2YjllMmVlZDQxM2FhN2QwMDc6NGI3YTU3NzEtNThmYy00YTdhLWE3NDgtYmUxODBmN2I5MGY0OjoiLCJzdGF0ZSI6ImFjdGl2ZSIsInR5cGUiOiJzZXJ2aWNlX2luc3RhbmNlIiwicmVzb3VyY2VfaWQiOiJkY2M0NmE2MC1lMTNiLTExZTgtYTAxNS03NTc0MTBkYWIxNmIiLCJkYXNoYm9hcmRfdXJsIjoiaHR0cHM6Ly9hcHAuZXUtZGUubG9nZ2luZy5jbG91ZC5pYm0uY29tL2V4dC9pYm0tc3NvLzM3N2EzYzEyOWQiLCJsYXN0X29wZXJhdGlvbiI6eyJ0eXBlIjoiY3JlYXRlIiwic3RhdGUiOiJzdWNjZWVkZWQiLCJhc3luYyI6ZmFsc2UsImRlc2NyaXB0aW9uIjoiQ29tcGxldGVkIGNyZWF0ZSBpbnN0YW5jZSBvcGVyYXRpb24iLCJjYW5jZWxhYmxlIjpmYWxzZSwicG9sbCI6ZmFsc2V9LCJyZXNvdXJjZV9hbGlhc2VzX3VybCI6Ii92Mi9yZXNvdXJjZV9pbnN0YW5jZXMvNGI3YTU3NzEtNThmYy00YTdhLWE3NDgtYmUxODBmN2I5MGY0L3Jlc291cmNlX2FsaWFzZXMiLCJyZXNvdXJjZV9iaW5kaW5nc191cmwiOiIvdjIvcmVzb3VyY2VfaW5zdGFuY2VzLzRiN2E1NzcxLTU4ZmMtNGE3YS1hNzQ4LWJlMTgwZjdiOTBmNC9yZXNvdXJjZV9iaW5kaW5ncyIsInJlc291cmNlX2tleXNfdXJsIjoiL3YyL3Jlc291cmNlX2luc3RhbmNlcy80YjdhNTc3MS01OGZjLTRhN2EtYTc0OC1iZTE4MGY3YjkwZjQvcmVzb3VyY2Vfa2V5cyIsInBsYW5faGlzdG9yeSI6W3sicmVzb3VyY2VfcGxhbl9pZCI6IjlhYWU3NDkxLTVjYjYtNDNlYi05YjdhLTNlMDQ1NmM3ODFmMCIsInN0YXJ0X2RhdGUiOiIyMDIyLTEyLTEzVDIzOjQ1OjU5LjE0MDkzNzExN1oiLCJyZXF1ZXN0b3JfaWQiOiJJQk1pZC0zMTAwMDFTOFhSIn1dLCJtaWdyYXRlZCI6ZmFsc2UsImNvbnRyb2xsZWRfYnkiOiIiLCJsb2NrZWQiOmZhbHNlfQo=",
            "filename": "creation-output.json",
            "id": "7dba98e70acd07412063fcf0e90068b72df59620"
          },
          "sensitive_attributes": []
        }
      ]
    },
    {
      "module": "module.ibm-activity-tracker",
      "mode": "managed",
      "type": "null_resource",
      "name": "at_instance",
      "provider": "provider[\"registry.terraform.io/hashicorp/null\"]",
      "instances": [
        {
          "schema_version": 0,
          "attributes": {
            "id": "8608409584132779445",
            "triggers": {
              "ACTIVITY_TRACKER_CATALOG_ID": "dcc46a60-e13b-11e8-a015-757410dab16b",
              "AUTOMATION_TAG": "automation:8ac80126-9a5c-0aab-0cbc-e7d80e29baeb",
              "BIN_DIR": "/home/anton/code/workspaces/current/105-ibm-vpc-openshift/bin2",
              "IBMCLOUD_API_KEY": "MDZQYjBTemgzSUEzU3piMTBHOVBDMXFvMEZKX21sU0l1M3BXNmU3N2xIUmc=",
              "INSTANCE_NAME": "activity-tracker-eu-de",
              "PLAN": "7-day",
              "REGION": "eu-de",
              "RESOURCE_GROUP_ID": "e999b6f0e8da434ba50b4beb97dc9ccb",
              "SERVICE": "logdnaat"
            }
          },
          "sensitive_attributes": [],
          "dependencies": [
            "module.ibm-activity-tracker.data.ibm_resource_group.resource_group",
            "module.ibm-activity-tracker.module.clis.data.external.setup-binaries",
            "module.ibm-activity-tracker.module.clis.null_resource.print",
            "module.ibm-activity-tracker.module.clis.random_string.uuid",
            "module.ibm-activity-tracker.null_resource.print_names",
            "module.ibm-activity-tracker.random_uuid.tag",
            "module.resource_group.module.clis.data.external.setup-binaries",
            "module.resource_group.module.clis.null_resource.print",
            "module.resource_group.module.clis.random_string.uuid",
            "module.resource_group.null_resource.resource_group",
            "module.resource_group.null_resource.volumes",
            "module.resource_group.null_resource.wait_for_sync",
            "module.resource_group.random_uuid.tag"
          ]
        }
      ]
    },
    {
      "module": "module.ibm-activity-tracker",
      "mode": "managed",
      "type": "null_resource",
      "name": "print_found",
      "provider": "provider[\"registry.terraform.io/hashicorp/null\"]",
      "instances": [
        {
          "schema_version": 0,
          "attributes": {
            "id": "1584448566610846932",
            "triggers": null
          },
          "sensitive_attributes": [],
          "dependencies": [
            "module.ibm-activity-tracker.data.ibm_resource_group.resource_group",
            "module.ibm-activity-tracker.data.local_file.at_instance_results",
            "module.ibm-activity-tracker.module.clis.data.external.setup-binaries",
            "module.ibm-activity-tracker.module.clis.null_resource.print",
            "module.ibm-activity-tracker.module.clis.random_string.uuid",
            "module.ibm-activity-tracker.null_resource.at_instance",
            "module.ibm-activity-tracker.null_resource.print_names",
            "module.ibm-activity-tracker.random_uuid.tag",
            "module.resource_group.module.clis.data.external.setup-binaries",
            "module.resource_group.module.clis.null_resource.print",
            "module.resource_group.module.clis.random_string.uuid",
            "module.resource_group.null_resource.resource_group",
            "module.resource_group.null_resource.volumes",
            "module.resource_group.null_resource.wait_for_sync",
            "module.resource_group.random_uuid.tag"
          ]
        }
      ]
    },
    {
      "module": "module.ibm-activity-tracker",
      "mode": "managed",
      "type": "null_resource",
      "name": "print_names",
      "provider": "provider[\"registry.terraform.io/hashicorp/null\"]",
      "instances": [
        {
          "schema_version": 0,
          "attributes": {
            "id": "2242957579343716572",
            "triggers": null
          },
          "sensitive_attributes": [],
          "dependencies": [
            "module.resource_group.module.clis.data.external.setup-binaries",
            "module.resource_group.module.clis.null_resource.print",
            "module.resource_group.module.clis.random_string.uuid",
            "module.resource_group.null_resource.resource_group",
            "module.resource_group.null_resource.volumes",
            "module.resource_group.null_resource.wait_for_sync",
            "module.resource_group.random_uuid.tag"
          ]
        }
      ]
    },
    {
      "module": "module.ibm-activity-tracker",
      "mode": "managed",
      "type": "null_resource",
      "name": "wait_for_sync",
      "provider": "provider[\"registry.terraform.io/hashicorp/null\"]",
      "instances": [
        {
          "schema_version": 0,
          "attributes": {
            "id": "6047394992979279992",
            "triggers": null
          },
          "sensitive_attributes": []
        }
      ]
    },
    {
      "module": "module.ibm-activity-tracker",
      "mode": "managed",
      "type": "random_uuid",
      "name": "tag",
      "provider": "provider[\"registry.terraform.io/hashicorp/random\"]",
      "instances": [
        {
          "schema_version": 0,
          "attributes": {
            "id": "8ac80126-9a5c-0aab-0cbc-e7d80e29baeb",
            "keepers": null,
            "result": "8ac80126-9a5c-0aab-0cbc-e7d80e29baeb"
          },
          "sensitive_attributes": []
        }
      ]
    },
    {
      "module": "module.ibm-activity-tracker.module.clis",
      "mode": "data",
      "type": "external",
      "name": "setup-binaries",
      "provider": "provider[\"registry.terraform.io/hashicorp/external\"]",
      "instances": [
        {
          "schema_version": 0,
          "attributes": {
            "id": "-",
            "program": [
              "bash",
              ".terraform/modules/ibm-activity-tracker.clis/scripts/setup-binaries.sh"
            ],
            "query": {
              "bin_dir": "/home/anton/code/workspaces/current/105-ibm-vpc-openshift/bin2",
              "clis": "yq,jq,igc",
              "uuid": "spoasfezifuysywg"
            },
            "result": {
              "bin_dir": "/home/anton/code/workspaces/current/105-ibm-vpc-openshift/bin2",
              "message": "success",
              "status": "success",
              "type": ""
            },
            "working_dir": null
          },
          "sensitive_attributes": []
        }
      ]
    },
    {
      "module": "module.ibm-activity-tracker.module.clis",
      "mode": "managed",
      "type": "null_resource",
      "name": "print",
      "provider": "provider[\"registry.terraform.io/hashicorp/null\"]",
      "instances": [
        {
          "schema_version": 0,
          "attributes": {
            "id": "1457360370972824836",
            "triggers": null
          },
          "sensitive_attributes": []
        }
      ]
    },
    {
      "module": "module.ibm-activity-tracker.module.clis",
      "mode": "managed",
      "type": "random_string",
      "name": "uuid",
      "provider": "provider[\"registry.terraform.io/hashicorp/random\"]",
      "instances": [
        {
          "schema_version": 2,
          "attributes": {
            "id": "spoasfezifuysywg",
            "keepers": null,
            "length": 16,
            "lower": true,
            "min_lower": 0,
            "min_numeric": 0,
            "min_special": 0,
            "min_upper": 0,
            "number": false,
            "numeric": false,
            "override_special": null,
            "result": "spoasfezifuysywg",
            "special": false,
            "upper": false
          },
          "sensitive_attributes": []
        }
      ]
    },
    {
      "module": "module.ibm-logdna-bind",
      "mode": "data",
      "type": "ibm_resource_group",
      "name": "tools_resource_group",
      "provider": "provider[\"registry.terraform.io/ibm-cloud/ibm\"]",
      "instances": [
        {
          "schema_version": 0,
          "attributes": {
            "account_id": "f2d7386c3c18406b9e2eed413aa7d007",
            "created_at": "2022-12-13T23:45:52.415Z",
            "crn": "crn:v1:bluemix:public:resource-controller::a/f2d7386c3c18406b9e2eed413aa7d007::resource-group:e999b6f0e8da434ba50b4beb97dc9ccb",
            "id": "e999b6f0e8da434ba50b4beb97dc9ccb",
            "is_default": false,
            "name": "dev_sf",
            "payment_methods_url": null,
            "quota_id": "a3d7b8d01e261c24677937c29ab33f3c",
            "quota_url": "/v2/quota_definitions/a3d7b8d01e261c24677937c29ab33f3c",
            "resource_linkages": [],
            "state": "ACTIVE",
            "teams_url": null,
            "updated_at": "2022-12-13T23:45:52.415Z"
          },
          "sensitive_attributes": []
        }
      ]
    },
    {
      "module": "module.ibm-logdna-bind",
      "mode": "managed",
      "type": "ibm_resource_key",
      "name": "logdna_instance_key",
      "provider": "provider[\"registry.terraform.io/ibm-cloud/ibm\"]",
      "instances": [
        {
          "index_key": 0,
          "schema_version": 0,
          "attributes": {
            "account_id": "f2d7386c3c18406b9e2eed413aa7d007",
            "created_at": "2022-12-13T23:46:13.513Z",
            "created_by": "IBMid-310001S8XR",
            "credentials": {
              "apikey": "pLPX6HeJGK-R8--lWofrlJfG5cOw0E0xowgnJqHDFr7H",
              "iam_apikey_description": "Auto-generated for key crn:v1:bluemix:public:logdna:eu-de:a/f2d7386c3c18406b9e2eed413aa7d007:99a7f9f6-cb69-429c-afe2-c27fef0db032:resource-key:08a705e9-ce32-4fe6-988e-c860f272a6e7",
              "iam_apikey_name": "dev_sf_cluster-key",
              "iam_role_crn": "crn:v1:bluemix:public:iam::::serviceRole:Manager",
              "iam_serviceid_crn": "crn:v1:bluemix:public:iam-identity::a/f2d7386c3c18406b9e2eed413aa7d007::serviceid:ServiceId-d8d72047-55cd-4208-90f5-b07b72bdc184",
              "ingestion_key": "1636231dda48c3ea4aa4f044e8b67879",
              "service_key": "7b06b0eb94c84aa79ebf06a4c6a2a9dc"
            },
            "credentials_json": "{\"apikey\":\"pLPX6HeJGK-R8--lWofrlJfG5cOw0E0xowgnJqHDFr7H\",\"iam_apikey_description\":\"Auto-generated for key crn:v1:bluemix:public:logdna:eu-de:a/f2d7386c3c18406b9e2eed413aa7d007:99a7f9f6-cb69-429c-afe2-c27fef0db032:resource-key:08a705e9-ce32-4fe6-988e-c860f272a6e7\",\"iam_apikey_name\":\"dev_sf_cluster-key\",\"iam_role_crn\":\"crn:v1:bluemix:public:iam::::serviceRole:Manager\",\"iam_serviceid_crn\":\"crn:v1:bluemix:public:iam-identity::a/f2d7386c3c18406b9e2eed413aa7d007::serviceid:ServiceId-d8d72047-55cd-4208-90f5-b07b72bdc184\",\"ingestion_key\":\"1636231dda48c3ea4aa4f044e8b67879\",\"service_key\":\"7b06b0eb94c84aa79ebf06a4c6a2a9dc\"}",
            "crn": "crn:v1:bluemix:public:logdna:eu-de:a/f2d7386c3c18406b9e2eed413aa7d007:99a7f9f6-cb69-429c-afe2-c27fef0db032:resource-key:08a705e9-ce32-4fe6-988e-c860f272a6e7",
            "deleted_at": "",
            "deleted_by": "",
            "guid": "08a705e9-ce32-4fe6-988e-c860f272a6e7",
            "iam_compatible": true,
            "id": "crn:v1:bluemix:public:logdna:eu-de:a/f2d7386c3c18406b9e2eed413aa7d007:99a7f9f6-cb69-429c-afe2-c27fef0db032:resource-key:08a705e9-ce32-4fe6-988e-c860f272a6e7",
            "name": "dev_sf_cluster-key",
            "parameters": null,
            "resource_alias_id": null,
            "resource_group_id": "e999b6f0e8da434ba50b4beb97dc9ccb",
            "resource_instance_id": "crn:v1:bluemix:public:logdna:eu-de:a/f2d7386c3c18406b9e2eed413aa7d007:99a7f9f6-cb69-429c-afe2-c27fef0db032::",
            "resource_instance_url": "/v2/resource_instances/99a7f9f6-cb69-429c-afe2-c27fef0db032",
            "role": "Manager",
            "source_crn": "crn:v1:bluemix:public:logdna:eu-de:a/f2d7386c3c18406b9e2eed413aa7d007:99a7f9f6-cb69-429c-afe2-c27fef0db032::",
            "state": "active",
            "status": "active",
            "tags": null,
            "timeouts": {
              "create": "15m",
              "delete": "15m"
            },
            "updated_at": "2022-12-13T23:46:13.513Z",
            "updated_by": "",
            "url": "/v2/resource_keys/08a705e9-ce32-4fe6-988e-c860f272a6e7"
          },
          "sensitive_attributes": [],
          "private": "eyJlMmJmYjczMC1lY2FhLTExZTYtOGY4OC0zNDM2M2JjN2M0YzAiOnsiY3JlYXRlIjo5MDAwMDAwMDAwMDAsImRlbGV0ZSI6OTAwMDAwMDAwMDAwfX0=",
          "dependencies": [
            "module.logdna.data.ibm_resource_group.resource_group",
            "module.logdna.data.ibm_resource_instance.instance",
            "module.logdna.ibm_resource_instance.logdna_instance",
            "module.logdna.null_resource.print_names",
            "module.resource_group.module.clis.data.external.setup-binaries",
            "module.resource_group.module.clis.null_resource.print",
            "module.resource_group.module.clis.random_string.uuid",
            "module.resource_group.null_resource.resource_group",
            "module.resource_group.null_resource.volumes",
            "module.resource_group.null_resource.wait_for_sync",
            "module.resource_group.random_uuid.tag"
          ]
        }
      ]
    },
    {
      "module": "module.ibm-logdna-bind",
      "mode": "managed",
      "type": "null_resource",
      "name": "logdna_bind",
      "provider": "provider[\"registry.terraform.io/hashicorp/null\"]",
      "instances": [
        {
          "index_key": 0,
          "schema_version": 0,
          "attributes": {
            "id": "7697548075106228575",
            "triggers": {
              "bin_dir": "/home/anton/code/workspaces/current/105-ibm-vpc-openshift/bin2",
              "cluster_id": "cecgtqdf00qdkg190040",
              "ibmcloud_api_key": "06Pb0Szh3IA3Szb10G9PC1qo0FJ_mlSIu3pW6e77lHRg",
              "instance_id": "99a7f9f6-cb69-429c-afe2-c27fef0db032",
              "region": "eu-de",
              "resource_group": "dev_sf"
            }
          },
          "sensitive_attributes": [
            [
              {
                "type": "get_attr",
                "value": "triggers"
              },
              {
                "type": "index",
                "value": {
                  "value": "ibmcloud_api_key",
                  "type": "string"
                }
              }
            ]
          ],
          "dependencies": [
            "module.cluster.data.ibm_container_vpc_cluster.config",
            "module.cluster.data.ibm_is_subnet.vpc_subnet",
            "module.cluster.data.ibm_is_vpc.vpc",
            "module.cluster.data.ibm_resource_group.resource_group",
            "module.cluster.ibm_container_vpc_cluster.cluster",
            "module.cluster.ibm_is_network_acl_rule.rules",
            "module.cluster.ibm_is_security_group_rule.rule_tcp_k8s",
            "module.cluster.null_resource.print_resources",
            "module.cluster_subnets.data.ibm_is_subnet.vpc_subnet",
            "module.cluster_subnets.data.ibm_is_vpc.vpc",
            "module.cluster_subnets.data.ibm_resource_group.resource_group",
            "module.cluster_subnets.ibm_is_network_acl.subnet_acl",
            "module.cluster_subnets.ibm_is_subnet.vpc_subnets",
            "module.cluster_subnets.null_resource.print_names",
            "module.cos.data.external.instance",
            "module.cos.data.ibm_resource_group.resource_group",
            "module.cos.data.ibm_resource_instance.cos_instance",
            "module.cos.ibm_resource_instance.cos_instance",
            "module.cos.ibm_resource_key.cos_credentials",
            "module.cos.module.clis.data.external.setup-binaries",
            "module.cos.module.clis.null_resource.print",
            "module.cos.module.clis.random_string.uuid",
            "module.cos.null_resource.print_names",
            "module.ibm-logdna-bind.ibm_resource_key.logdna_instance_key",
            "module.ibm-logdna-bind.module.setup_clis.data.external.setup-binaries",
            "module.ibm-logdna-bind.module.setup_clis.null_resource.print",
            "module.ibm-logdna-bind.module.setup_clis.random_string.uuid",
            "module.ibm-vpc-gateways.data.ibm_is_public_gateway.vpc_gateway",
            "module.ibm-vpc-gateways.data.ibm_is_vpc.vpc",
            "module.ibm-vpc-gateways.ibm_is_public_gateway.vpc_gateway",
            "module.ibm-vpc-gateways.null_resource.print_names",
            "module.ibm-vpc.data.ibm_resource_group.resource_group",
            "module.ibm-vpc.ibm_is_vpc.vpc",
            "module.ibm-vpc.ibm_is_vpc_address_prefix.cidr_prefix",
            "module.ibm-vpc.null_resource.print_names",
            "module.logdna.data.ibm_resource_group.resource_group",
            "module.logdna.data.ibm_resource_instance.instance",
            "module.logdna.ibm_resource_instance.logdna_instance",
            "module.logdna.null_resource.print_names",
            "module.resource_group.data.ibm_resource_group.resource_group",
            "module.resource_group.module.clis.data.external.setup-binaries",
            "module.resource_group.module.clis.null_resource.print",
            "module.resource_group.module.clis.random_string.uuid",
            "module.resource_group.null_resource.resource_group",
            "module.resource_group.null_resource.volumes",
            "module.resource_group.null_resource.wait_for_sync",
            "module.resource_group.random_uuid.tag",
            "module.sysdig-bind.module.setup_clis.data.external.setup-binaries",
            "module.sysdig-bind.module.setup_clis.null_resource.print",
            "module.sysdig-bind.module.setup_clis.random_string.uuid",
            "module.sysdig-bind.null_resource.sysdig_bind",
            "module.sysdig.data.ibm_resource_group.tools_resource_group",
            "module.sysdig.data.ibm_resource_instance.sysdig_instance",
            "module.sysdig.ibm_resource_instance.sysdig_instance",
            "module.sysdig.ibm_resource_key.sysdig_instance_key",
            "module.sysdig.null_resource.print_names"
          ]
        }
      ]
    },
    {
      "module": "module.ibm-logdna-bind",
      "mode": "managed",
      "type": "null_resource",
      "name": "print_names",
      "provider": "provider[\"registry.terraform.io/hashicorp/null\"]",
      "instances": [
        {
          "schema_version": 0,
          "attributes": {
            "id": "427972616786027259",
            "triggers": null
          },
          "sensitive_attributes": [],
          "dependencies": [
            "module.resource_group.module.clis.data.external.setup-binaries",
            "module.resource_group.module.clis.null_resource.print",
            "module.resource_group.module.clis.random_string.uuid",
            "module.resource_group.null_resource.resource_group",
            "module.resource_group.null_resource.volumes",
            "module.resource_group.null_resource.wait_for_sync",
            "module.resource_group.random_uuid.tag"
          ]
        }
      ]
    },
    {
      "module": "module.ibm-logdna-bind.module.setup_clis",
      "mode": "data",
      "type": "external",
      "name": "setup-binaries",
      "provider": "provider[\"registry.terraform.io/hashicorp/external\"]",
      "instances": [
        {
          "schema_version": 0,
          "attributes": {
            "id": "-",
            "program": [
              "bash",
              ".terraform/modules/ibm-logdna-bind.setup_clis/scripts/setup-binaries.sh"
            ],
            "query": {
              "bin_dir": "/home/anton/code/workspaces/current/105-ibm-vpc-openshift/bin2",
              "clis": "ibmcloud-ob",
              "uuid": "nkqycmswoxkvybua"
            },
            "result": {
              "bin_dir": "/home/anton/code/workspaces/current/105-ibm-vpc-openshift/bin2",
              "message": "success",
              "status": "success",
              "type": ""
            },
            "working_dir": null
          },
          "sensitive_attributes": []
        }
      ]
    },
    {
      "module": "module.ibm-logdna-bind.module.setup_clis",
      "mode": "managed",
      "type": "null_resource",
      "name": "print",
      "provider": "provider[\"registry.terraform.io/hashicorp/null\"]",
      "instances": [
        {
          "schema_version": 0,
          "attributes": {
            "id": "4790336049865983994",
            "triggers": null
          },
          "sensitive_attributes": []
        }
      ]
    },
    {
      "module": "module.ibm-logdna-bind.module.setup_clis",
      "mode": "managed",
      "type": "random_string",
      "name": "uuid",
      "provider": "provider[\"registry.terraform.io/hashicorp/random\"]",
      "instances": [
        {
          "schema_version": 2,
          "attributes": {
            "id": "nkqycmswoxkvybua",
            "keepers": null,
            "length": 16,
            "lower": true,
            "min_lower": 0,
            "min_numeric": 0,
            "min_special": 0,
            "min_upper": 0,
            "number": false,
            "numeric": false,
            "override_special": null,
            "result": "nkqycmswoxkvybua",
            "special": false,
            "upper": false
          },
          "sensitive_attributes": []
        }
      ]
    },
    {
      "module": "module.ibm-vpc",
      "mode": "data",
      "type": "ibm_is_security_group",
      "name": "base",
      "provider": "provider[\"registry.terraform.io/ibm-cloud/ibm\"]",
      "instances": [
        {
          "schema_version": 0,
          "attributes": {
            "crn": "crn:v1:bluemix:public:is:eu-de:a/f2d7386c3c18406b9e2eed413aa7d007::security-group:r010-6b095e75-b538-4841-9a26-db266ae7598b",
            "id": "r010-6b095e75-b538-4841-9a26-db266ae7598b",
            "name": "dev-sf-service-vpc-base",
            "resource_controller_url": "https://cloud.ibm.com/vpc/network/securityGroups",
            "resource_crn": "crn:v1:bluemix:public:is:eu-de:a/f2d7386c3c18406b9e2eed413aa7d007::security-group:r010-6b095e75-b538-4841-9a26-db266ae7598b",
            "resource_group_name": "dev_sf",
            "resource_name": "dev-sf-service-vpc-base",
            "rules": [],
            "tags": [],
            "vpc": "r010-362ab55d-56ed-46ce-afe2-21cf949a10eb"
          },
          "sensitive_attributes": []
        }
      ]
    },
    {
      "module": "module.ibm-vpc",
      "mode": "data",
      "type": "ibm_is_vpc",
      "name": "vpc",
      "provider": "provider[\"registry.terraform.io/ibm-cloud/ibm\"]",
      "instances": [
        {
          "schema_version": 0,
          "attributes": {
            "classic_access": false,
            "crn": "crn:v1:bluemix:public:is:eu-de:a/f2d7386c3c18406b9e2eed413aa7d007::vpc:r010-362ab55d-56ed-46ce-afe2-21cf949a10eb",
            "cse_source_addresses": [
              {
                "address": "10.16.201.1",
                "zone_name": "eu-de-1"
              },
              {
                "address": "10.16.209.66",
                "zone_name": "eu-de-2"
              },
              {
                "address": "10.223.57.195",
                "zone_name": "eu-de-3"
              }
            ],
            "default_network_acl": "r010-46cdae48-1b5a-4bcc-9030-6179c2b7ac11",
            "default_network_acl_crn": "crn:v1:bluemix:public:is:eu-de:a/f2d7386c3c18406b9e2eed413aa7d007::network-acl:r010-46cdae48-1b5a-4bcc-9030-6179c2b7ac11",
            "default_network_acl_name": "dev-sf-service-vpc-default",
            "default_routing_table": "r010-4813eb5c-bf7b-4822-8d1e-8db339f0a845",
            "default_routing_table_name": "dev-sf-service-vpc-default",
            "default_security_group": "r010-d764d494-fbb8-4269-99fb-2ad38e539d30",
            "default_security_group_crn": "crn:v1:bluemix:public:is:eu-de:a/f2d7386c3c18406b9e2eed413aa7d007::security-group:r010-d764d494-fbb8-4269-99fb-2ad38e539d30",
            "default_security_group_name": "dev-sf-service-vpc-default",
            "id": "r010-362ab55d-56ed-46ce-afe2-21cf949a10eb",
            "identifier": "r010-362ab55d-56ed-46ce-afe2-21cf949a10eb",
            "name": "dev-sf-service-vpc",
            "resource_controller_url": "https://cloud.ibm.com/vpc-ext/network/vpcs",
            "resource_crn": "crn:v1:bluemix:public:is:eu-de:a/f2d7386c3c18406b9e2eed413aa7d007::vpc:r010-362ab55d-56ed-46ce-afe2-21cf949a10eb",
            "resource_group": "e999b6f0e8da434ba50b4beb97dc9ccb",
            "resource_group_name": "dev_sf",
            "resource_name": "dev-sf-service-vpc",
            "resource_status": "available",
            "security_group": [
              {
                "group_id": "r010-d764d494-fbb8-4269-99fb-2ad38e539d30",
                "group_name": "dev-sf-service-vpc-default",
                "rules": [
                  {
                    "code": 0,
                    "direction": "outbound",
                    "ip_version": "ipv4",
                    "port_max": 0,
                    "port_min": 0,
                    "protocol": "all",
                    "remote": "0.0.0.0/0",
                    "rule_id": "r010-d581eeff-da31-4012-a756-28b962975a66",
                    "type": 0
                  },
                  {
                    "code": 0,
                    "direction": "inbound",
                    "ip_version": "ipv4",
                    "port_max": 0,
                    "port_min": 0,
                    "protocol": "all",
                    "remote": "r010-d764d494-fbb8-4269-99fb-2ad38e539d30",
                    "rule_id": "r010-e13040d6-88f1-4286-bf08-94f64771ad85",
                    "type": 0
                  }
                ]
              }
            ],
            "status": "available",
            "subnets": [],
            "tags": []
          },
          "sensitive_attributes": []
        }
      ]
    },
    {
      "module": "module.ibm-vpc",
      "mode": "data",
      "type": "ibm_resource_group",
      "name": "resource_group",
      "provider": "provider[\"registry.terraform.io/ibm-cloud/ibm\"]",
      "instances": [
        {
          "schema_version": 0,
          "attributes": {
            "account_id": "f2d7386c3c18406b9e2eed413aa7d007",
            "created_at": "2022-12-13T23:45:52.415Z",
            "crn": "crn:v1:bluemix:public:resource-controller::a/f2d7386c3c18406b9e2eed413aa7d007::resource-group:e999b6f0e8da434ba50b4beb97dc9ccb",
            "id": "e999b6f0e8da434ba50b4beb97dc9ccb",
            "is_default": false,
            "name": "dev_sf",
            "payment_methods_url": null,
            "quota_id": "a3d7b8d01e261c24677937c29ab33f3c",
            "quota_url": "/v2/quota_definitions/a3d7b8d01e261c24677937c29ab33f3c",
            "resource_linkages": [],
            "state": "ACTIVE",
            "teams_url": null,
            "updated_at": "2022-12-13T23:45:52.415Z"
          },
          "sensitive_attributes": []
        }
      ]
    },
    {
      "module": "module.ibm-vpc",
      "mode": "managed",
      "type": "ibm_is_network_acl_rule",
      "name": "allow_internal_egress",
      "provider": "provider[\"registry.terraform.io/ibm-cloud/ibm\"]",
      "instances": [
        {
          "index_key": 0,
          "schema_version": 0,
          "attributes": {
            "action": "allow",
            "before": null,
            "destination": "10.0.0.0/8",
            "direction": "outbound",
            "href": "https://eu-de.iaas.cloud.ibm.com/v1/network_acls/r010-46cdae48-1b5a-4bcc-9030-6179c2b7ac11/rules/2cca98f9-2972-49ce-b45b-468b97a4be27",
            "icmp": [],
            "id": "r010-46cdae48-1b5a-4bcc-9030-6179c2b7ac11/2cca98f9-2972-49ce-b45b-468b97a4be27",
            "ip_version": "ipv4",
            "name": "allow-internal-egress",
            "network_acl": "r010-46cdae48-1b5a-4bcc-9030-6179c2b7ac11",
            "protocol": "all",
            "rule_id": "2cca98f9-2972-49ce-b45b-468b97a4be27",
            "source": "10.0.0.0/8",
            "tcp": [],
            "timeouts": null,
            "udp": []
          },
          "sensitive_attributes": [],
          "private": "eyJlMmJmYjczMC1lY2FhLTExZTYtOGY4OC0zNDM2M2JjN2M0YzAiOnsiY3JlYXRlIjo2MDAwMDAwMDAwMDAsImRlbGV0ZSI6NjAwMDAwMDAwMDAwfX0=",
          "dependencies": [
            "module.ibm-vpc.data.ibm_is_vpc.vpc",
            "module.ibm-vpc.data.ibm_resource_group.resource_group",
            "module.ibm-vpc.ibm_is_vpc.vpc",
            "module.ibm-vpc.null_resource.print_names",
            "module.resource_group.module.clis.data.external.setup-binaries",
            "module.resource_group.module.clis.null_resource.print",
            "module.resource_group.module.clis.random_string.uuid",
            "module.resource_group.null_resource.resource_group",
            "module.resource_group.null_resource.volumes",
            "module.resource_group.null_resource.wait_for_sync",
            "module.resource_group.random_uuid.tag"
          ]
        }
      ]
    },
    {
      "module": "module.ibm-vpc",
      "mode": "managed",
      "type": "ibm_is_network_acl_rule",
      "name": "allow_internal_ingress",
      "provider": "provider[\"registry.terraform.io/ibm-cloud/ibm\"]",
      "instances": [
        {
          "index_key": 0,
          "schema_version": 0,
          "attributes": {
            "action": "allow",
            "before": "aced6885-a1dd-4b91-9e20-32f5854ed4e6",
            "destination": "10.0.0.0/8",
            "direction": "inbound",
            "href": "https://eu-de.iaas.cloud.ibm.com/v1/network_acls/r010-46cdae48-1b5a-4bcc-9030-6179c2b7ac11/rules/659e3413-cee5-4e19-9257-9f80c7cad785",
            "icmp": [],
            "id": "r010-46cdae48-1b5a-4bcc-9030-6179c2b7ac11/659e3413-cee5-4e19-9257-9f80c7cad785",
            "ip_version": "ipv4",
            "name": "allow-internal-ingress",
            "network_acl": "r010-46cdae48-1b5a-4bcc-9030-6179c2b7ac11",
            "protocol": "all",
            "rule_id": "659e3413-cee5-4e19-9257-9f80c7cad785",
            "source": "10.0.0.0/8",
            "tcp": [],
            "timeouts": null,
            "udp": []
          },
          "sensitive_attributes": [],
          "private": "eyJlMmJmYjczMC1lY2FhLTExZTYtOGY4OC0zNDM2M2JjN2M0YzAiOnsiY3JlYXRlIjo2MDAwMDAwMDAwMDAsImRlbGV0ZSI6NjAwMDAwMDAwMDAwfX0=",
          "dependencies": [
            "module.ibm-vpc.data.ibm_is_vpc.vpc",
            "module.ibm-vpc.data.ibm_resource_group.resource_group",
            "module.ibm-vpc.ibm_is_network_acl_rule.deny_external_ingress",
            "module.ibm-vpc.ibm_is_network_acl_rule.deny_external_rdp",
            "module.ibm-vpc.ibm_is_network_acl_rule.deny_external_ssh",
            "module.ibm-vpc.ibm_is_vpc.vpc",
            "module.ibm-vpc.null_resource.print_names",
            "module.resource_group.module.clis.data.external.setup-binaries",
            "module.resource_group.module.clis.null_resource.print",
            "module.resource_group.module.clis.random_string.uuid",
            "module.resource_group.null_resource.resource_group",
            "module.resource_group.null_resource.volumes",
            "module.resource_group.null_resource.wait_for_sync",
            "module.resource_group.random_uuid.tag"
          ]
        }
      ]
    },
    {
      "module": "module.ibm-vpc",
      "mode": "managed",
      "type": "ibm_is_network_acl_rule",
      "name": "deny_external_ingress",
      "provider": "provider[\"registry.terraform.io/ibm-cloud/ibm\"]",
      "instances": [
        {
          "index_key": 0,
          "schema_version": 0,
          "attributes": {
            "action": "deny",
            "before": null,
            "destination": "0.0.0.0/0",
            "direction": "inbound",
            "href": "https://eu-de.iaas.cloud.ibm.com/v1/network_acls/r010-46cdae48-1b5a-4bcc-9030-6179c2b7ac11/rules/f7fd4f9c-9c20-410b-9aaf-b6cf0d2e338c",
            "icmp": [],
            "id": "r010-46cdae48-1b5a-4bcc-9030-6179c2b7ac11/f7fd4f9c-9c20-410b-9aaf-b6cf0d2e338c",
            "ip_version": "ipv4",
            "name": "deny-external-ingress",
            "network_acl": "r010-46cdae48-1b5a-4bcc-9030-6179c2b7ac11",
            "protocol": "all",
            "rule_id": "f7fd4f9c-9c20-410b-9aaf-b6cf0d2e338c",
            "source": "0.0.0.0/0",
            "tcp": [],
            "timeouts": null,
            "udp": []
          },
          "sensitive_attributes": [],
          "private": "eyJlMmJmYjczMC1lY2FhLTExZTYtOGY4OC0zNDM2M2JjN2M0YzAiOnsiY3JlYXRlIjo2MDAwMDAwMDAwMDAsImRlbGV0ZSI6NjAwMDAwMDAwMDAwfX0=",
          "dependencies": [
            "module.ibm-vpc.data.ibm_is_vpc.vpc",
            "module.ibm-vpc.data.ibm_resource_group.resource_group",
            "module.ibm-vpc.ibm_is_vpc.vpc",
            "module.ibm-vpc.null_resource.print_names",
            "module.resource_group.module.clis.data.external.setup-binaries",
            "module.resource_group.module.clis.null_resource.print",
            "module.resource_group.module.clis.random_string.uuid",
            "module.resource_group.null_resource.resource_group",
            "module.resource_group.null_resource.volumes",
            "module.resource_group.null_resource.wait_for_sync",
            "module.resource_group.random_uuid.tag"
          ]
        }
      ]
    },
    {
      "module": "module.ibm-vpc",
      "mode": "managed",
      "type": "ibm_is_network_acl_rule",
      "name": "deny_external_rdp",
      "provider": "provider[\"registry.terraform.io/ibm-cloud/ibm\"]",
      "instances": [
        {
          "index_key": 0,
          "schema_version": 0,
          "attributes": {
            "action": "deny",
            "before": "f7fd4f9c-9c20-410b-9aaf-b6cf0d2e338c",
            "destination": "0.0.0.0/0",
            "direction": "inbound",
            "href": "https://eu-de.iaas.cloud.ibm.com/v1/network_acls/r010-46cdae48-1b5a-4bcc-9030-6179c2b7ac11/rules/8f26cde6-e443-42cd-8328-feb2b7c69485",
            "icmp": [],
            "id": "r010-46cdae48-1b5a-4bcc-9030-6179c2b7ac11/8f26cde6-e443-42cd-8328-feb2b7c69485",
            "ip_version": "ipv4",
            "name": "deny-external-rdp",
            "network_acl": "r010-46cdae48-1b5a-4bcc-9030-6179c2b7ac11",
            "protocol": "tcp",
            "rule_id": "8f26cde6-e443-42cd-8328-feb2b7c69485",
            "source": "0.0.0.0/0",
            "tcp": [
              {
                "port_max": 3389,
                "port_min": 3389,
                "source_port_max": 3389,
                "source_port_min": 3389
              }
            ],
            "timeouts": null,
            "udp": []
          },
          "sensitive_attributes": [],
          "private": "eyJlMmJmYjczMC1lY2FhLTExZTYtOGY4OC0zNDM2M2JjN2M0YzAiOnsiY3JlYXRlIjo2MDAwMDAwMDAwMDAsImRlbGV0ZSI6NjAwMDAwMDAwMDAwfX0=",
          "dependencies": [
            "module.ibm-vpc.data.ibm_is_vpc.vpc",
            "module.ibm-vpc.data.ibm_resource_group.resource_group",
            "module.ibm-vpc.ibm_is_network_acl_rule.deny_external_ingress",
            "module.ibm-vpc.ibm_is_vpc.vpc",
            "module.ibm-vpc.null_resource.print_names",
            "module.resource_group.module.clis.data.external.setup-binaries",
            "module.resource_group.module.clis.null_resource.print",
            "module.resource_group.module.clis.random_string.uuid",
            "module.resource_group.null_resource.resource_group",
            "module.resource_group.null_resource.volumes",
            "module.resource_group.null_resource.wait_for_sync",
            "module.resource_group.random_uuid.tag"
          ]
        }
      ]
    },
    {
      "module": "module.ibm-vpc",
      "mode": "managed",
      "type": "ibm_is_network_acl_rule",
      "name": "deny_external_ssh",
      "provider": "provider[\"registry.terraform.io/ibm-cloud/ibm\"]",
      "instances": [
        {
          "index_key": 0,
          "schema_version": 0,
          "attributes": {
            "action": "deny",
            "before": "8f26cde6-e443-42cd-8328-feb2b7c69485",
            "destination": "0.0.0.0/0",
            "direction": "inbound",
            "href": "https://eu-de.iaas.cloud.ibm.com/v1/network_acls/r010-46cdae48-1b5a-4bcc-9030-6179c2b7ac11/rules/aced6885-a1dd-4b91-9e20-32f5854ed4e6",
            "icmp": [],
            "id": "r010-46cdae48-1b5a-4bcc-9030-6179c2b7ac11/aced6885-a1dd-4b91-9e20-32f5854ed4e6",
            "ip_version": "ipv4",
            "name": "deny-external-ssh",
            "network_acl": "r010-46cdae48-1b5a-4bcc-9030-6179c2b7ac11",
            "protocol": "tcp",
            "rule_id": "aced6885-a1dd-4b91-9e20-32f5854ed4e6",
            "source": "0.0.0.0/0",
            "tcp": [
              {
                "port_max": 22,
                "port_min": 22,
                "source_port_max": 22,
                "source_port_min": 22
              }
            ],
            "timeouts": null,
            "udp": []
          },
          "sensitive_attributes": [],
          "private": "eyJlMmJmYjczMC1lY2FhLTExZTYtOGY4OC0zNDM2M2JjN2M0YzAiOnsiY3JlYXRlIjo2MDAwMDAwMDAwMDAsImRlbGV0ZSI6NjAwMDAwMDAwMDAwfX0=",
          "dependencies": [
            "module.ibm-vpc.data.ibm_is_vpc.vpc",
            "module.ibm-vpc.data.ibm_resource_group.resource_group",
            "module.ibm-vpc.ibm_is_network_acl_rule.deny_external_ingress",
            "module.ibm-vpc.ibm_is_network_acl_rule.deny_external_rdp",
            "module.ibm-vpc.ibm_is_vpc.vpc",
            "module.ibm-vpc.null_resource.print_names",
            "module.resource_group.module.clis.data.external.setup-binaries",
            "module.resource_group.module.clis.null_resource.print",
            "module.resource_group.module.clis.random_string.uuid",
            "module.resource_group.null_resource.resource_group",
            "module.resource_group.null_resource.volumes",
            "module.resource_group.null_resource.wait_for_sync",
            "module.resource_group.random_uuid.tag"
          ]
        }
      ]
    },
    {
      "module": "module.ibm-vpc",
      "mode": "managed",
      "type": "ibm_is_security_group",
      "name": "base",
      "provider": "provider[\"registry.terraform.io/ibm-cloud/ibm\"]",
      "instances": [
        {
          "index_key": 0,
          "schema_version": 0,
          "attributes": {
            "crn": "crn:v1:bluemix:public:is:eu-de:a/f2d7386c3c18406b9e2eed413aa7d007::security-group:r010-6b095e75-b538-4841-9a26-db266ae7598b",
            "id": "r010-6b095e75-b538-4841-9a26-db266ae7598b",
            "name": "dev-sf-service-vpc-base",
            "resource_controller_url": "https://cloud.ibm.com/vpc-ext/network/securityGroups",
            "resource_crn": "crn:v1:bluemix:public:is:eu-de:a/f2d7386c3c18406b9e2eed413aa7d007::security-group:r010-6b095e75-b538-4841-9a26-db266ae7598b",
            "resource_group": "e999b6f0e8da434ba50b4beb97dc9ccb",
            "resource_group_name": "dev_sf",
            "resource_name": "dev-sf-service-vpc-base",
            "rules": [],
            "tags": [],
            "timeouts": null,
            "vpc": "r010-362ab55d-56ed-46ce-afe2-21cf949a10eb"
          },
          "sensitive_attributes": [],
          "private": "eyJlMmJmYjczMC1lY2FhLTExZTYtOGY4OC0zNDM2M2JjN2M0YzAiOnsiY3JlYXRlIjo2MDAwMDAwMDAwMDAsImRlbGV0ZSI6NjAwMDAwMDAwMDAwfX0=",
          "dependencies": [
            "module.ibm-vpc.data.ibm_is_vpc.vpc",
            "module.ibm-vpc.data.ibm_resource_group.resource_group",
            "module.ibm-vpc.ibm_is_vpc.vpc",
            "module.ibm-vpc.null_resource.print_names",
            "module.resource_group.module.clis.data.external.setup-binaries",
            "module.resource_group.module.clis.null_resource.print",
            "module.resource_group.module.clis.random_string.uuid",
            "module.resource_group.null_resource.resource_group",
            "module.resource_group.null_resource.volumes",
            "module.resource_group.null_resource.wait_for_sync",
            "module.resource_group.random_uuid.tag"
          ]
        }
      ]
    },
    {
      "module": "module.ibm-vpc",
      "mode": "managed",
      "type": "ibm_is_security_group_rule",
      "name": "cse_dns_1",
      "provider": "provider[\"registry.terraform.io/ibm-cloud/ibm\"]",
      "instances": [
        {
          "index_key": 0,
          "schema_version": 0,
          "attributes": {
            "direction": "outbound",
            "group": "r010-d764d494-fbb8-4269-99fb-2ad38e539d30",
            "icmp": [],
            "id": "r010-d764d494-fbb8-4269-99fb-2ad38e539d30.r010-89576b75-b71e-4910-81e7-7ffce104ee6a",
            "ip_version": "ipv4",
            "protocol": "udp",
            "related_crn": "crn:v1:bluemix:public:is:eu-de:a/f2d7386c3c18406b9e2eed413aa7d007::security-group:r010-d764d494-fbb8-4269-99fb-2ad38e539d30",
            "remote": "161.26.0.10",
            "rule_id": "r010-89576b75-b71e-4910-81e7-7ffce104ee6a",
            "tcp": [],
            "udp": [
              {
                "port_max": 53,
                "port_min": 53
              }
            ]
          },
          "sensitive_attributes": [],
          "private": "bnVsbA==",
          "dependencies": [
            "module.ibm-vpc.data.ibm_is_security_group.base",
            "module.ibm-vpc.data.ibm_is_vpc.vpc",
            "module.ibm-vpc.data.ibm_resource_group.resource_group",
            "module.ibm-vpc.ibm_is_security_group.base",
            "module.ibm-vpc.ibm_is_vpc.vpc",
            "module.ibm-vpc.null_resource.print_names",
            "module.resource_group.module.clis.data.external.setup-binaries",
            "module.resource_group.module.clis.null_resource.print",
            "module.resource_group.module.clis.random_string.uuid",
            "module.resource_group.null_resource.resource_group",
            "module.resource_group.null_resource.volumes",
            "module.resource_group.null_resource.wait_for_sync",
            "module.resource_group.random_uuid.tag"
          ]
        },
        {
          "index_key": 1,
          "schema_version": 0,
          "attributes": {
            "direction": "outbound",
            "group": "r010-6b095e75-b538-4841-9a26-db266ae7598b",
            "icmp": [],
            "id": "r010-6b095e75-b538-4841-9a26-db266ae7598b.r010-851bbe89-5ea7-4390-8020-600ef5cb7528",
            "ip_version": "ipv4",
            "protocol": "udp",
            "related_crn": "crn:v1:bluemix:public:is:eu-de:a/f2d7386c3c18406b9e2eed413aa7d007::security-group:r010-6b095e75-b538-4841-9a26-db266ae7598b",
            "remote": "161.26.0.10",
            "rule_id": "r010-851bbe89-5ea7-4390-8020-600ef5cb7528",
            "tcp": [],
            "udp": [
              {
                "port_max": 53,
                "port_min": 53
              }
            ]
          },
          "sensitive_attributes": [],
          "private": "bnVsbA==",
          "dependencies": [
            "module.ibm-vpc.data.ibm_is_security_group.base",
            "module.ibm-vpc.data.ibm_is_vpc.vpc",
            "module.ibm-vpc.data.ibm_resource_group.resource_group",
            "module.ibm-vpc.ibm_is_security_group.base",
            "module.ibm-vpc.ibm_is_vpc.vpc",
            "module.ibm-vpc.null_resource.print_names",
            "module.resource_group.module.clis.data.external.setup-binaries",
            "module.resource_group.module.clis.null_resource.print",
            "module.resource_group.module.clis.random_string.uuid",
            "module.resource_group.null_resource.resource_group",
            "module.resource_group.null_resource.volumes",
            "module.resource_group.null_resource.wait_for_sync",
            "module.resource_group.random_uuid.tag"
          ]
        }
      ]
    },
    {
      "module": "module.ibm-vpc",
      "mode": "managed",
      "type": "ibm_is_security_group_rule",
      "name": "cse_dns_2",
      "provider": "provider[\"registry.terraform.io/ibm-cloud/ibm\"]",
      "instances": [
        {
          "index_key": 0,
          "schema_version": 0,
          "attributes": {
            "direction": "outbound",
            "group": "r010-d764d494-fbb8-4269-99fb-2ad38e539d30",
            "icmp": [],
            "id": "r010-d764d494-fbb8-4269-99fb-2ad38e539d30.r010-580db75e-50c4-4f07-b707-c77884885559",
            "ip_version": "ipv4",
            "protocol": "udp",
            "related_crn": "crn:v1:bluemix:public:is:eu-de:a/f2d7386c3c18406b9e2eed413aa7d007::security-group:r010-d764d494-fbb8-4269-99fb-2ad38e539d30",
            "remote": "161.26.0.11",
            "rule_id": "r010-580db75e-50c4-4f07-b707-c77884885559",
            "tcp": [],
            "udp": [
              {
                "port_max": 53,
                "port_min": 53
              }
            ]
          },
          "sensitive_attributes": [],
          "private": "bnVsbA==",
          "dependencies": [
            "module.ibm-vpc.data.ibm_is_security_group.base",
            "module.ibm-vpc.data.ibm_is_vpc.vpc",
            "module.ibm-vpc.data.ibm_resource_group.resource_group",
            "module.ibm-vpc.ibm_is_security_group.base",
            "module.ibm-vpc.ibm_is_vpc.vpc",
            "module.ibm-vpc.null_resource.print_names",
            "module.resource_group.module.clis.data.external.setup-binaries",
            "module.resource_group.module.clis.null_resource.print",
            "module.resource_group.module.clis.random_string.uuid",
            "module.resource_group.null_resource.resource_group",
            "module.resource_group.null_resource.volumes",
            "module.resource_group.null_resource.wait_for_sync",
            "module.resource_group.random_uuid.tag"
          ]
        },
        {
          "index_key": 1,
          "schema_version": 0,
          "attributes": {
            "direction": "outbound",
            "group": "r010-6b095e75-b538-4841-9a26-db266ae7598b",
            "icmp": [],
            "id": "r010-6b095e75-b538-4841-9a26-db266ae7598b.r010-47c64e40-7aaf-419e-8332-745c74be9bb2",
            "ip_version": "ipv4",
            "protocol": "udp",
            "related_crn": "crn:v1:bluemix:public:is:eu-de:a/f2d7386c3c18406b9e2eed413aa7d007::security-group:r010-6b095e75-b538-4841-9a26-db266ae7598b",
            "remote": "161.26.0.11",
            "rule_id": "r010-47c64e40-7aaf-419e-8332-745c74be9bb2",
            "tcp": [],
            "udp": [
              {
                "port_max": 53,
                "port_min": 53
              }
            ]
          },
          "sensitive_attributes": [],
          "private": "bnVsbA==",
          "dependencies": [
            "module.ibm-vpc.data.ibm_is_security_group.base",
            "module.ibm-vpc.data.ibm_is_vpc.vpc",
            "module.ibm-vpc.data.ibm_resource_group.resource_group",
            "module.ibm-vpc.ibm_is_security_group.base",
            "module.ibm-vpc.ibm_is_vpc.vpc",
            "module.ibm-vpc.null_resource.print_names",
            "module.resource_group.module.clis.data.external.setup-binaries",
            "module.resource_group.module.clis.null_resource.print",
            "module.resource_group.module.clis.random_string.uuid",
            "module.resource_group.null_resource.resource_group",
            "module.resource_group.null_resource.volumes",
            "module.resource_group.null_resource.wait_for_sync",
            "module.resource_group.random_uuid.tag"
          ]
        }
      ]
    },
    {
      "module": "module.ibm-vpc",
      "mode": "managed",
      "type": "ibm_is_security_group_rule",
      "name": "default_inbound_http",
      "provider": "provider[\"registry.terraform.io/ibm-cloud/ibm\"]",
      "instances": [
        {
          "index_key": 0,
          "schema_version": 0,
          "attributes": {
            "direction": "inbound",
            "group": "r010-d764d494-fbb8-4269-99fb-2ad38e539d30",
            "icmp": [],
            "id": "r010-d764d494-fbb8-4269-99fb-2ad38e539d30.r010-6ff4e0eb-b429-44e1-a616-7250ef5ba97c",
            "ip_version": "ipv4",
            "protocol": "tcp",
            "related_crn": "crn:v1:bluemix:public:is:eu-de:a/f2d7386c3c18406b9e2eed413aa7d007::security-group:r010-d764d494-fbb8-4269-99fb-2ad38e539d30",
            "remote": "0.0.0.0/0",
            "rule_id": "r010-6ff4e0eb-b429-44e1-a616-7250ef5ba97c",
            "tcp": [
              {
                "port_max": 80,
                "port_min": 80
              }
            ],
            "udp": []
          },
          "sensitive_attributes": [],
          "private": "bnVsbA==",
          "dependencies": [
            "module.ibm-vpc.data.ibm_is_vpc.vpc",
            "module.ibm-vpc.data.ibm_resource_group.resource_group",
            "module.ibm-vpc.ibm_is_vpc.vpc",
            "module.ibm-vpc.null_resource.print_names",
            "module.resource_group.module.clis.data.external.setup-binaries",
            "module.resource_group.module.clis.null_resource.print",
            "module.resource_group.module.clis.random_string.uuid",
            "module.resource_group.null_resource.resource_group",
            "module.resource_group.null_resource.volumes",
            "module.resource_group.null_resource.wait_for_sync",
            "module.resource_group.random_uuid.tag"
          ]
        }
      ]
    },
    {
      "module": "module.ibm-vpc",
      "mode": "managed",
      "type": "ibm_is_security_group_rule",
      "name": "default_inbound_ping",
      "provider": "provider[\"registry.terraform.io/ibm-cloud/ibm\"]",
      "instances": [
        {
          "index_key": 0,
          "schema_version": 0,
          "attributes": {
            "direction": "inbound",
            "group": "r010-d764d494-fbb8-4269-99fb-2ad38e539d30",
            "icmp": [
              {
                "code": 0,
                "type": 8
              }
            ],
            "id": "r010-d764d494-fbb8-4269-99fb-2ad38e539d30.r010-e893a2e8-5d3e-4190-a12e-85dfd18eb752",
            "ip_version": "ipv4",
            "protocol": "icmp",
            "related_crn": "crn:v1:bluemix:public:is:eu-de:a/f2d7386c3c18406b9e2eed413aa7d007::security-group:r010-d764d494-fbb8-4269-99fb-2ad38e539d30",
            "remote": "0.0.0.0/0",
            "rule_id": "r010-e893a2e8-5d3e-4190-a12e-85dfd18eb752",
            "tcp": [],
            "udp": []
          },
          "sensitive_attributes": [],
          "private": "bnVsbA==",
          "dependencies": [
            "module.ibm-vpc.data.ibm_is_vpc.vpc",
            "module.ibm-vpc.data.ibm_resource_group.resource_group",
            "module.ibm-vpc.ibm_is_vpc.vpc",
            "module.ibm-vpc.null_resource.print_names",
            "module.resource_group.module.clis.data.external.setup-binaries",
            "module.resource_group.module.clis.null_resource.print",
            "module.resource_group.module.clis.random_string.uuid",
            "module.resource_group.null_resource.resource_group",
            "module.resource_group.null_resource.volumes",
            "module.resource_group.null_resource.wait_for_sync",
            "module.resource_group.random_uuid.tag"
          ]
        }
      ]
    },
    {
      "module": "module.ibm-vpc",
      "mode": "managed",
      "type": "ibm_is_security_group_rule",
      "name": "private_dns_1",
      "provider": "provider[\"registry.terraform.io/ibm-cloud/ibm\"]",
      "instances": [
        {
          "index_key": 0,
          "schema_version": 0,
          "attributes": {
            "direction": "outbound",
            "group": "r010-d764d494-fbb8-4269-99fb-2ad38e539d30",
            "icmp": [],
            "id": "r010-d764d494-fbb8-4269-99fb-2ad38e539d30.r010-feccf281-5957-4b3d-a722-3fb0a11d9e2f",
            "ip_version": "ipv4",
            "protocol": "udp",
            "related_crn": "crn:v1:bluemix:public:is:eu-de:a/f2d7386c3c18406b9e2eed413aa7d007::security-group:r010-d764d494-fbb8-4269-99fb-2ad38e539d30",
            "remote": "161.26.0.7",
            "rule_id": "r010-feccf281-5957-4b3d-a722-3fb0a11d9e2f",
            "tcp": [],
            "udp": [
              {
                "port_max": 53,
                "port_min": 53
              }
            ]
          },
          "sensitive_attributes": [],
          "private": "bnVsbA==",
          "dependencies": [
            "module.ibm-vpc.data.ibm_is_security_group.base",
            "module.ibm-vpc.data.ibm_is_vpc.vpc",
            "module.ibm-vpc.data.ibm_resource_group.resource_group",
            "module.ibm-vpc.ibm_is_security_group.base",
            "module.ibm-vpc.ibm_is_vpc.vpc",
            "module.ibm-vpc.null_resource.print_names",
            "module.resource_group.module.clis.data.external.setup-binaries",
            "module.resource_group.module.clis.null_resource.print",
            "module.resource_group.module.clis.random_string.uuid",
            "module.resource_group.null_resource.resource_group",
            "module.resource_group.null_resource.volumes",
            "module.resource_group.null_resource.wait_for_sync",
            "module.resource_group.random_uuid.tag"
          ]
        },
        {
          "index_key": 1,
          "schema_version": 0,
          "attributes": {
            "direction": "outbound",
            "group": "r010-6b095e75-b538-4841-9a26-db266ae7598b",
            "icmp": [],
            "id": "r010-6b095e75-b538-4841-9a26-db266ae7598b.r010-ad022f79-d23e-4118-bfa0-fa37c92b8cdf",
            "ip_version": "ipv4",
            "protocol": "udp",
            "related_crn": "crn:v1:bluemix:public:is:eu-de:a/f2d7386c3c18406b9e2eed413aa7d007::security-group:r010-6b095e75-b538-4841-9a26-db266ae7598b",
            "remote": "161.26.0.7",
            "rule_id": "r010-ad022f79-d23e-4118-bfa0-fa37c92b8cdf",
            "tcp": [],
            "udp": [
              {
                "port_max": 53,
                "port_min": 53
              }
            ]
          },
          "sensitive_attributes": [],
          "private": "bnVsbA==",
          "dependencies": [
            "module.ibm-vpc.data.ibm_is_security_group.base",
            "module.ibm-vpc.data.ibm_is_vpc.vpc",
            "module.ibm-vpc.data.ibm_resource_group.resource_group",
            "module.ibm-vpc.ibm_is_security_group.base",
            "module.ibm-vpc.ibm_is_vpc.vpc",
            "module.ibm-vpc.null_resource.print_names",
            "module.resource_group.module.clis.data.external.setup-binaries",
            "module.resource_group.module.clis.null_resource.print",
            "module.resource_group.module.clis.random_string.uuid",
            "module.resource_group.null_resource.resource_group",
            "module.resource_group.null_resource.volumes",
            "module.resource_group.null_resource.wait_for_sync",
            "module.resource_group.random_uuid.tag"
          ]
        }
      ]
    },
    {
      "module": "module.ibm-vpc",
      "mode": "managed",
      "type": "ibm_is_security_group_rule",
      "name": "private_dns_2",
      "provider": "provider[\"registry.terraform.io/ibm-cloud/ibm\"]",
      "instances": [
        {
          "index_key": 0,
          "schema_version": 0,
          "attributes": {
            "direction": "outbound",
            "group": "r010-d764d494-fbb8-4269-99fb-2ad38e539d30",
            "icmp": [],
            "id": "r010-d764d494-fbb8-4269-99fb-2ad38e539d30.r010-31ad5d39-c07e-4750-8aa6-557ed0c72bc6",
            "ip_version": "ipv4",
            "protocol": "udp",
            "related_crn": "crn:v1:bluemix:public:is:eu-de:a/f2d7386c3c18406b9e2eed413aa7d007::security-group:r010-d764d494-fbb8-4269-99fb-2ad38e539d30",
            "remote": "161.26.0.8",
            "rule_id": "r010-31ad5d39-c07e-4750-8aa6-557ed0c72bc6",
            "tcp": [],
            "udp": [
              {
                "port_max": 53,
                "port_min": 53
              }
            ]
          },
          "sensitive_attributes": [],
          "private": "bnVsbA==",
          "dependencies": [
            "module.ibm-vpc.data.ibm_is_security_group.base",
            "module.ibm-vpc.data.ibm_is_vpc.vpc",
            "module.ibm-vpc.data.ibm_resource_group.resource_group",
            "module.ibm-vpc.ibm_is_security_group.base",
            "module.ibm-vpc.ibm_is_vpc.vpc",
            "module.ibm-vpc.null_resource.print_names",
            "module.resource_group.module.clis.data.external.setup-binaries",
            "module.resource_group.module.clis.null_resource.print",
            "module.resource_group.module.clis.random_string.uuid",
            "module.resource_group.null_resource.resource_group",
            "module.resource_group.null_resource.volumes",
            "module.resource_group.null_resource.wait_for_sync",
            "module.resource_group.random_uuid.tag"
          ]
        },
        {
          "index_key": 1,
          "schema_version": 0,
          "attributes": {
            "direction": "outbound",
            "group": "r010-6b095e75-b538-4841-9a26-db266ae7598b",
            "icmp": [],
            "id": "r010-6b095e75-b538-4841-9a26-db266ae7598b.r010-6df5e399-d892-4185-96e9-77913a88eb40",
            "ip_version": "ipv4",
            "protocol": "udp",
            "related_crn": "crn:v1:bluemix:public:is:eu-de:a/f2d7386c3c18406b9e2eed413aa7d007::security-group:r010-6b095e75-b538-4841-9a26-db266ae7598b",
            "remote": "161.26.0.8",
            "rule_id": "r010-6df5e399-d892-4185-96e9-77913a88eb40",
            "tcp": [],
            "udp": [
              {
                "port_max": 53,
                "port_min": 53
              }
            ]
          },
          "sensitive_attributes": [],
          "private": "bnVsbA==",
          "dependencies": [
            "module.ibm-vpc.data.ibm_is_security_group.base",
            "module.ibm-vpc.data.ibm_is_vpc.vpc",
            "module.ibm-vpc.data.ibm_resource_group.resource_group",
            "module.ibm-vpc.ibm_is_security_group.base",
            "module.ibm-vpc.ibm_is_vpc.vpc",
            "module.ibm-vpc.null_resource.print_names",
            "module.resource_group.module.clis.data.external.setup-binaries",
            "module.resource_group.module.clis.null_resource.print",
            "module.resource_group.module.clis.random_string.uuid",
            "module.resource_group.null_resource.resource_group",
            "module.resource_group.null_resource.volumes",
            "module.resource_group.null_resource.wait_for_sync",
            "module.resource_group.random_uuid.tag"
          ]
        }
      ]
    },
    {
      "module": "module.ibm-vpc",
      "mode": "managed",
      "type": "ibm_is_vpc",
      "name": "vpc",
      "provider": "provider[\"registry.terraform.io/ibm-cloud/ibm\"]",
      "instances": [
        {
          "index_key": 0,
          "schema_version": 0,
          "attributes": {
            "address_prefix_management": "auto",
            "classic_access": false,
            "crn": "crn:v1:bluemix:public:is:eu-de:a/f2d7386c3c18406b9e2eed413aa7d007::vpc:r010-362ab55d-56ed-46ce-afe2-21cf949a10eb",
            "cse_source_addresses": [
              {
                "address": "10.16.201.1",
                "zone_name": "eu-de-1"
              },
              {
                "address": "10.16.209.66",
                "zone_name": "eu-de-2"
              },
              {
                "address": "10.223.57.195",
                "zone_name": "eu-de-3"
              }
            ],
            "default_network_acl": "r010-46cdae48-1b5a-4bcc-9030-6179c2b7ac11",
            "default_network_acl_crn": "crn:v1:bluemix:public:is:eu-de:a/f2d7386c3c18406b9e2eed413aa7d007::network-acl:r010-46cdae48-1b5a-4bcc-9030-6179c2b7ac11",
            "default_network_acl_name": "dev-sf-service-vpc-default",
            "default_routing_table": "r010-4813eb5c-bf7b-4822-8d1e-8db339f0a845",
            "default_routing_table_name": "dev-sf-service-vpc-default",
            "default_security_group": "r010-d764d494-fbb8-4269-99fb-2ad38e539d30",
            "default_security_group_crn": "crn:v1:bluemix:public:is:eu-de:a/f2d7386c3c18406b9e2eed413aa7d007::security-group:r010-d764d494-fbb8-4269-99fb-2ad38e539d30",
            "default_security_group_name": "dev-sf-service-vpc-default",
            "id": "r010-362ab55d-56ed-46ce-afe2-21cf949a10eb",
            "name": "dev-sf-service-vpc",
            "resource_controller_url": "https://cloud.ibm.com/vpc-ext/network/vpcs",
            "resource_crn": "crn:v1:bluemix:public:is:eu-de:a/f2d7386c3c18406b9e2eed413aa7d007::vpc:r010-362ab55d-56ed-46ce-afe2-21cf949a10eb",
            "resource_group": "e999b6f0e8da434ba50b4beb97dc9ccb",
            "resource_group_name": "dev_sf",
            "resource_name": "dev-sf-service-vpc",
            "resource_status": "available",
            "security_group": [
              {
                "group_id": "r010-d764d494-fbb8-4269-99fb-2ad38e539d30",
                "group_name": "dev-sf-service-vpc-default",
                "rules": [
                  {
                    "code": 0,
                    "direction": "outbound",
                    "ip_version": "ipv4",
                    "port_max": 0,
                    "port_min": 0,
                    "protocol": "all",
                    "remote": "0.0.0.0/0",
                    "rule_id": "r010-d581eeff-da31-4012-a756-28b962975a66",
                    "type": 0
                  },
                  {
                    "code": 0,
                    "direction": "inbound",
                    "ip_version": "ipv4",
                    "port_max": 0,
                    "port_min": 0,
                    "protocol": "all",
                    "remote": "r010-d764d494-fbb8-4269-99fb-2ad38e539d30",
                    "rule_id": "r010-e13040d6-88f1-4286-bf08-94f64771ad85",
                    "type": 0
                  }
                ]
              }
            ],
            "status": "available",
            "subnets": [],
            "tags": [],
            "timeouts": null
          },
          "sensitive_attributes": [],
          "private": "eyJlMmJmYjczMC1lY2FhLTExZTYtOGY4OC0zNDM2M2JjN2M0YzAiOnsiY3JlYXRlIjo2MDAwMDAwMDAwMDAsImRlbGV0ZSI6NjAwMDAwMDAwMDAwfX0=",
          "dependencies": [
            "module.ibm-vpc.data.ibm_resource_group.resource_group",
            "module.ibm-vpc.null_resource.print_names",
            "module.resource_group.module.clis.data.external.setup-binaries",
            "module.resource_group.module.clis.null_resource.print",
            "module.resource_group.module.clis.random_string.uuid",
            "module.resource_group.null_resource.resource_group",
            "module.resource_group.null_resource.volumes",
            "module.resource_group.null_resource.wait_for_sync",
            "module.resource_group.random_uuid.tag"
          ]
        }
      ]
    },
    {
      "module": "module.ibm-vpc",
      "mode": "managed",
      "type": "ibm_resource_tag",
      "name": "nacl-tag",
      "provider": "provider[\"registry.terraform.io/ibm-cloud/ibm\"]",
      "instances": [
        {
          "index_key": 0,
          "schema_version": 0,
          "attributes": {
            "acccount_id": null,
            "id": "crn:v1:bluemix:public:is:eu-de:a/f2d7386c3c18406b9e2eed413aa7d007::network-acl:r010-46cdae48-1b5a-4bcc-9030-6179c2b7ac11",
            "resource_id": "crn:v1:bluemix:public:is:eu-de:a/f2d7386c3c18406b9e2eed413aa7d007::network-acl:r010-46cdae48-1b5a-4bcc-9030-6179c2b7ac11",
            "resource_type": "",
            "tag_type": null,
            "tags": []
          },
          "sensitive_attributes": [],
          "private": "bnVsbA==",
          "dependencies": [
            "module.ibm-vpc.data.ibm_is_vpc.vpc",
            "module.ibm-vpc.data.ibm_resource_group.resource_group",
            "module.ibm-vpc.ibm_is_vpc.vpc",
            "module.ibm-vpc.null_resource.print_names",
            "module.resource_group.module.clis.data.external.setup-binaries",
            "module.resource_group.module.clis.null_resource.print",
            "module.resource_group.module.clis.random_string.uuid",
            "module.resource_group.null_resource.resource_group",
            "module.resource_group.null_resource.volumes",
            "module.resource_group.null_resource.wait_for_sync",
            "module.resource_group.random_uuid.tag"
          ]
        }
      ]
    },
    {
      "module": "module.ibm-vpc",
      "mode": "managed",
      "type": "ibm_resource_tag",
      "name": "sg-tag",
      "provider": "provider[\"registry.terraform.io/ibm-cloud/ibm\"]",
      "instances": [
        {
          "index_key": 0,
          "schema_version": 0,
          "attributes": {
            "acccount_id": null,
            "id": "crn:v1:bluemix:public:is:eu-de:a/f2d7386c3c18406b9e2eed413aa7d007::security-group:r010-d764d494-fbb8-4269-99fb-2ad38e539d30",
            "resource_id": "crn:v1:bluemix:public:is:eu-de:a/f2d7386c3c18406b9e2eed413aa7d007::security-group:r010-d764d494-fbb8-4269-99fb-2ad38e539d30",
            "resource_type": "",
            "tag_type": null,
            "tags": []
          },
          "sensitive_attributes": [],
          "private": "bnVsbA==",
          "dependencies": [
            "module.ibm-vpc.data.ibm_is_vpc.vpc",
            "module.ibm-vpc.data.ibm_resource_group.resource_group",
            "module.ibm-vpc.ibm_is_vpc.vpc",
            "module.ibm-vpc.null_resource.print_names",
            "module.resource_group.module.clis.data.external.setup-binaries",
            "module.resource_group.module.clis.null_resource.print",
            "module.resource_group.module.clis.random_string.uuid",
            "module.resource_group.null_resource.resource_group",
            "module.resource_group.null_resource.volumes",
            "module.resource_group.null_resource.wait_for_sync",
            "module.resource_group.random_uuid.tag"
          ]
        }
      ]
    },
    {
      "module": "module.ibm-vpc",
      "mode": "managed",
      "type": "null_resource",
      "name": "print_names",
      "provider": "provider[\"registry.terraform.io/hashicorp/null\"]",
      "instances": [
        {
          "schema_version": 0,
          "attributes": {
            "id": "655891561741759787",
            "triggers": null
          },
          "sensitive_attributes": [],
          "dependencies": [
            "module.resource_group.module.clis.data.external.setup-binaries",
            "module.resource_group.module.clis.null_resource.print",
            "module.resource_group.module.clis.random_string.uuid",
            "module.resource_group.null_resource.resource_group",
            "module.resource_group.null_resource.volumes",
            "module.resource_group.null_resource.wait_for_sync",
            "module.resource_group.random_uuid.tag"
          ]
        }
      ]
    },
    {
      "module": "module.ibm-vpc-gateways",
      "mode": "data",
      "type": "ibm_is_public_gateway",
      "name": "vpc_gateway",
      "provider": "provider[\"registry.terraform.io/ibm-cloud/ibm\"]",
      "instances": [
        {
          "index_key": 0,
          "schema_version": 0,
          "attributes": {
            "crn": "crn:v1:bluemix:public:is:eu-de-1:a/f2d7386c3c18406b9e2eed413aa7d007::public-gateway:r010-b9e5689a-df26-41da-9fd0-84a081255d02",
            "floating_ip": {
              "address": "149.81.2.12",
              "id": "r010-79d67f7b-7c08-42fa-a52f-10b7fbd8993f"
            },
            "id": "r010-b9e5689a-df26-41da-9fd0-84a081255d02",
            "name": "dev-sf-service-vpc-gw-eu-de-1",
            "resource_controller_url": "https://cloud.ibm.com/vpc-ext/network/publicGateways",
            "resource_crn": "crn:v1:bluemix:public:is:eu-de-1:a/f2d7386c3c18406b9e2eed413aa7d007::public-gateway:r010-b9e5689a-df26-41da-9fd0-84a081255d02",
            "resource_group": "e999b6f0e8da434ba50b4beb97dc9ccb",
            "resource_group_name": "dev_sf",
            "resource_name": "dev-sf-service-vpc-gw-eu-de-1",
            "resource_status": "available",
            "status": "available",
            "tags": [],
            "vpc": "r010-362ab55d-56ed-46ce-afe2-21cf949a10eb",
            "zone": "eu-de-1"
          },
          "sensitive_attributes": []
        },
        {
          "index_key": 1,
          "schema_version": 0,
          "attributes": {
            "crn": "crn:v1:bluemix:public:is:eu-de-2:a/f2d7386c3c18406b9e2eed413aa7d007::public-gateway:r010-1dccb847-980d-4025-aae0-731473dd06de",
            "floating_ip": {
              "address": "161.156.171.26",
              "id": "r010-f673087e-da13-4479-a78a-0759d2f65d97"
            },
            "id": "r010-1dccb847-980d-4025-aae0-731473dd06de",
            "name": "dev-sf-service-vpc-gw-eu-de-2",
            "resource_controller_url": "https://cloud.ibm.com/vpc-ext/network/publicGateways",
            "resource_crn": "crn:v1:bluemix:public:is:eu-de-2:a/f2d7386c3c18406b9e2eed413aa7d007::public-gateway:r010-1dccb847-980d-4025-aae0-731473dd06de",
            "resource_group": "e999b6f0e8da434ba50b4beb97dc9ccb",
            "resource_group_name": "dev_sf",
            "resource_name": "dev-sf-service-vpc-gw-eu-de-2",
            "resource_status": "available",
            "status": "available",
            "tags": [],
            "vpc": "r010-362ab55d-56ed-46ce-afe2-21cf949a10eb",
            "zone": "eu-de-2"
          },
          "sensitive_attributes": []
        },
        {
          "index_key": 2,
          "schema_version": 0,
          "attributes": {
            "crn": "crn:v1:bluemix:public:is:eu-de-3:a/f2d7386c3c18406b9e2eed413aa7d007::public-gateway:r010-d312d68b-f18b-4625-a227-a29d106597c9",
            "floating_ip": {
              "address": "149.81.243.155",
              "id": "r010-e89b0bd6-a791-4709-853d-137781151c92"
            },
            "id": "r010-d312d68b-f18b-4625-a227-a29d106597c9",
            "name": "dev-sf-service-vpc-gw-eu-de-3",
            "resource_controller_url": "https://cloud.ibm.com/vpc-ext/network/publicGateways",
            "resource_crn": "crn:v1:bluemix:public:is:eu-de-3:a/f2d7386c3c18406b9e2eed413aa7d007::public-gateway:r010-d312d68b-f18b-4625-a227-a29d106597c9",
            "resource_group": "e999b6f0e8da434ba50b4beb97dc9ccb",
            "resource_group_name": "dev_sf",
            "resource_name": "dev-sf-service-vpc-gw-eu-de-3",
            "resource_status": "available",
            "status": "available",
            "tags": [],
            "vpc": "r010-362ab55d-56ed-46ce-afe2-21cf949a10eb",
            "zone": "eu-de-3"
          },
          "sensitive_attributes": []
        }
      ]
    },
    {
      "module": "module.ibm-vpc-gateways",
      "mode": "data",
      "type": "ibm_is_vpc",
      "name": "vpc",
      "provider": "provider[\"registry.terraform.io/ibm-cloud/ibm\"]",
      "instances": [
        {
          "schema_version": 0,
          "attributes": {
            "classic_access": false,
            "crn": "crn:v1:bluemix:public:is:eu-de:a/f2d7386c3c18406b9e2eed413aa7d007::vpc:r010-362ab55d-56ed-46ce-afe2-21cf949a10eb",
            "cse_source_addresses": [
              {
                "address": "10.16.201.1",
                "zone_name": "eu-de-1"
              },
              {
                "address": "10.16.209.66",
                "zone_name": "eu-de-2"
              },
              {
                "address": "10.223.57.195",
                "zone_name": "eu-de-3"
              }
            ],
            "default_network_acl": "r010-46cdae48-1b5a-4bcc-9030-6179c2b7ac11",
            "default_network_acl_crn": "crn:v1:bluemix:public:is:eu-de:a/f2d7386c3c18406b9e2eed413aa7d007::network-acl:r010-46cdae48-1b5a-4bcc-9030-6179c2b7ac11",
            "default_network_acl_name": "dev-sf-service-vpc-default",
            "default_routing_table": "r010-4813eb5c-bf7b-4822-8d1e-8db339f0a845",
            "default_routing_table_name": "dev-sf-service-vpc-default",
            "default_security_group": "r010-d764d494-fbb8-4269-99fb-2ad38e539d30",
            "default_security_group_crn": "crn:v1:bluemix:public:is:eu-de:a/f2d7386c3c18406b9e2eed413aa7d007::security-group:r010-d764d494-fbb8-4269-99fb-2ad38e539d30",
            "default_security_group_name": "dev-sf-service-vpc-default",
            "id": "r010-362ab55d-56ed-46ce-afe2-21cf949a10eb",
            "identifier": "r010-362ab55d-56ed-46ce-afe2-21cf949a10eb",
            "name": "dev-sf-service-vpc",
            "resource_controller_url": "https://cloud.ibm.com/vpc-ext/network/vpcs",
            "resource_crn": "crn:v1:bluemix:public:is:eu-de:a/f2d7386c3c18406b9e2eed413aa7d007::vpc:r010-362ab55d-56ed-46ce-afe2-21cf949a10eb",
            "resource_group": "e999b6f0e8da434ba50b4beb97dc9ccb",
            "resource_group_name": "dev_sf",
            "resource_name": "dev-sf-service-vpc",
            "resource_status": "available",
            "security_group": [
              {
                "group_id": "r010-d764d494-fbb8-4269-99fb-2ad38e539d30",
                "group_name": "dev-sf-service-vpc-default",
                "rules": [
                  {
                    "code": 0,
                    "direction": "outbound",
                    "ip_version": "ipv4",
                    "port_max": 0,
                    "port_min": 0,
                    "protocol": "all",
                    "remote": "0.0.0.0/0",
                    "rule_id": "r010-d581eeff-da31-4012-a756-28b962975a66",
                    "type": 0
                  },
                  {
                    "code": 0,
                    "direction": "inbound",
                    "ip_version": "ipv4",
                    "port_max": 0,
                    "port_min": 0,
                    "protocol": "all",
                    "remote": "r010-d764d494-fbb8-4269-99fb-2ad38e539d30",
                    "rule_id": "r010-e13040d6-88f1-4286-bf08-94f64771ad85",
                    "type": 0
                  }
                ]
              }
            ],
            "status": "available",
            "subnets": [],
            "tags": []
          },
          "sensitive_attributes": []
        }
      ]
    },
    {
      "module": "module.ibm-vpc-gateways",
      "mode": "managed",
      "type": "ibm_is_public_gateway",
      "name": "vpc_gateway",
      "provider": "provider[\"registry.terraform.io/ibm-cloud/ibm\"]",
      "instances": [
        {
          "index_key": 0,
          "schema_version": 0,
          "attributes": {
            "crn": "crn:v1:bluemix:public:is:eu-de-1:a/f2d7386c3c18406b9e2eed413aa7d007::public-gateway:r010-b9e5689a-df26-41da-9fd0-84a081255d02",
            "floating_ip": {
              "address": "149.81.2.12",
              "id": "r010-79d67f7b-7c08-42fa-a52f-10b7fbd8993f"
            },
            "id": "r010-b9e5689a-df26-41da-9fd0-84a081255d02",
            "name": "dev-sf-service-vpc-gw-eu-de-1",
            "resource_controller_url": "https://cloud.ibm.com/vpc-ext/network/publicGateways",
            "resource_crn": "crn:v1:bluemix:public:is:eu-de-1:a/f2d7386c3c18406b9e2eed413aa7d007::public-gateway:r010-b9e5689a-df26-41da-9fd0-84a081255d02",
            "resource_group": "e999b6f0e8da434ba50b4beb97dc9ccb",
            "resource_group_name": "dev_sf",
            "resource_name": "dev-sf-service-vpc-gw-eu-de-1",
            "resource_status": "available",
            "status": "available",
            "tags": [],
            "timeouts": {
              "create": "15m",
              "delete": "15m"
            },
            "vpc": "r010-362ab55d-56ed-46ce-afe2-21cf949a10eb",
            "zone": "eu-de-1"
          },
          "sensitive_attributes": [],
          "private": "eyJlMmJmYjczMC1lY2FhLTExZTYtOGY4OC0zNDM2M2JjN2M0YzAiOnsiY3JlYXRlIjo5MDAwMDAwMDAwMDAsImRlbGV0ZSI6OTAwMDAwMDAwMDAwfX0=",
          "dependencies": [
            "module.ibm-vpc-gateways.data.ibm_is_vpc.vpc",
            "module.ibm-vpc-gateways.null_resource.print_names",
            "module.ibm-vpc.data.ibm_resource_group.resource_group",
            "module.ibm-vpc.ibm_is_vpc.vpc",
            "module.ibm-vpc.ibm_is_vpc_address_prefix.cidr_prefix",
            "module.ibm-vpc.null_resource.print_names",
            "module.resource_group.data.ibm_resource_group.resource_group",
            "module.resource_group.module.clis.data.external.setup-binaries",
            "module.resource_group.module.clis.null_resource.print",
            "module.resource_group.module.clis.random_string.uuid",
            "module.resource_group.null_resource.resource_group",
            "module.resource_group.null_resource.volumes",
            "module.resource_group.null_resource.wait_for_sync",
            "module.resource_group.random_uuid.tag"
          ]
        },
        {
          "index_key": 1,
          "schema_version": 0,
          "attributes": {
            "crn": "crn:v1:bluemix:public:is:eu-de-2:a/f2d7386c3c18406b9e2eed413aa7d007::public-gateway:r010-1dccb847-980d-4025-aae0-731473dd06de",
            "floating_ip": {
              "address": "161.156.171.26",
              "id": "r010-f673087e-da13-4479-a78a-0759d2f65d97"
            },
            "id": "r010-1dccb847-980d-4025-aae0-731473dd06de",
            "name": "dev-sf-service-vpc-gw-eu-de-2",
            "resource_controller_url": "https://cloud.ibm.com/vpc-ext/network/publicGateways",
            "resource_crn": "crn:v1:bluemix:public:is:eu-de-2:a/f2d7386c3c18406b9e2eed413aa7d007::public-gateway:r010-1dccb847-980d-4025-aae0-731473dd06de",
            "resource_group": "e999b6f0e8da434ba50b4beb97dc9ccb",
            "resource_group_name": "dev_sf",
            "resource_name": "dev-sf-service-vpc-gw-eu-de-2",
            "resource_status": "available",
            "status": "available",
            "tags": [],
            "timeouts": {
              "create": "15m",
              "delete": "15m"
            },
            "vpc": "r010-362ab55d-56ed-46ce-afe2-21cf949a10eb",
            "zone": "eu-de-2"
          },
          "sensitive_attributes": [],
          "private": "eyJlMmJmYjczMC1lY2FhLTExZTYtOGY4OC0zNDM2M2JjN2M0YzAiOnsiY3JlYXRlIjo5MDAwMDAwMDAwMDAsImRlbGV0ZSI6OTAwMDAwMDAwMDAwfX0=",
          "dependencies": [
            "module.ibm-vpc-gateways.data.ibm_is_vpc.vpc",
            "module.ibm-vpc-gateways.null_resource.print_names",
            "module.ibm-vpc.data.ibm_resource_group.resource_group",
            "module.ibm-vpc.ibm_is_vpc.vpc",
            "module.ibm-vpc.ibm_is_vpc_address_prefix.cidr_prefix",
            "module.ibm-vpc.null_resource.print_names",
            "module.resource_group.data.ibm_resource_group.resource_group",
            "module.resource_group.module.clis.data.external.setup-binaries",
            "module.resource_group.module.clis.null_resource.print",
            "module.resource_group.module.clis.random_string.uuid",
            "module.resource_group.null_resource.resource_group",
            "module.resource_group.null_resource.volumes",
            "module.resource_group.null_resource.wait_for_sync",
            "module.resource_group.random_uuid.tag"
          ]
        },
        {
          "index_key": 2,
          "schema_version": 0,
          "attributes": {
            "crn": "crn:v1:bluemix:public:is:eu-de-3:a/f2d7386c3c18406b9e2eed413aa7d007::public-gateway:r010-d312d68b-f18b-4625-a227-a29d106597c9",
            "floating_ip": {
              "address": "149.81.243.155",
              "id": "r010-e89b0bd6-a791-4709-853d-137781151c92"
            },
            "id": "r010-d312d68b-f18b-4625-a227-a29d106597c9",
            "name": "dev-sf-service-vpc-gw-eu-de-3",
            "resource_controller_url": "https://cloud.ibm.com/vpc-ext/network/publicGateways",
            "resource_crn": "crn:v1:bluemix:public:is:eu-de-3:a/f2d7386c3c18406b9e2eed413aa7d007::public-gateway:r010-d312d68b-f18b-4625-a227-a29d106597c9",
            "resource_group": "e999b6f0e8da434ba50b4beb97dc9ccb",
            "resource_group_name": "dev_sf",
            "resource_name": "dev-sf-service-vpc-gw-eu-de-3",
            "resource_status": "available",
            "status": "available",
            "tags": [],
            "timeouts": {
              "create": "15m",
              "delete": "15m"
            },
            "vpc": "r010-362ab55d-56ed-46ce-afe2-21cf949a10eb",
            "zone": "eu-de-3"
          },
          "sensitive_attributes": [],
          "private": "eyJlMmJmYjczMC1lY2FhLTExZTYtOGY4OC0zNDM2M2JjN2M0YzAiOnsiY3JlYXRlIjo5MDAwMDAwMDAwMDAsImRlbGV0ZSI6OTAwMDAwMDAwMDAwfX0=",
          "dependencies": [
            "module.ibm-vpc-gateways.data.ibm_is_vpc.vpc",
            "module.ibm-vpc-gateways.null_resource.print_names",
            "module.ibm-vpc.data.ibm_resource_group.resource_group",
            "module.ibm-vpc.ibm_is_vpc.vpc",
            "module.ibm-vpc.ibm_is_vpc_address_prefix.cidr_prefix",
            "module.ibm-vpc.null_resource.print_names",
            "module.resource_group.data.ibm_resource_group.resource_group",
            "module.resource_group.module.clis.data.external.setup-binaries",
            "module.resource_group.module.clis.null_resource.print",
            "module.resource_group.module.clis.random_string.uuid",
            "module.resource_group.null_resource.resource_group",
            "module.resource_group.null_resource.volumes",
            "module.resource_group.null_resource.wait_for_sync",
            "module.resource_group.random_uuid.tag"
          ]
        }
      ]
    },
    {
      "module": "module.ibm-vpc-gateways",
      "mode": "managed",
      "type": "null_resource",
      "name": "print_names",
      "provider": "provider[\"registry.terraform.io/hashicorp/null\"]",
      "instances": [
        {
          "schema_version": 0,
          "attributes": {
            "id": "1862094790603644308",
            "triggers": null
          },
          "sensitive_attributes": [],
          "dependencies": [
            "module.ibm-vpc.data.ibm_resource_group.resource_group",
            "module.ibm-vpc.ibm_is_vpc.vpc",
            "module.ibm-vpc.ibm_is_vpc_address_prefix.cidr_prefix",
            "module.ibm-vpc.null_resource.print_names",
            "module.resource_group.module.clis.data.external.setup-binaries",
            "module.resource_group.module.clis.null_resource.print",
            "module.resource_group.module.clis.random_string.uuid",
            "module.resource_group.null_resource.resource_group",
            "module.resource_group.null_resource.volumes",
            "module.resource_group.null_resource.wait_for_sync",
            "module.resource_group.random_uuid.tag"
          ]
        }
      ]
    },
    {
      "module": "module.logdna",
      "mode": "data",
      "type": "ibm_resource_group",
      "name": "resource_group",
      "provider": "provider[\"registry.terraform.io/ibm-cloud/ibm\"]",
      "instances": [
        {
          "schema_version": 0,
          "attributes": {
            "account_id": "f2d7386c3c18406b9e2eed413aa7d007",
            "created_at": "2022-12-13T23:45:52.415Z",
            "crn": "crn:v1:bluemix:public:resource-controller::a/f2d7386c3c18406b9e2eed413aa7d007::resource-group:e999b6f0e8da434ba50b4beb97dc9ccb",
            "id": "e999b6f0e8da434ba50b4beb97dc9ccb",
            "is_default": false,
            "name": "dev_sf",
            "payment_methods_url": null,
            "quota_id": "a3d7b8d01e261c24677937c29ab33f3c",
            "quota_url": "/v2/quota_definitions/a3d7b8d01e261c24677937c29ab33f3c",
            "resource_linkages": [],
            "state": "ACTIVE",
            "teams_url": null,
            "updated_at": "2022-12-13T23:45:52.415Z"
          },
          "sensitive_attributes": []
        }
      ]
    },
    {
      "module": "module.logdna",
      "mode": "data",
      "type": "ibm_resource_instance",
      "name": "instance",
      "provider": "provider[\"registry.terraform.io/ibm-cloud/ibm\"]",
      "instances": [
        {
          "schema_version": 0,
          "attributes": {
            "crn": "crn:v1:bluemix:public:logdna:eu-de:a/f2d7386c3c18406b9e2eed413aa7d007:99a7f9f6-cb69-429c-afe2-c27fef0db032::",
            "extensions": {},
            "guid": "99a7f9f6-cb69-429c-afe2-c27fef0db032",
            "id": "crn:v1:bluemix:public:logdna:eu-de:a/f2d7386c3c18406b9e2eed413aa7d007:99a7f9f6-cb69-429c-afe2-c27fef0db032::",
            "location": "eu-de",
            "name": "dev_sf_service-logging",
            "plan": "7-day",
            "resource_controller_url": "https://cloud.ibm.com/services/",
            "resource_crn": "crn:v1:bluemix:public:logdna:eu-de:a/f2d7386c3c18406b9e2eed413aa7d007:99a7f9f6-cb69-429c-afe2-c27fef0db032::",
            "resource_group_id": "e999b6f0e8da434ba50b4beb97dc9ccb",
            "resource_group_name": "",
            "resource_name": "dev_sf_service-logging",
            "resource_status": "active",
            "service": "logdna",
            "status": "active",
            "tags": []
          },
          "sensitive_attributes": []
        }
      ]
    },
    {
      "module": "module.logdna",
      "mode": "managed",
      "type": "ibm_resource_instance",
      "name": "logdna_instance",
      "provider": "provider[\"registry.terraform.io/ibm-cloud/ibm\"]",
      "instances": [
        {
          "index_key": 0,
          "schema_version": 0,
          "attributes": {
            "account_id": "f2d7386c3c18406b9e2eed413aa7d007",
            "allow_cleanup": false,
            "created_at": "2022-12-13T23:45:57.877Z",
            "created_by": "IBMid-310001S8XR",
            "crn": "crn:v1:bluemix:public:logdna:eu-de:a/f2d7386c3c18406b9e2eed413aa7d007:99a7f9f6-cb69-429c-afe2-c27fef0db032::",
            "dashboard_url": "https://app.eu-de.logging.cloud.ibm.com/ext/ibm-sso/1636231dda",
            "deleted_at": null,
            "deleted_by": "",
            "extensions": {},
            "guid": "99a7f9f6-cb69-429c-afe2-c27fef0db032",
            "id": "crn:v1:bluemix:public:logdna:eu-de:a/f2d7386c3c18406b9e2eed413aa7d007:99a7f9f6-cb69-429c-afe2-c27fef0db032::",
            "last_operation": {
              "async": "false",
              "cancelable": "false",
              "description": "Completed create instance operation",
              "poll": "false",
              "state": "succeeded",
              "type": "create"
            },
            "location": "eu-de",
            "locked": false,
            "name": "dev_sf_service-logging",
            "parameters": null,
            "parameters_json": null,
            "plan": "7-day",
            "plan_history": [
              {
                "resource_plan_id": "209cbd52-f3e2-47cb-94ce-6b84fafcf22b",
                "start_date": "2022-12-13T23:45:57.877Z"
              }
            ],
            "resource_aliases_url": "/v2/resource_instances/99a7f9f6-cb69-429c-afe2-c27fef0db032/resource_aliases",
            "resource_bindings_url": "/v2/resource_instances/99a7f9f6-cb69-429c-afe2-c27fef0db032/resource_bindings",
            "resource_controller_url": "https://cloud.ibm.com/services/",
            "resource_crn": "crn:v1:bluemix:public:logdna:eu-de:a/f2d7386c3c18406b9e2eed413aa7d007:99a7f9f6-cb69-429c-afe2-c27fef0db032::",
            "resource_group_crn": "crn:v1:bluemix:public:resource-controller::a/f2d7386c3c18406b9e2eed413aa7d007::resource-group:e999b6f0e8da434ba50b4beb97dc9ccb",
            "resource_group_id": "e999b6f0e8da434ba50b4beb97dc9ccb",
            "resource_group_name": "crn:v1:bluemix:public:resource-controller::a/f2d7386c3c18406b9e2eed413aa7d007::resource-group:e999b6f0e8da434ba50b4beb97dc9ccb",
            "resource_id": "e13e1860-959c-11e8-871e-ad157af61ad7",
            "resource_keys_url": "/v2/resource_instances/99a7f9f6-cb69-429c-afe2-c27fef0db032/resource_keys",
            "resource_name": "dev_sf_service-logging",
            "resource_plan_id": "209cbd52-f3e2-47cb-94ce-6b84fafcf22b",
            "resource_status": "active",
            "restored_at": null,
            "restored_by": "",
            "scheduled_reclaim_at": null,
            "scheduled_reclaim_by": "",
            "service": "logdna",
            "service_endpoints": null,
            "state": "active",
            "status": "active",
            "sub_type": "",
            "tags": [],
            "target_crn": "crn:v1:bluemix:public:globalcatalog::::deployment:209cbd52-f3e2-47cb-94ce-6b84fafcf22b%3Aeu-de11868",
            "timeouts": {
              "create": "15m",
              "delete": "15m",
              "update": "15m"
            },
            "type": "service_instance",
            "update_at": "2022-12-13T23:45:58.301Z",
            "update_by": ""
          },
          "sensitive_attributes": [],
          "private": "eyJlMmJmYjczMC1lY2FhLTExZTYtOGY4OC0zNDM2M2JjN2M0YzAiOnsiY3JlYXRlIjo5MDAwMDAwMDAwMDAsImRlbGV0ZSI6OTAwMDAwMDAwMDAwLCJ1cGRhdGUiOjkwMDAwMDAwMDAwMH19",
          "dependencies": [
            "module.logdna.data.ibm_resource_group.resource_group",
            "module.logdna.null_resource.print_names",
            "module.resource_group.module.clis.data.external.setup-binaries",
            "module.resource_group.module.clis.null_resource.print",
            "module.resource_group.module.clis.random_string.uuid",
            "module.resource_group.null_resource.resource_group",
            "module.resource_group.null_resource.volumes",
            "module.resource_group.null_resource.wait_for_sync",
            "module.resource_group.random_uuid.tag"
          ]
        }
      ]
    },
    {
      "module": "module.logdna",
      "mode": "managed",
      "type": "ibm_resource_key",
      "name": "logdna_instance_key",
      "provider": "provider[\"registry.terraform.io/ibm-cloud/ibm\"]",
      "instances": [
        {
          "schema_version": 0,
          "attributes": {
            "account_id": "f2d7386c3c18406b9e2eed413aa7d007",
            "created_at": "2022-12-13T23:46:13.315Z",
            "created_by": "IBMid-310001S8XR",
            "credentials": {
              "apikey": "Now--GrWpO2xQ9vjWRLH1kdkN-MX3qcgToB8UWr5y5oo",
              "iam_apikey_description": "Auto-generated for key crn:v1:bluemix:public:logdna:eu-de:a/f2d7386c3c18406b9e2eed413aa7d007:99a7f9f6-cb69-429c-afe2-c27fef0db032:resource-key:301ebafe-959c-4470-8349-8e5493ea279d",
              "iam_apikey_name": "dev_sf_service-logging-key",
              "iam_role_crn": "crn:v1:bluemix:public:iam::::serviceRole:Manager",
              "iam_serviceid_crn": "crn:v1:bluemix:public:iam-identity::a/f2d7386c3c18406b9e2eed413aa7d007::serviceid:ServiceId-4df1aaf9-e61f-4d6e-b010-615614bd6339",
              "ingestion_key": "1636231dda48c3ea4aa4f044e8b67879",
              "service_key": "7b06b0eb94c84aa79ebf06a4c6a2a9dc"
            },
            "credentials_json": "{\"apikey\":\"Now--GrWpO2xQ9vjWRLH1kdkN-MX3qcgToB8UWr5y5oo\",\"iam_apikey_description\":\"Auto-generated for key crn:v1:bluemix:public:logdna:eu-de:a/f2d7386c3c18406b9e2eed413aa7d007:99a7f9f6-cb69-429c-afe2-c27fef0db032:resource-key:301ebafe-959c-4470-8349-8e5493ea279d\",\"iam_apikey_name\":\"dev_sf_service-logging-key\",\"iam_role_crn\":\"crn:v1:bluemix:public:iam::::serviceRole:Manager\",\"iam_serviceid_crn\":\"crn:v1:bluemix:public:iam-identity::a/f2d7386c3c18406b9e2eed413aa7d007::serviceid:ServiceId-4df1aaf9-e61f-4d6e-b010-615614bd6339\",\"ingestion_key\":\"1636231dda48c3ea4aa4f044e8b67879\",\"service_key\":\"7b06b0eb94c84aa79ebf06a4c6a2a9dc\"}",
            "crn": "crn:v1:bluemix:public:logdna:eu-de:a/f2d7386c3c18406b9e2eed413aa7d007:99a7f9f6-cb69-429c-afe2-c27fef0db032:resource-key:301ebafe-959c-4470-8349-8e5493ea279d",
            "deleted_at": "",
            "deleted_by": "",
            "guid": "301ebafe-959c-4470-8349-8e5493ea279d",
            "iam_compatible": true,
            "id": "crn:v1:bluemix:public:logdna:eu-de:a/f2d7386c3c18406b9e2eed413aa7d007:99a7f9f6-cb69-429c-afe2-c27fef0db032:resource-key:301ebafe-959c-4470-8349-8e5493ea279d",
            "name": "dev_sf_service-logging-key",
            "parameters": null,
            "resource_alias_id": null,
            "resource_group_id": "e999b6f0e8da434ba50b4beb97dc9ccb",
            "resource_instance_id": "crn:v1:bluemix:public:logdna:eu-de:a/f2d7386c3c18406b9e2eed413aa7d007:99a7f9f6-cb69-429c-afe2-c27fef0db032::",
            "resource_instance_url": "/v2/resource_instances/99a7f9f6-cb69-429c-afe2-c27fef0db032",
            "role": "Manager",
            "source_crn": "crn:v1:bluemix:public:logdna:eu-de:a/f2d7386c3c18406b9e2eed413aa7d007:99a7f9f6-cb69-429c-afe2-c27fef0db032::",
            "state": "active",
            "status": "active",
            "tags": null,
            "timeouts": {
              "create": "15m",
              "delete": "15m"
            },
            "updated_at": "2022-12-13T23:46:13.315Z",
            "updated_by": "",
            "url": "/v2/resource_keys/301ebafe-959c-4470-8349-8e5493ea279d"
          },
          "sensitive_attributes": [],
          "private": "eyJlMmJmYjczMC1lY2FhLTExZTYtOGY4OC0zNDM2M2JjN2M0YzAiOnsiY3JlYXRlIjo5MDAwMDAwMDAwMDAsImRlbGV0ZSI6OTAwMDAwMDAwMDAwfX0=",
          "dependencies": [
            "module.logdna.data.ibm_resource_group.resource_group",
            "module.logdna.data.ibm_resource_instance.instance",
            "module.logdna.ibm_resource_instance.logdna_instance",
            "module.logdna.null_resource.print_names",
            "module.resource_group.module.clis.data.external.setup-binaries",
            "module.resource_group.module.clis.null_resource.print",
            "module.resource_group.module.clis.random_string.uuid",
            "module.resource_group.null_resource.resource_group",
            "module.resource_group.null_resource.volumes",
            "module.resource_group.null_resource.wait_for_sync",
            "module.resource_group.random_uuid.tag"
          ]
        }
      ]
    },
    {
      "module": "module.logdna",
      "mode": "managed",
      "type": "null_resource",
      "name": "print_names",
      "provider": "provider[\"registry.terraform.io/hashicorp/null\"]",
      "instances": [
        {
          "schema_version": 0,
          "attributes": {
            "id": "3450503365365055896",
            "triggers": null
          },
          "sensitive_attributes": [],
          "dependencies": [
            "module.resource_group.module.clis.data.external.setup-binaries",
            "module.resource_group.module.clis.null_resource.print",
            "module.resource_group.module.clis.random_string.uuid",
            "module.resource_group.null_resource.resource_group",
            "module.resource_group.null_resource.volumes",
            "module.resource_group.null_resource.wait_for_sync",
            "module.resource_group.random_uuid.tag"
          ]
        }
      ]
    },
    {
      "module": "module.resource_group",
      "mode": "data",
      "type": "ibm_resource_group",
      "name": "resource_group",
      "provider": "provider[\"registry.terraform.io/ibm-cloud/ibm\"]",
      "instances": [
        {
          "schema_version": 0,
          "attributes": {
            "account_id": "f2d7386c3c18406b9e2eed413aa7d007",
            "created_at": "2022-12-13T23:45:52.415Z",
            "crn": "crn:v1:bluemix:public:resource-controller::a/f2d7386c3c18406b9e2eed413aa7d007::resource-group:e999b6f0e8da434ba50b4beb97dc9ccb",
            "id": "e999b6f0e8da434ba50b4beb97dc9ccb",
            "is_default": false,
            "name": "dev_sf",
            "payment_methods_url": null,
            "quota_id": "a3d7b8d01e261c24677937c29ab33f3c",
            "quota_url": "/v2/quota_definitions/a3d7b8d01e261c24677937c29ab33f3c",
            "resource_linkages": [],
            "state": "ACTIVE",
            "teams_url": null,
            "updated_at": "2022-12-13T23:45:52.415Z"
          },
          "sensitive_attributes": []
        }
      ]
    },
    {
      "module": "module.resource_group",
      "mode": "data",
      "type": "ibm_resource_tag",
      "name": "resource_group_tags",
      "provider": "provider[\"registry.terraform.io/ibm-cloud/ibm\"]",
      "instances": [
        {
          "schema_version": 0,
          "attributes": {
            "id": "2022-12-13 23:45:56.007247406 +0000 UTC",
            "resource_id": "crn:v1:bluemix:public:resource-controller::a/f2d7386c3c18406b9e2eed413aa7d007::resource-group:e999b6f0e8da434ba50b4beb97dc9ccb",
            "resource_type": "",
            "tag_type": "user",
            "tags": [
              "automation:59a85d06-5beb-e335-a8f8-4e3cb8b3c98f"
            ]
          },
          "sensitive_attributes": []
        }
      ]
    },
    {
      "module": "module.resource_group",
      "mode": "managed",
      "type": "null_resource",
      "name": "resource_group",
      "provider": "provider[\"registry.terraform.io/hashicorp/null\"]",
      "instances": [
        {
          "schema_version": 0,
          "attributes": {
            "id": "2005729235950992268",
            "triggers": {
              "AUTOMATION_TAG": "automation:59a85d06-5beb-e335-a8f8-4e3cb8b3c98f",
              "BIN_DIR": "/home/anton/code/workspaces/current/105-ibm-vpc-openshift/bin2",
              "IBMCLOUD_API_KEY": "MDZQYjBTemgzSUEzU3piMTBHOVBDMXFvMEZKX21sU0l1M3BXNmU3N2xIUmc=",
              "RESOURCE_GROUP_NAME": "dev_sf"
            }
          },
          "sensitive_attributes": [],
          "dependencies": [
            "module.resource_group.module.clis.data.external.setup-binaries",
            "module.resource_group.module.clis.null_resource.print",
            "module.resource_group.module.clis.random_string.uuid",
            "module.resource_group.null_resource.wait_for_sync",
            "module.resource_group.random_uuid.tag"
          ]
        }
      ]
    },
    {
      "module": "module.resource_group",
      "mode": "managed",
      "type": "null_resource",
      "name": "volumes",
      "provider": "provider[\"registry.terraform.io/hashicorp/null\"]",
      "instances": [
        {
          "schema_version": 0,
          "attributes": {
            "id": "6376099779966087461",
            "triggers": {
              "automation_tag": "automation:59a85d06-5beb-e335-a8f8-4e3cb8b3c98f",
              "bin_dir": "/home/anton/code/workspaces/current/105-ibm-vpc-openshift/bin2",
              "ibmcloud_api_key": "06Pb0Szh3IA3Szb10G9PC1qo0FJ_mlSIu3pW6e77lHRg",
              "purge_volumes": "false",
              "resource_group_name": "dev_sf",
              "tmp_dir": "/home/anton/code/workspaces/current/105-ibm-vpc-openshift/.tmp/resource-group"
            }
          },
          "sensitive_attributes": [],
          "dependencies": [
            "module.resource_group.module.clis.data.external.setup-binaries",
            "module.resource_group.module.clis.null_resource.print",
            "module.resource_group.module.clis.random_string.uuid",
            "module.resource_group.null_resource.resource_group",
            "module.resource_group.null_resource.wait_for_sync",
            "module.resource_group.random_uuid.tag"
          ]
        }
      ]
    },
    {
      "module": "module.resource_group",
      "mode": "managed",
      "type": "null_resource",
      "name": "wait_for_sync",
      "provider": "provider[\"registry.terraform.io/hashicorp/null\"]",
      "instances": [
        {
          "schema_version": 0,
          "attributes": {
            "id": "7994284866964499007",
            "triggers": null
          },
          "sensitive_attributes": []
        }
      ]
    },
    {
      "module": "module.resource_group",
      "mode": "managed",
      "type": "random_uuid",
      "name": "tag",
      "provider": "provider[\"registry.terraform.io/hashicorp/random\"]",
      "instances": [
        {
          "schema_version": 0,
          "attributes": {
            "id": "59a85d06-5beb-e335-a8f8-4e3cb8b3c98f",
            "keepers": null,
            "result": "59a85d06-5beb-e335-a8f8-4e3cb8b3c98f"
          },
          "sensitive_attributes": []
        }
      ]
    },
    {
      "module": "module.resource_group.module.clis",
      "mode": "data",
      "type": "external",
      "name": "setup-binaries",
      "provider": "provider[\"registry.terraform.io/hashicorp/external\"]",
      "instances": [
        {
          "schema_version": 0,
          "attributes": {
            "id": "-",
            "program": [
              "bash",
              ".terraform/modules/resource_group.clis/scripts/setup-binaries.sh"
            ],
            "query": {
              "bin_dir": "/home/anton/code/workspaces/current/105-ibm-vpc-openshift/bin2",
              "clis": "yq,jq,igc",
              "uuid": "bcfcfvntmucfuxfh"
            },
            "result": {
              "bin_dir": "/home/anton/code/workspaces/current/105-ibm-vpc-openshift/bin2",
              "message": "success",
              "status": "success",
              "type": ""
            },
            "working_dir": null
          },
          "sensitive_attributes": []
        }
      ]
    },
    {
      "module": "module.resource_group.module.clis",
      "mode": "managed",
      "type": "null_resource",
      "name": "print",
      "provider": "provider[\"registry.terraform.io/hashicorp/null\"]",
      "instances": [
        {
          "schema_version": 0,
          "attributes": {
            "id": "148885437645691319",
            "triggers": null
          },
          "sensitive_attributes": []
        }
      ]
    },
    {
      "module": "module.resource_group.module.clis",
      "mode": "managed",
      "type": "random_string",
      "name": "uuid",
      "provider": "provider[\"registry.terraform.io/hashicorp/random\"]",
      "instances": [
        {
          "schema_version": 2,
          "attributes": {
            "id": "bcfcfvntmucfuxfh",
            "keepers": null,
            "length": 16,
            "lower": true,
            "min_lower": 0,
            "min_numeric": 0,
            "min_special": 0,
            "min_upper": 0,
            "number": false,
            "numeric": false,
            "override_special": null,
            "result": "bcfcfvntmucfuxfh",
            "special": false,
            "upper": false
          },
          "sensitive_attributes": []
        }
      ]
    },
    {
      "module": "module.sysdig",
      "mode": "data",
      "type": "ibm_resource_group",
      "name": "tools_resource_group",
      "provider": "provider[\"registry.terraform.io/ibm-cloud/ibm\"]",
      "instances": [
        {
          "schema_version": 0,
          "attributes": {
            "account_id": "f2d7386c3c18406b9e2eed413aa7d007",
            "created_at": "2022-12-13T23:45:52.415Z",
            "crn": "crn:v1:bluemix:public:resource-controller::a/f2d7386c3c18406b9e2eed413aa7d007::resource-group:e999b6f0e8da434ba50b4beb97dc9ccb",
            "id": "e999b6f0e8da434ba50b4beb97dc9ccb",
            "is_default": false,
            "name": "dev_sf",
            "payment_methods_url": null,
            "quota_id": "a3d7b8d01e261c24677937c29ab33f3c",
            "quota_url": "/v2/quota_definitions/a3d7b8d01e261c24677937c29ab33f3c",
            "resource_linkages": [],
            "state": "ACTIVE",
            "teams_url": null,
            "updated_at": "2022-12-13T23:45:52.415Z"
          },
          "sensitive_attributes": []
        }
      ]
    },
    {
      "module": "module.sysdig",
      "mode": "data",
      "type": "ibm_resource_instance",
      "name": "sysdig_instance",
      "provider": "provider[\"registry.terraform.io/ibm-cloud/ibm\"]",
      "instances": [
        {
          "schema_version": 0,
          "attributes": {
            "crn": "crn:v1:bluemix:public:sysdig-monitor:eu-de:a/f2d7386c3c18406b9e2eed413aa7d007:e009e84b-a031-498a-93b5-a92518429546::",
            "extensions": {},
            "guid": "e009e84b-a031-498a-93b5-a92518429546",
            "id": "crn:v1:bluemix:public:sysdig-monitor:eu-de:a/f2d7386c3c18406b9e2eed413aa7d007:e009e84b-a031-498a-93b5-a92518429546::",
            "location": "eu-de",
            "name": "dev_sf_service-monitoring",
            "plan": "graduated-tier",
            "resource_controller_url": "https://cloud.ibm.com/services/",
            "resource_crn": "crn:v1:bluemix:public:sysdig-monitor:eu-de:a/f2d7386c3c18406b9e2eed413aa7d007:e009e84b-a031-498a-93b5-a92518429546::",
            "resource_group_id": "e999b6f0e8da434ba50b4beb97dc9ccb",
            "resource_group_name": "",
            "resource_name": "dev_sf_service-monitoring",
            "resource_status": "active",
            "service": "sysdig-monitor",
            "status": "active",
            "tags": []
          },
          "sensitive_attributes": []
        }
      ]
    },
    {
      "module": "module.sysdig",
      "mode": "managed",
      "type": "ibm_resource_instance",
      "name": "sysdig_instance",
      "provider": "provider[\"registry.terraform.io/ibm-cloud/ibm\"]",
      "instances": [
        {
          "index_key": 0,
          "schema_version": 0,
          "attributes": {
            "account_id": "f2d7386c3c18406b9e2eed413aa7d007",
            "allow_cleanup": false,
            "created_at": "2022-12-13T23:45:57.478Z",
            "created_by": "IBMid-310001S8XR",
            "crn": "crn:v1:bluemix:public:sysdig-monitor:eu-de:a/f2d7386c3c18406b9e2eed413aa7d007:e009e84b-a031-498a-93b5-a92518429546::",
            "dashboard_url": "https://eu-de.monitoring.cloud.ibm.com/api/oauth/openid/IBM/f2d7386c3c18406b9e2eed413aa7d007/e009e84b-a031-498a-93b5-a92518429546",
            "deleted_at": null,
            "deleted_by": "",
            "extensions": {},
            "guid": "e009e84b-a031-498a-93b5-a92518429546",
            "id": "crn:v1:bluemix:public:sysdig-monitor:eu-de:a/f2d7386c3c18406b9e2eed413aa7d007:e009e84b-a031-498a-93b5-a92518429546::",
            "last_operation": {
              "async": "false",
              "cancelable": "false",
              "description": "Completed create instance operation",
              "poll": "false",
              "state": "succeeded",
              "type": "create"
            },
            "location": "eu-de",
            "locked": false,
            "name": "dev_sf_service-monitoring",
            "parameters": null,
            "parameters_json": null,
            "plan": "graduated-tier",
            "plan_history": [
              {
                "resource_plan_id": "231bb072-1b2f-4d7e-ae9e-9574d382be32",
                "start_date": "2022-12-13T23:45:57.478Z"
              }
            ],
            "resource_aliases_url": "/v2/resource_instances/e009e84b-a031-498a-93b5-a92518429546/resource_aliases",
            "resource_bindings_url": "/v2/resource_instances/e009e84b-a031-498a-93b5-a92518429546/resource_bindings",
            "resource_controller_url": "https://cloud.ibm.com/services/",
            "resource_crn": "crn:v1:bluemix:public:sysdig-monitor:eu-de:a/f2d7386c3c18406b9e2eed413aa7d007:e009e84b-a031-498a-93b5-a92518429546::",
            "resource_group_crn": "crn:v1:bluemix:public:resource-controller::a/f2d7386c3c18406b9e2eed413aa7d007::resource-group:e999b6f0e8da434ba50b4beb97dc9ccb",
            "resource_group_id": "e999b6f0e8da434ba50b4beb97dc9ccb",
            "resource_group_name": "crn:v1:bluemix:public:resource-controller::a/f2d7386c3c18406b9e2eed413aa7d007::resource-group:e999b6f0e8da434ba50b4beb97dc9ccb",
            "resource_id": "090c2c10-8c38-11e8-bec2-493df9c49eb8",
            "resource_keys_url": "/v2/resource_instances/e009e84b-a031-498a-93b5-a92518429546/resource_keys",
            "resource_name": "dev_sf_service-monitoring",
            "resource_plan_id": "231bb072-1b2f-4d7e-ae9e-9574d382be32",
            "resource_status": "active",
            "restored_at": null,
            "restored_by": "",
            "scheduled_reclaim_at": null,
            "scheduled_reclaim_by": "",
            "service": "sysdig-monitor",
            "service_endpoints": null,
            "state": "active",
            "status": "active",
            "sub_type": "",
            "tags": [],
            "target_crn": "crn:v1:bluemix:public:globalcatalog::::deployment:231bb072-1b2f-4d7e-ae9e-9574d382be32%3Aeu-de82714",
            "timeouts": {
              "create": "15m",
              "delete": "15m",
              "update": "15m"
            },
            "type": "service_instance",
            "update_at": "2022-12-13T23:45:59.663Z",
            "update_by": ""
          },
          "sensitive_attributes": [],
          "private": "eyJlMmJmYjczMC1lY2FhLTExZTYtOGY4OC0zNDM2M2JjN2M0YzAiOnsiY3JlYXRlIjo5MDAwMDAwMDAwMDAsImRlbGV0ZSI6OTAwMDAwMDAwMDAwLCJ1cGRhdGUiOjkwMDAwMDAwMDAwMH19",
          "dependencies": [
            "module.resource_group.module.clis.data.external.setup-binaries",
            "module.resource_group.module.clis.null_resource.print",
            "module.resource_group.module.clis.random_string.uuid",
            "module.resource_group.null_resource.resource_group",
            "module.resource_group.null_resource.volumes",
            "module.resource_group.null_resource.wait_for_sync",
            "module.resource_group.random_uuid.tag",
            "module.sysdig.data.ibm_resource_group.tools_resource_group",
            "module.sysdig.null_resource.print_names"
          ]
        }
      ]
    },
    {
      "module": "module.sysdig",
      "mode": "managed",
      "type": "ibm_resource_key",
      "name": "sysdig_instance_key",
      "provider": "provider[\"registry.terraform.io/ibm-cloud/ibm\"]",
      "instances": [
        {
          "schema_version": 0,
          "attributes": {
            "account_id": "f2d7386c3c18406b9e2eed413aa7d007",
            "created_at": "2022-12-13T23:46:14.438Z",
            "created_by": "IBMid-310001S8XR",
            "credentials": {
              "Sysdig Access Key": "cf2aabd5-4314-4301-ad26-0d52f27f7303",
              "Sysdig Collector Endpoint": "ingest.eu-de.monitoring.cloud.ibm.com",
              "Sysdig Customer Id": "53958",
              "Sysdig Endpoint": "https://eu-de.monitoring.cloud.ibm.com",
              "apikey": "GxcU2buQ_NINMHbZIJBPOjVX56tgmnxELhznWl4zvIK5",
              "iam_apikey_description": "Auto-generated for key crn:v1:bluemix:public:sysdig-monitor:eu-de:a/f2d7386c3c18406b9e2eed413aa7d007:e009e84b-a031-498a-93b5-a92518429546:resource-key:26829689-a1a4-4fbb-9a84-96c130fb5d4e",
              "iam_apikey_name": "dev_sf_service-monitoring-key",
              "iam_role_crn": "crn:v1:bluemix:public:iam::::serviceRole:Manager",
              "iam_serviceid_crn": "crn:v1:bluemix:public:iam-identity::a/f2d7386c3c18406b9e2eed413aa7d007::serviceid:ServiceId-9523f20c-6730-4890-a40d-23a165eec25a"
            },
            "credentials_json": "{\"Sysdig Access Key\":\"cf2aabd5-4314-4301-ad26-0d52f27f7303\",\"Sysdig Collector Endpoint\":\"ingest.eu-de.monitoring.cloud.ibm.com\",\"Sysdig Customer Id\":53958,\"Sysdig Endpoint\":\"https://eu-de.monitoring.cloud.ibm.com\",\"apikey\":\"GxcU2buQ_NINMHbZIJBPOjVX56tgmnxELhznWl4zvIK5\",\"iam_apikey_description\":\"Auto-generated for key crn:v1:bluemix:public:sysdig-monitor:eu-de:a/f2d7386c3c18406b9e2eed413aa7d007:e009e84b-a031-498a-93b5-a92518429546:resource-key:26829689-a1a4-4fbb-9a84-96c130fb5d4e\",\"iam_apikey_name\":\"dev_sf_service-monitoring-key\",\"iam_role_crn\":\"crn:v1:bluemix:public:iam::::serviceRole:Manager\",\"iam_serviceid_crn\":\"crn:v1:bluemix:public:iam-identity::a/f2d7386c3c18406b9e2eed413aa7d007::serviceid:ServiceId-9523f20c-6730-4890-a40d-23a165eec25a\"}",
            "crn": "crn:v1:bluemix:public:sysdig-monitor:eu-de:a/f2d7386c3c18406b9e2eed413aa7d007:e009e84b-a031-498a-93b5-a92518429546:resource-key:26829689-a1a4-4fbb-9a84-96c130fb5d4e",
            "deleted_at": "",
            "deleted_by": "",
            "guid": "26829689-a1a4-4fbb-9a84-96c130fb5d4e",
            "iam_compatible": true,
            "id": "crn:v1:bluemix:public:sysdig-monitor:eu-de:a/f2d7386c3c18406b9e2eed413aa7d007:e009e84b-a031-498a-93b5-a92518429546:resource-key:26829689-a1a4-4fbb-9a84-96c130fb5d4e",
            "name": "dev_sf_service-monitoring-key",
            "parameters": null,
            "resource_alias_id": null,
            "resource_group_id": "e999b6f0e8da434ba50b4beb97dc9ccb",
            "resource_instance_id": "crn:v1:bluemix:public:sysdig-monitor:eu-de:a/f2d7386c3c18406b9e2eed413aa7d007:e009e84b-a031-498a-93b5-a92518429546::",
            "resource_instance_url": "/v2/resource_instances/e009e84b-a031-498a-93b5-a92518429546",
            "role": "Manager",
            "source_crn": "crn:v1:bluemix:public:sysdig-monitor:eu-de:a/f2d7386c3c18406b9e2eed413aa7d007:e009e84b-a031-498a-93b5-a92518429546::",
            "state": "active",
            "status": "active",
            "tags": null,
            "timeouts": {
              "create": "15m",
              "delete": "15m"
            },
            "updated_at": "2022-12-13T23:46:14.438Z",
            "updated_by": "",
            "url": "/v2/resource_keys/26829689-a1a4-4fbb-9a84-96c130fb5d4e"
          },
          "sensitive_attributes": [],
          "private": "eyJlMmJmYjczMC1lY2FhLTExZTYtOGY4OC0zNDM2M2JjN2M0YzAiOnsiY3JlYXRlIjo5MDAwMDAwMDAwMDAsImRlbGV0ZSI6OTAwMDAwMDAwMDAwfX0=",
          "dependencies": [
            "module.resource_group.module.clis.data.external.setup-binaries",
            "module.resource_group.module.clis.null_resource.print",
            "module.resource_group.module.clis.random_string.uuid",
            "module.resource_group.null_resource.resource_group",
            "module.resource_group.null_resource.volumes",
            "module.resource_group.null_resource.wait_for_sync",
            "module.resource_group.random_uuid.tag",
            "module.sysdig.data.ibm_resource_group.tools_resource_group",
            "module.sysdig.data.ibm_resource_instance.sysdig_instance",
            "module.sysdig.ibm_resource_instance.sysdig_instance",
            "module.sysdig.null_resource.print_names"
          ]
        }
      ]
    },
    {
      "module": "module.sysdig",
      "mode": "managed",
      "type": "null_resource",
      "name": "print_names",
      "provider": "provider[\"registry.terraform.io/hashicorp/null\"]",
      "instances": [
        {
          "schema_version": 0,
          "attributes": {
            "id": "9094804841565544223",
            "triggers": null
          },
          "sensitive_attributes": [],
          "dependencies": [
            "module.resource_group.module.clis.data.external.setup-binaries",
            "module.resource_group.module.clis.null_resource.print",
            "module.resource_group.module.clis.random_string.uuid",
            "module.resource_group.null_resource.resource_group",
            "module.resource_group.null_resource.volumes",
            "module.resource_group.null_resource.wait_for_sync",
            "module.resource_group.random_uuid.tag"
          ]
        }
      ]
    },
    {
      "module": "module.sysdig-bind",
      "mode": "managed",
      "type": "null_resource",
      "name": "print_names",
      "provider": "provider[\"registry.terraform.io/hashicorp/null\"]",
      "instances": [
        {
          "schema_version": 0,
          "attributes": {
            "id": "777839097754722855",
            "triggers": null
          },
          "sensitive_attributes": [],
          "dependencies": [
            "module.resource_group.module.clis.data.external.setup-binaries",
            "module.resource_group.module.clis.null_resource.print",
            "module.resource_group.module.clis.random_string.uuid",
            "module.resource_group.null_resource.resource_group",
            "module.resource_group.null_resource.volumes",
            "module.resource_group.null_resource.wait_for_sync",
            "module.resource_group.random_uuid.tag",
            "module.sysdig.data.ibm_resource_group.tools_resource_group",
            "module.sysdig.data.ibm_resource_instance.sysdig_instance",
            "module.sysdig.ibm_resource_instance.sysdig_instance",
            "module.sysdig.null_resource.print_names"
          ]
        }
      ]
    },
    {
      "module": "module.sysdig-bind",
      "mode": "managed",
      "type": "null_resource",
      "name": "sysdig_bind",
      "provider": "provider[\"registry.terraform.io/hashicorp/null\"]",
      "instances": [
        {
          "index_key": 0,
          "schema_version": 0,
          "attributes": {
            "id": "7478256323975398701",
            "triggers": {
              "bin_dir": "/home/anton/code/workspaces/current/105-ibm-vpc-openshift/bin2",
              "cluster_id": "cecgtqdf00qdkg190040",
              "ibmcloud_api_key": "06Pb0Szh3IA3Szb10G9PC1qo0FJ_mlSIu3pW6e77lHRg",
              "instance_id": "e009e84b-a031-498a-93b5-a92518429546",
              "region": "eu-de",
              "resource_group_name": "dev_sf"
            }
          },
          "sensitive_attributes": [
            [
              {
                "type": "get_attr",
                "value": "triggers"
              },
              {
                "type": "index",
                "value": {
                  "value": "ibmcloud_api_key",
                  "type": "string"
                }
              }
            ]
          ],
          "dependencies": [
            "module.cluster.data.ibm_container_vpc_cluster.config",
            "module.cluster.data.ibm_is_subnet.vpc_subnet",
            "module.cluster.data.ibm_is_vpc.vpc",
            "module.cluster.data.ibm_resource_group.resource_group",
            "module.cluster.ibm_container_vpc_cluster.cluster",
            "module.cluster.ibm_is_network_acl_rule.rules",
            "module.cluster.ibm_is_security_group_rule.rule_tcp_k8s",
            "module.cluster.null_resource.print_resources",
            "module.cluster_subnets.data.ibm_is_subnet.vpc_subnet",
            "module.cluster_subnets.data.ibm_is_vpc.vpc",
            "module.cluster_subnets.data.ibm_resource_group.resource_group",
            "module.cluster_subnets.ibm_is_network_acl.subnet_acl",
            "module.cluster_subnets.ibm_is_subnet.vpc_subnets",
            "module.cluster_subnets.null_resource.print_names",
            "module.cos.data.external.instance",
            "module.cos.data.ibm_resource_group.resource_group",
            "module.cos.data.ibm_resource_instance.cos_instance",
            "module.cos.ibm_resource_instance.cos_instance",
            "module.cos.ibm_resource_key.cos_credentials",
            "module.cos.module.clis.data.external.setup-binaries",
            "module.cos.module.clis.null_resource.print",
            "module.cos.module.clis.random_string.uuid",
            "module.cos.null_resource.print_names",
            "module.ibm-vpc-gateways.data.ibm_is_public_gateway.vpc_gateway",
            "module.ibm-vpc-gateways.data.ibm_is_vpc.vpc",
            "module.ibm-vpc-gateways.ibm_is_public_gateway.vpc_gateway",
            "module.ibm-vpc-gateways.null_resource.print_names",
            "module.ibm-vpc.data.ibm_resource_group.resource_group",
            "module.ibm-vpc.ibm_is_vpc.vpc",
            "module.ibm-vpc.ibm_is_vpc_address_prefix.cidr_prefix",
            "module.ibm-vpc.null_resource.print_names",
            "module.resource_group.data.ibm_resource_group.resource_group",
            "module.resource_group.module.clis.data.external.setup-binaries",
            "module.resource_group.module.clis.null_resource.print",
            "module.resource_group.module.clis.random_string.uuid",
            "module.resource_group.null_resource.resource_group",
            "module.resource_group.null_resource.volumes",
            "module.resource_group.null_resource.wait_for_sync",
            "module.resource_group.random_uuid.tag",
            "module.sysdig-bind.module.setup_clis.data.external.setup-binaries",
            "module.sysdig-bind.module.setup_clis.null_resource.print",
            "module.sysdig-bind.module.setup_clis.random_string.uuid",
            "module.sysdig.data.ibm_resource_group.tools_resource_group",
            "module.sysdig.data.ibm_resource_instance.sysdig_instance",
            "module.sysdig.ibm_resource_instance.sysdig_instance",
            "module.sysdig.ibm_resource_key.sysdig_instance_key",
            "module.sysdig.null_resource.print_names"
          ]
        }
      ]
    },
    {
      "module": "module.sysdig-bind.module.setup_clis",
      "mode": "data",
      "type": "external",
      "name": "setup-binaries",
      "provider": "provider[\"registry.terraform.io/hashicorp/external\"]",
      "instances": [
        {
          "schema_version": 0,
          "attributes": {
            "id": "-",
            "program": [
              "bash",
              ".terraform/modules/sysdig-bind.setup_clis/scripts/setup-binaries.sh"
            ],
            "query": {
              "bin_dir": "/home/anton/code/workspaces/current/105-ibm-vpc-openshift/bin2",
              "clis": "ibmcloud-ob",
              "uuid": "pzzehbvdlsnjfran"
            },
            "result": {
              "bin_dir": "/home/anton/code/workspaces/current/105-ibm-vpc-openshift/bin2",
              "message": "success",
              "status": "success",
              "type": ""
            },
            "working_dir": null
          },
          "sensitive_attributes": []
        }
      ]
    },
    {
      "module": "module.sysdig-bind.module.setup_clis",
      "mode": "managed",
      "type": "null_resource",
      "name": "print",
      "provider": "provider[\"registry.terraform.io/hashicorp/null\"]",
      "instances": [
        {
          "schema_version": 0,
          "attributes": {
            "id": "2001692946954727021",
            "triggers": null
          },
          "sensitive_attributes": []
        }
      ]
    },
    {
      "module": "module.sysdig-bind.module.setup_clis",
      "mode": "managed",
      "type": "random_string",
      "name": "uuid",
      "provider": "provider[\"registry.terraform.io/hashicorp/random\"]",
      "instances": [
        {
          "schema_version": 2,
          "attributes": {
            "id": "pzzehbvdlsnjfran",
            "keepers": null,
            "length": 16,
            "lower": true,
            "min_lower": 0,
            "min_numeric": 0,
            "min_special": 0,
            "min_upper": 0,
            "number": false,
            "numeric": false,
            "override_special": null,
            "result": "pzzehbvdlsnjfran",
            "special": false,
            "upper": false
          },
          "sensitive_attributes": []
        }
      ]
    }
  ]
}
